Microsoft Visual Studio Solution File, Format Version 12.00
# Visual Studio 2012
Project("{FAE04EC0-301F-11D3-BF4B-00C04F79EFBC}") = "Microsoft.PlayerFramework.Js", "Win8.Js\Microsoft.PlayerFramework.Js.csproj", "{F8AB551F-EFA0-4FC9-A753-340444A6DF39}"
EndProject
Project("{FAE04EC0-301F-11D3-BF4B-00C04F79EFBC}") = "Microsoft.PlayerFramework.Js.Adaptive", "Win8.Js.Adaptive\Microsoft.PlayerFramework.Js.Adaptive.csproj", "{9DFC852E-EE46-460F-9681-05702EC76A19}"
EndProject
Project("{FAE04EC0-301F-11D3-BF4B-00C04F79EFBC}") = "Microsoft.PlayerFramework.Js.TimedText", "Win8.Js.TimedText\Microsoft.PlayerFramework.Js.TimedText.csproj", "{8A4C789C-9237-4E65-B632-7D98A2C52D1E}"
EndProject
Project("{FAE04EC0-301F-11D3-BF4B-00C04F79EFBC}") = "Microsoft.PlayerFramework.Js.Advertising", "Win8.Js.Advertising\Microsoft.PlayerFramework.Js.Advertising.csproj", "{1CA43F12-07FC-4A81-9AAC-47FF9B7B2A1A}"
EndProject
Project("{FAE04EC0-301F-11D3-BF4B-00C04F79EFBC}") = "Microsoft.VideoAdvertising", "Win8.VideoAdvertising\Microsoft.VideoAdvertising.csproj", "{F863EDC6-2886-4D39-A578-89F4FF729D82}"
EndProject
Project("{FAE04EC0-301F-11D3-BF4B-00C04F79EFBC}") = "Microsoft.AdaptiveStreaming", "Win8.AdaptiveStreaming\Microsoft.AdaptiveStreaming.csproj", "{B252FC20-5150-43D0-BB77-802DF3231EF1}"
EndProject
Project("{2150E333-8FDC-42A3-9474-1A3956D46DE8}") = "Samples", "Samples", "{FA4421CB-C729-456D-89AC-062AF17E22B3}"
EndProject
Project("{262852C6-CD72-467D-83FE-5EEB1973A190}") = "Channel9Sample", "Win8.Js.Channel9Sample\Channel9Sample.jsproj", "{206C16D2-8380-4DF5-AEC1-11F715DEFA59}"
EndProject
Project("{262852C6-CD72-467D-83FE-5EEB1973A190}") = "LocalizationSample", "Win8.Js.LocalizationSample\LocalizationSample.jsproj", "{142206CF-738E-46FC-A510-631BC4ABE92C}"
EndProject
Project("{262852C6-CD72-467D-83FE-5EEB1973A190}") = "MediaPlayerSamples", "Win8.Js.MediaPlayerSamples\MediaPlayerSamples.jsproj", "{D522AD8C-6BA6-4C76-BC10-D26E5E2FD230}"
EndProject
Project("{FAE04EC0-301F-11D3-BF4B-00C04F79EFBC}") = "ZLib", "Lib\Portable\ZLib\ZLib.csproj", "{2D385553-240D-4F31-A78F-72686BB2613B}"
EndProject
Project("{2150E333-8FDC-42A3-9474-1A3956D46DE8}") = "Lib", "Lib", "{8FFCB28A-52C7-49E1-B6A0-60CF046C8A8A}"
EndProject
Project("{FAE04EC0-301F-11D3-BF4B-00C04F79EFBC}") = "Microsoft.VideoAnalytics", "Win8.VideoAnalytics\Microsoft.VideoAnalytics.csproj", "{961CE8EE-F4BE-403F-AC06-A53CE1C7CE4C}"
EndProject
Project("{FAE04EC0-301F-11D3-BF4B-00C04F79EFBC}") = "Microsoft.AdaptiveStreaming.Analytics", "Win8.AdaptiveStreaming.Analytics\Microsoft.AdaptiveStreaming.Analytics.csproj", "{BFD7F8CB-C154-43E8-9647-D1F8005F71AB}"
EndProject
Project("{FAE04EC0-301F-11D3-BF4B-00C04F79EFBC}") = "Microsoft.PlayerFramework.Js.Analytics", "Win8.Js.Analytics\Microsoft.PlayerFramework.Js.Analytics.csproj", "{F1A93705-2ED4-4ADE-B936-995D4C6BE80A}"
EndProject
Project("{FAE04EC0-301F-11D3-BF4B-00C04F79EFBC}") = "Microsoft.Media.ISO", "Lib\Portable\Microsoft.Media.ISO\Microsoft.Media.ISO.csproj", "{F5B18650-60CD-409F-9D64-63DE7B8BF0DA}"
EndProject
Project("{FAE04EC0-301F-11D3-BF4B-00C04F79EFBC}") = "Microsoft.AdaptiveStreaming.Dash", "Win8.AdaptiveStreaming.Dash\Microsoft.AdaptiveStreaming.Dash.csproj", "{7DF397B9-FB55-42DB-A5B7-AD012D188953}"
EndProject
Project("{FAE04EC0-301F-11D3-BF4B-00C04F79EFBC}") = "Microsoft.AudienceInsight", "Win8.AudienceInsight\Microsoft.AudienceInsight.csproj", "{8A4F6324-1C42-46FB-915A-057C8DEAEA4E}"
EndProject
Project("{FAE04EC0-301F-11D3-BF4B-00C04F79EFBC}") = "Microsoft.VideoAnalytics.AudienceInsight", "Win8.VideoAnalytics.AudienceInsight\Microsoft.VideoAnalytics.AudienceInsight.csproj", "{AD0F55FE-D523-4BA0-9198-5CBA45DDCBCD}"
EndProject
Project("{FAE04EC0-301F-11D3-BF4B-00C04F79EFBC}") = "Microsoft.VideoAnalytics.VideoAdvertising", "Win8.VideoAnalytics.VideoAdvertising\Microsoft.VideoAnalytics.VideoAdvertising.csproj", "{95DFF5D9-BD94-494E-AD33-F20E45A339EB}"
EndProject
Global
	GlobalSection(SolutionConfigurationPlatforms) = preSolution
		Debug|Any CPU = Debug|Any CPU
		Debug|ARM = Debug|ARM
		Debug|Mixed Platforms = Debug|Mixed Platforms
		Debug|x64 = Debug|x64
		Debug|x86 = Debug|x86
		Release|Any CPU = Release|Any CPU
		Release|ARM = Release|ARM
		Release|Mixed Platforms = Release|Mixed Platforms
		Release|x64 = Release|x64
		Release|x86 = Release|x86
	EndGlobalSection
	GlobalSection(ProjectConfigurationPlatforms) = postSolution
		{F8AB551F-EFA0-4FC9-A753-340444A6DF39}.Debug|Any CPU.ActiveCfg = Debug|Any CPU
		{F8AB551F-EFA0-4FC9-A753-340444A6DF39}.Debug|Any CPU.Build.0 = Debug|Any CPU
		{F8AB551F-EFA0-4FC9-A753-340444A6DF39}.Debug|ARM.ActiveCfg = Debug|ARM
		{F8AB551F-EFA0-4FC9-A753-340444A6DF39}.Debug|ARM.Build.0 = Debug|ARM
		{F8AB551F-EFA0-4FC9-A753-340444A6DF39}.Debug|Mixed Platforms.ActiveCfg = Debug|x86
		{F8AB551F-EFA0-4FC9-A753-340444A6DF39}.Debug|Mixed Platforms.Build.0 = Debug|x86
		{F8AB551F-EFA0-4FC9-A753-340444A6DF39}.Debug|x64.ActiveCfg = Debug|x64
		{F8AB551F-EFA0-4FC9-A753-340444A6DF39}.Debug|x64.Build.0 = Debug|x64
		{F8AB551F-EFA0-4FC9-A753-340444A6DF39}.Debug|x86.ActiveCfg = Debug|x86
		{F8AB551F-EFA0-4FC9-A753-340444A6DF39}.Debug|x86.Build.0 = Debug|x86
		{F8AB551F-EFA0-4FC9-A753-340444A6DF39}.Release|Any CPU.ActiveCfg = Release|Any CPU
		{F8AB551F-EFA0-4FC9-A753-340444A6DF39}.Release|Any CPU.Build.0 = Release|Any CPU
		{F8AB551F-EFA0-4FC9-A753-340444A6DF39}.Release|ARM.ActiveCfg = Release|ARM
		{F8AB551F-EFA0-4FC9-A753-340444A6DF39}.Release|ARM.Build.0 = Release|ARM
		{F8AB551F-EFA0-4FC9-A753-340444A6DF39}.Release|Mixed Platforms.ActiveCfg = Release|x86
		{F8AB551F-EFA0-4FC9-A753-340444A6DF39}.Release|Mixed Platforms.Build.0 = Release|x86
		{F8AB551F-EFA0-4FC9-A753-340444A6DF39}.Release|x64.ActiveCfg = Release|x64
		{F8AB551F-EFA0-4FC9-A753-340444A6DF39}.Release|x64.Build.0 = Release|x64
		{F8AB551F-EFA0-4FC9-A753-340444A6DF39}.Release|x86.ActiveCfg = Release|x86
		{F8AB551F-EFA0-4FC9-A753-340444A6DF39}.Release|x86.Build.0 = Release|x86
		{9DFC852E-EE46-460F-9681-05702EC76A19}.Debug|Any CPU.ActiveCfg = Debug|x64
		{9DFC852E-EE46-460F-9681-05702EC76A19}.Debug|Any CPU.Build.0 = Debug|x64
		{9DFC852E-EE46-460F-9681-05702EC76A19}.Debug|ARM.ActiveCfg = Debug|ARM
		{9DFC852E-EE46-460F-9681-05702EC76A19}.Debug|ARM.Build.0 = Debug|ARM
		{9DFC852E-EE46-460F-9681-05702EC76A19}.Debug|Mixed Platforms.ActiveCfg = Debug|x86
		{9DFC852E-EE46-460F-9681-05702EC76A19}.Debug|Mixed Platforms.Build.0 = Debug|x86
		{9DFC852E-EE46-460F-9681-05702EC76A19}.Debug|x64.ActiveCfg = Debug|x64
		{9DFC852E-EE46-460F-9681-05702EC76A19}.Debug|x64.Build.0 = Debug|x64
		{9DFC852E-EE46-460F-9681-05702EC76A19}.Debug|x86.ActiveCfg = Debug|x86
		{9DFC852E-EE46-460F-9681-05702EC76A19}.Debug|x86.Build.0 = Debug|x86
		{9DFC852E-EE46-460F-9681-05702EC76A19}.Release|Any CPU.ActiveCfg = Release|x86
		{9DFC852E-EE46-460F-9681-05702EC76A19}.Release|Any CPU.Build.0 = Release|x86
		{9DFC852E-EE46-460F-9681-05702EC76A19}.Release|ARM.ActiveCfg = Release|ARM
		{9DFC852E-EE46-460F-9681-05702EC76A19}.Release|ARM.Build.0 = Release|ARM
		{9DFC852E-EE46-460F-9681-05702EC76A19}.Release|Mixed Platforms.ActiveCfg = Release|x86
		{9DFC852E-EE46-460F-9681-05702EC76A19}.Release|Mixed Platforms.Build.0 = Release|x86
		{9DFC852E-EE46-460F-9681-05702EC76A19}.Release|x64.ActiveCfg = Release|x64
		{9DFC852E-EE46-460F-9681-05702EC76A19}.Release|x64.Build.0 = Release|x64
		{9DFC852E-EE46-460F-9681-05702EC76A19}.Release|x86.ActiveCfg = Release|x86
		{9DFC852E-EE46-460F-9681-05702EC76A19}.Release|x86.Build.0 = Release|x86
		{8A4C789C-9237-4E65-B632-7D98A2C52D1E}.Debug|Any CPU.ActiveCfg = Debug|Any CPU
		{8A4C789C-9237-4E65-B632-7D98A2C52D1E}.Debug|Any CPU.Build.0 = Debug|Any CPU
		{8A4C789C-9237-4E65-B632-7D98A2C52D1E}.Debug|ARM.ActiveCfg = Debug|ARM
		{8A4C789C-9237-4E65-B632-7D98A2C52D1E}.Debug|ARM.Build.0 = Debug|ARM
		{8A4C789C-9237-4E65-B632-7D98A2C52D1E}.Debug|Mixed Platforms.ActiveCfg = Debug|x86
		{8A4C789C-9237-4E65-B632-7D98A2C52D1E}.Debug|Mixed Platforms.Build.0 = Debug|x86
		{8A4C789C-9237-4E65-B632-7D98A2C52D1E}.Debug|x64.ActiveCfg = Debug|x64
		{8A4C789C-9237-4E65-B632-7D98A2C52D1E}.Debug|x64.Build.0 = Debug|x64
		{8A4C789C-9237-4E65-B632-7D98A2C52D1E}.Debug|x86.ActiveCfg = Debug|x86
		{8A4C789C-9237-4E65-B632-7D98A2C52D1E}.Debug|x86.Build.0 = Debug|x86
		{8A4C789C-9237-4E65-B632-7D98A2C52D1E}.Release|Any CPU.ActiveCfg = Release|Any CPU
		{8A4C789C-9237-4E65-B632-7D98A2C52D1E}.Release|Any CPU.Build.0 = Release|Any CPU
		{8A4C789C-9237-4E65-B632-7D98A2C52D1E}.Release|ARM.ActiveCfg = Release|ARM
		{8A4C789C-9237-4E65-B632-7D98A2C52D1E}.Release|ARM.Build.0 = Release|ARM
		{8A4C789C-9237-4E65-B632-7D98A2C52D1E}.Release|Mixed Platforms.ActiveCfg = Release|x86
		{8A4C789C-9237-4E65-B632-7D98A2C52D1E}.Release|Mixed Platforms.Build.0 = Release|x86
		{8A4C789C-9237-4E65-B632-7D98A2C52D1E}.Release|x64.ActiveCfg = Release|x64
		{8A4C789C-9237-4E65-B632-7D98A2C52D1E}.Release|x64.Build.0 = Release|x64
		{8A4C789C-9237-4E65-B632-7D98A2C52D1E}.Release|x86.ActiveCfg = Release|x86
		{8A4C789C-9237-4E65-B632-7D98A2C52D1E}.Release|x86.Build.0 = Release|x86
		{1CA43F12-07FC-4A81-9AAC-47FF9B7B2A1A}.Debug|Any CPU.ActiveCfg = Debug|Any CPU
		{1CA43F12-07FC-4A81-9AAC-47FF9B7B2A1A}.Debug|Any CPU.Build.0 = Debug|Any CPU
		{1CA43F12-07FC-4A81-9AAC-47FF9B7B2A1A}.Debug|ARM.ActiveCfg = Debug|ARM
		{1CA43F12-07FC-4A81-9AAC-47FF9B7B2A1A}.Debug|ARM.Build.0 = Debug|ARM
		{1CA43F12-07FC-4A81-9AAC-47FF9B7B2A1A}.Debug|Mixed Platforms.ActiveCfg = Debug|x86
		{1CA43F12-07FC-4A81-9AAC-47FF9B7B2A1A}.Debug|Mixed Platforms.Build.0 = Debug|x86
		{1CA43F12-07FC-4A81-9AAC-47FF9B7B2A1A}.Debug|x64.ActiveCfg = Debug|x64
		{1CA43F12-07FC-4A81-9AAC-47FF9B7B2A1A}.Debug|x64.Build.0 = Debug|x64
		{1CA43F12-07FC-4A81-9AAC-47FF9B7B2A1A}.Debug|x86.ActiveCfg = Debug|x86
		{1CA43F12-07FC-4A81-9AAC-47FF9B7B2A1A}.Debug|x86.Build.0 = Debug|x86
		{1CA43F12-07FC-4A81-9AAC-47FF9B7B2A1A}.Release|Any CPU.ActiveCfg = Release|Any CPU
		{1CA43F12-07FC-4A81-9AAC-47FF9B7B2A1A}.Release|Any CPU.Build.0 = Release|Any CPU
		{1CA43F12-07FC-4A81-9AAC-47FF9B7B2A1A}.Release|ARM.ActiveCfg = Release|ARM
		{1CA43F12-07FC-4A81-9AAC-47FF9B7B2A1A}.Release|ARM.Build.0 = Release|ARM
		{1CA43F12-07FC-4A81-9AAC-47FF9B7B2A1A}.Release|Mixed Platforms.ActiveCfg = Release|x86
		{1CA43F12-07FC-4A81-9AAC-47FF9B7B2A1A}.Release|Mixed Platforms.Build.0 = Release|x86
		{1CA43F12-07FC-4A81-9AAC-47FF9B7B2A1A}.Release|x64.ActiveCfg = Release|x64
		{1CA43F12-07FC-4A81-9AAC-47FF9B7B2A1A}.Release|x64.Build.0 = Release|x64
		{1CA43F12-07FC-4A81-9AAC-47FF9B7B2A1A}.Release|x86.ActiveCfg = Release|x86
		{1CA43F12-07FC-4A81-9AAC-47FF9B7B2A1A}.Release|x86.Build.0 = Release|x86
		{F863EDC6-2886-4D39-A578-89F4FF729D82}.Debug|Any CPU.ActiveCfg = Debug|Any CPU
		{F863EDC6-2886-4D39-A578-89F4FF729D82}.Debug|Any CPU.Build.0 = Debug|Any CPU
		{F863EDC6-2886-4D39-A578-89F4FF729D82}.Debug|ARM.ActiveCfg = Debug|ARM
		{F863EDC6-2886-4D39-A578-89F4FF729D82}.Debug|ARM.Build.0 = Debug|ARM
		{F863EDC6-2886-4D39-A578-89F4FF729D82}.Debug|Mixed Platforms.ActiveCfg = Debug|x86
		{F863EDC6-2886-4D39-A578-89F4FF729D82}.Debug|Mixed Platforms.Build.0 = Debug|x86
		{F863EDC6-2886-4D39-A578-89F4FF729D82}.Debug|x64.ActiveCfg = Debug|x64
		{F863EDC6-2886-4D39-A578-89F4FF729D82}.Debug|x64.Build.0 = Debug|x64
		{F863EDC6-2886-4D39-A578-89F4FF729D82}.Debug|x86.ActiveCfg = Debug|x86
		{F863EDC6-2886-4D39-A578-89F4FF729D82}.Debug|x86.Build.0 = Debug|x86
		{F863EDC6-2886-4D39-A578-89F4FF729D82}.Release|Any CPU.ActiveCfg = Release|Any CPU
		{F863EDC6-2886-4D39-A578-89F4FF729D82}.Release|Any CPU.Build.0 = Release|Any CPU
		{F863EDC6-2886-4D39-A578-89F4FF729D82}.Release|ARM.ActiveCfg = Release|ARM
		{F863EDC6-2886-4D39-A578-89F4FF729D82}.Release|ARM.Build.0 = Release|ARM
		{F863EDC6-2886-4D39-A578-89F4FF729D82}.Release|Mixed Platforms.ActiveCfg = Release|x86
		{F863EDC6-2886-4D39-A578-89F4FF729D82}.Release|Mixed Platforms.Build.0 = Release|x86
		{F863EDC6-2886-4D39-A578-89F4FF729D82}.Release|x64.ActiveCfg = Release|x64
		{F863EDC6-2886-4D39-A578-89F4FF729D82}.Release|x64.Build.0 = Release|x64
		{F863EDC6-2886-4D39-A578-89F4FF729D82}.Release|x86.ActiveCfg = Release|x86
		{F863EDC6-2886-4D39-A578-89F4FF729D82}.Release|x86.Build.0 = Release|x86
		{B252FC20-5150-43D0-BB77-802DF3231EF1}.Debug|Any CPU.ActiveCfg = Debug|x64
		{B252FC20-5150-43D0-BB77-802DF3231EF1}.Debug|Any CPU.Build.0 = Debug|x64
		{B252FC20-5150-43D0-BB77-802DF3231EF1}.Debug|ARM.ActiveCfg = Debug|ARM
		{B252FC20-5150-43D0-BB77-802DF3231EF1}.Debug|ARM.Build.0 = Debug|ARM
		{B252FC20-5150-43D0-BB77-802DF3231EF1}.Debug|Mixed Platforms.ActiveCfg = Debug|x86
		{B252FC20-5150-43D0-BB77-802DF3231EF1}.Debug|Mixed Platforms.Build.0 = Debug|x86
		{B252FC20-5150-43D0-BB77-802DF3231EF1}.Debug|x64.ActiveCfg = Debug|x64
		{B252FC20-5150-43D0-BB77-802DF3231EF1}.Debug|x64.Build.0 = Debug|x64
		{B252FC20-5150-43D0-BB77-802DF3231EF1}.Debug|x86.ActiveCfg = Debug|x86
		{B252FC20-5150-43D0-BB77-802DF3231EF1}.Debug|x86.Build.0 = Debug|x86
		{B252FC20-5150-43D0-BB77-802DF3231EF1}.Release|Any CPU.ActiveCfg = Release|x86
		{B252FC20-5150-43D0-BB77-802DF3231EF1}.Release|Any CPU.Build.0 = Release|x86
		{B252FC20-5150-43D0-BB77-802DF3231EF1}.Release|ARM.ActiveCfg = Release|ARM
		{B252FC20-5150-43D0-BB77-802DF3231EF1}.Release|ARM.Build.0 = Release|ARM
		{B252FC20-5150-43D0-BB77-802DF3231EF1}.Release|Mixed Platforms.ActiveCfg = Release|x86
		{B252FC20-5150-43D0-BB77-802DF3231EF1}.Release|Mixed Platforms.Build.0 = Release|x86
		{B252FC20-5150-43D0-BB77-802DF3231EF1}.Release|x64.ActiveCfg = Release|x64
		{B252FC20-5150-43D0-BB77-802DF3231EF1}.Release|x64.Build.0 = Release|x64
		{B252FC20-5150-43D0-BB77-802DF3231EF1}.Release|x86.ActiveCfg = Release|x86
		{B252FC20-5150-43D0-BB77-802DF3231EF1}.Release|x86.Build.0 = Release|x86
		{206C16D2-8380-4DF5-AEC1-11F715DEFA59}.Debug|Any CPU.ActiveCfg = Debug|x64
		{206C16D2-8380-4DF5-AEC1-11F715DEFA59}.Debug|Any CPU.Build.0 = Debug|x64
		{206C16D2-8380-4DF5-AEC1-11F715DEFA59}.Debug|Any CPU.Deploy.0 = Debug|x64
		{206C16D2-8380-4DF5-AEC1-11F715DEFA59}.Debug|ARM.ActiveCfg = Debug|ARM
		{206C16D2-8380-4DF5-AEC1-11F715DEFA59}.Debug|ARM.Build.0 = Debug|ARM
		{206C16D2-8380-4DF5-AEC1-11F715DEFA59}.Debug|ARM.Deploy.0 = Debug|ARM
		{206C16D2-8380-4DF5-AEC1-11F715DEFA59}.Debug|Mixed Platforms.ActiveCfg = Debug|x86
		{206C16D2-8380-4DF5-AEC1-11F715DEFA59}.Debug|Mixed Platforms.Build.0 = Debug|x86
		{206C16D2-8380-4DF5-AEC1-11F715DEFA59}.Debug|Mixed Platforms.Deploy.0 = Debug|x86
		{206C16D2-8380-4DF5-AEC1-11F715DEFA59}.Debug|x64.ActiveCfg = Debug|x64
		{206C16D2-8380-4DF5-AEC1-11F715DEFA59}.Debug|x64.Build.0 = Debug|x64
		{206C16D2-8380-4DF5-AEC1-11F715DEFA59}.Debug|x64.Deploy.0 = Debug|x64
		{206C16D2-8380-4DF5-AEC1-11F715DEFA59}.Debug|x86.ActiveCfg = Debug|x86
		{206C16D2-8380-4DF5-AEC1-11F715DEFA59}.Debug|x86.Build.0 = Debug|x86
		{206C16D2-8380-4DF5-AEC1-11F715DEFA59}.Debug|x86.Deploy.0 = Debug|x86
		{206C16D2-8380-4DF5-AEC1-11F715DEFA59}.Release|Any CPU.ActiveCfg = Release|x86
		{206C16D2-8380-4DF5-AEC1-11F715DEFA59}.Release|Any CPU.Build.0 = Release|x86
		{206C16D2-8380-4DF5-AEC1-11F715DEFA59}.Release|Any CPU.Deploy.0 = Release|x86
		{206C16D2-8380-4DF5-AEC1-11F715DEFA59}.Release|ARM.ActiveCfg = Release|ARM
		{206C16D2-8380-4DF5-AEC1-11F715DEFA59}.Release|ARM.Build.0 = Release|ARM
		{206C16D2-8380-4DF5-AEC1-11F715DEFA59}.Release|ARM.Deploy.0 = Release|ARM
		{206C16D2-8380-4DF5-AEC1-11F715DEFA59}.Release|Mixed Platforms.ActiveCfg = Release|x86
		{206C16D2-8380-4DF5-AEC1-11F715DEFA59}.Release|Mixed Platforms.Build.0 = Release|x86
		{206C16D2-8380-4DF5-AEC1-11F715DEFA59}.Release|Mixed Platforms.Deploy.0 = Release|x86
		{206C16D2-8380-4DF5-AEC1-11F715DEFA59}.Release|x64.ActiveCfg = Release|x64
		{206C16D2-8380-4DF5-AEC1-11F715DEFA59}.Release|x64.Build.0 = Release|x64
		{206C16D2-8380-4DF5-AEC1-11F715DEFA59}.Release|x64.Deploy.0 = Release|x64
		{206C16D2-8380-4DF5-AEC1-11F715DEFA59}.Release|x86.ActiveCfg = Release|x86
		{206C16D2-8380-4DF5-AEC1-11F715DEFA59}.Release|x86.Build.0 = Release|x86
		{206C16D2-8380-4DF5-AEC1-11F715DEFA59}.Release|x86.Deploy.0 = Release|x86
		{142206CF-738E-46FC-A510-631BC4ABE92C}.Debug|Any CPU.ActiveCfg = Debug|Any CPU
		{142206CF-738E-46FC-A510-631BC4ABE92C}.Debug|Any CPU.Build.0 = Debug|Any CPU
		{142206CF-738E-46FC-A510-631BC4ABE92C}.Debug|Any CPU.Deploy.0 = Debug|Any CPU
		{142206CF-738E-46FC-A510-631BC4ABE92C}.Debug|ARM.ActiveCfg = Debug|ARM
		{142206CF-738E-46FC-A510-631BC4ABE92C}.Debug|ARM.Build.0 = Debug|ARM
		{142206CF-738E-46FC-A510-631BC4ABE92C}.Debug|ARM.Deploy.0 = Debug|ARM
		{142206CF-738E-46FC-A510-631BC4ABE92C}.Debug|Mixed Platforms.ActiveCfg = Debug|x86
		{142206CF-738E-46FC-A510-631BC4ABE92C}.Debug|Mixed Platforms.Build.0 = Debug|x86
		{142206CF-738E-46FC-A510-631BC4ABE92C}.Debug|Mixed Platforms.Deploy.0 = Debug|x86
		{142206CF-738E-46FC-A510-631BC4ABE92C}.Debug|x64.ActiveCfg = Debug|x64
		{142206CF-738E-46FC-A510-631BC4ABE92C}.Debug|x64.Build.0 = Debug|x64
		{142206CF-738E-46FC-A510-631BC4ABE92C}.Debug|x64.Deploy.0 = Debug|x64
		{142206CF-738E-46FC-A510-631BC4ABE92C}.Debug|x86.ActiveCfg = Debug|x86
		{142206CF-738E-46FC-A510-631BC4ABE92C}.Debug|x86.Build.0 = Debug|x86
		{142206CF-738E-46FC-A510-631BC4ABE92C}.Debug|x86.Deploy.0 = Debug|x86
		{142206CF-738E-46FC-A510-631BC4ABE92C}.Release|Any CPU.ActiveCfg = Release|Any CPU
		{142206CF-738E-46FC-A510-631BC4ABE92C}.Release|Any CPU.Build.0 = Release|Any CPU
		{142206CF-738E-46FC-A510-631BC4ABE92C}.Release|Any CPU.Deploy.0 = Release|Any CPU
		{142206CF-738E-46FC-A510-631BC4ABE92C}.Release|ARM.ActiveCfg = Release|ARM
		{142206CF-738E-46FC-A510-631BC4ABE92C}.Release|ARM.Build.0 = Release|ARM
		{142206CF-738E-46FC-A510-631BC4ABE92C}.Release|ARM.Deploy.0 = Release|ARM
		{142206CF-738E-46FC-A510-631BC4ABE92C}.Release|Mixed Platforms.ActiveCfg = Release|x86
		{142206CF-738E-46FC-A510-631BC4ABE92C}.Release|Mixed Platforms.Build.0 = Release|x86
		{142206CF-738E-46FC-A510-631BC4ABE92C}.Release|Mixed Platforms.Deploy.0 = Release|x86
		{142206CF-738E-46FC-A510-631BC4ABE92C}.Release|x64.ActiveCfg = Release|x64
		{142206CF-738E-46FC-A510-631BC4ABE92C}.Release|x64.Build.0 = Release|x64
		{142206CF-738E-46FC-A510-631BC4ABE92C}.Release|x64.Deploy.0 = Release|x64
		{142206CF-738E-46FC-A510-631BC4ABE92C}.Release|x86.ActiveCfg = Release|x86
		{142206CF-738E-46FC-A510-631BC4ABE92C}.Release|x86.Build.0 = Release|x86
		{142206CF-738E-46FC-A510-631BC4ABE92C}.Release|x86.Deploy.0 = Release|x86
		{D522AD8C-6BA6-4C76-BC10-D26E5E2FD230}.Debug|Any CPU.ActiveCfg = Debug|x64
		{D522AD8C-6BA6-4C76-BC10-D26E5E2FD230}.Debug|Any CPU.Build.0 = Debug|x64
		{D522AD8C-6BA6-4C76-BC10-D26E5E2FD230}.Debug|Any CPU.Deploy.0 = Debug|x64
		{D522AD8C-6BA6-4C76-BC10-D26E5E2FD230}.Debug|ARM.ActiveCfg = Debug|ARM
		{D522AD8C-6BA6-4C76-BC10-D26E5E2FD230}.Debug|ARM.Build.0 = Debug|ARM
		{D522AD8C-6BA6-4C76-BC10-D26E5E2FD230}.Debug|ARM.Deploy.0 = Debug|ARM
		{D522AD8C-6BA6-4C76-BC10-D26E5E2FD230}.Debug|Mixed Platforms.ActiveCfg = Debug|x86
		{D522AD8C-6BA6-4C76-BC10-D26E5E2FD230}.Debug|Mixed Platforms.Build.0 = Debug|x86
		{D522AD8C-6BA6-4C76-BC10-D26E5E2FD230}.Debug|Mixed Platforms.Deploy.0 = Debug|x86
		{D522AD8C-6BA6-4C76-BC10-D26E5E2FD230}.Debug|x64.ActiveCfg = Debug|x64
		{D522AD8C-6BA6-4C76-BC10-D26E5E2FD230}.Debug|x64.Build.0 = Debug|x64
		{D522AD8C-6BA6-4C76-BC10-D26E5E2FD230}.Debug|x64.Deploy.0 = Debug|x64
		{D522AD8C-6BA6-4C76-BC10-D26E5E2FD230}.Debug|x86.ActiveCfg = Debug|x86
		{D522AD8C-6BA6-4C76-BC10-D26E5E2FD230}.Debug|x86.Build.0 = Debug|x86
		{D522AD8C-6BA6-4C76-BC10-D26E5E2FD230}.Debug|x86.Deploy.0 = Debug|x86
		{D522AD8C-6BA6-4C76-BC10-D26E5E2FD230}.Release|Any CPU.ActiveCfg = Release|x86
		{D522AD8C-6BA6-4C76-BC10-D26E5E2FD230}.Release|Any CPU.Build.0 = Release|x86
		{D522AD8C-6BA6-4C76-BC10-D26E5E2FD230}.Release|Any CPU.Deploy.0 = Release|x86
		{D522AD8C-6BA6-4C76-BC10-D26E5E2FD230}.Release|ARM.ActiveCfg = Release|ARM
		{D522AD8C-6BA6-4C76-BC10-D26E5E2FD230}.Release|ARM.Build.0 = Release|ARM
		{D522AD8C-6BA6-4C76-BC10-D26E5E2FD230}.Release|ARM.Deploy.0 = Release|ARM
		{D522AD8C-6BA6-4C76-BC10-D26E5E2FD230}.Release|Mixed Platforms.ActiveCfg = Release|x86
		{D522AD8C-6BA6-4C76-BC10-D26E5E2FD230}.Release|Mixed Platforms.Build.0 = Release|x86
		{D522AD8C-6BA6-4C76-BC10-D26E5E2FD230}.Release|Mixed Platforms.Deploy.0 = Release|x86
		{D522AD8C-6BA6-4C76-BC10-D26E5E2FD230}.Release|x64.ActiveCfg = Release|x64
		{D522AD8C-6BA6-4C76-BC10-D26E5E2FD230}.Release|x64.Build.0 = Release|x64
		{D522AD8C-6BA6-4C76-BC10-D26E5E2FD230}.Release|x64.Deploy.0 = Release|x64
		{D522AD8C-6BA6-4C76-BC10-D26E5E2FD230}.Release|x86.ActiveCfg = Release|x86
		{D522AD8C-6BA6-4C76-BC10-D26E5E2FD230}.Release|x86.Build.0 = Release|x86
		{D522AD8C-6BA6-4C76-BC10-D26E5E2FD230}.Release|x86.Deploy.0 = Release|x86
		{2D385553-240D-4F31-A78F-72686BB2613B}.Debug|Any CPU.ActiveCfg = Debug|Any CPU
		{2D385553-240D-4F31-A78F-72686BB2613B}.Debug|Any CPU.Build.0 = Debug|Any CPU
		{2D385553-240D-4F31-A78F-72686BB2613B}.Debug|ARM.ActiveCfg = Debug|Any CPU
		{2D385553-240D-4F31-A78F-72686BB2613B}.Debug|Mixed Platforms.ActiveCfg = Debug|Any CPU
		{2D385553-240D-4F31-A78F-72686BB2613B}.Debug|Mixed Platforms.Build.0 = Debug|Any CPU
		{2D385553-240D-4F31-A78F-72686BB2613B}.Debug|x64.ActiveCfg = Debug|Any CPU
		{2D385553-240D-4F31-A78F-72686BB2613B}.Debug|x86.ActiveCfg = Debug|Any CPU
		{2D385553-240D-4F31-A78F-72686BB2613B}.Release|Any CPU.ActiveCfg = Release|Any CPU
		{2D385553-240D-4F31-A78F-72686BB2613B}.Release|Any CPU.Build.0 = Release|Any CPU
		{2D385553-240D-4F31-A78F-72686BB2613B}.Release|ARM.ActiveCfg = Release|Any CPU
		{2D385553-240D-4F31-A78F-72686BB2613B}.Release|Mixed Platforms.ActiveCfg = Release|Any CPU
		{2D385553-240D-4F31-A78F-72686BB2613B}.Release|Mixed Platforms.Build.0 = Release|Any CPU
		{2D385553-240D-4F31-A78F-72686BB2613B}.Release|x64.ActiveCfg = Release|Any CPU
		{2D385553-240D-4F31-A78F-72686BB2613B}.Release|x86.ActiveCfg = Release|Any CPU
		{961CE8EE-F4BE-403F-AC06-A53CE1C7CE4C}.Debug|Any CPU.ActiveCfg = Debug|Any CPU
		{961CE8EE-F4BE-403F-AC06-A53CE1C7CE4C}.Debug|Any CPU.Build.0 = Debug|Any CPU
		{961CE8EE-F4BE-403F-AC06-A53CE1C7CE4C}.Debug|ARM.ActiveCfg = Debug|ARM
		{961CE8EE-F4BE-403F-AC06-A53CE1C7CE4C}.Debug|ARM.Build.0 = Debug|ARM
		{961CE8EE-F4BE-403F-AC06-A53CE1C7CE4C}.Debug|Mixed Platforms.ActiveCfg = Debug|x86
		{961CE8EE-F4BE-403F-AC06-A53CE1C7CE4C}.Debug|Mixed Platforms.Build.0 = Debug|x86
		{961CE8EE-F4BE-403F-AC06-A53CE1C7CE4C}.Debug|x64.ActiveCfg = Debug|x64
		{961CE8EE-F4BE-403F-AC06-A53CE1C7CE4C}.Debug|x64.Build.0 = Debug|x64
		{961CE8EE-F4BE-403F-AC06-A53CE1C7CE4C}.Debug|x86.ActiveCfg = Debug|x86
		{961CE8EE-F4BE-403F-AC06-A53CE1C7CE4C}.Debug|x86.Build.0 = Debug|x86
		{961CE8EE-F4BE-403F-AC06-A53CE1C7CE4C}.Release|Any CPU.ActiveCfg = Release|Any CPU
		{961CE8EE-F4BE-403F-AC06-A53CE1C7CE4C}.Release|Any CPU.Build.0 = Release|Any CPU
		{961CE8EE-F4BE-403F-AC06-A53CE1C7CE4C}.Release|ARM.ActiveCfg = Release|ARM
		{961CE8EE-F4BE-403F-AC06-A53CE1C7CE4C}.Release|ARM.Build.0 = Release|ARM
		{961CE8EE-F4BE-403F-AC06-A53CE1C7CE4C}.Release|Mixed Platforms.ActiveCfg = Release|x86
		{961CE8EE-F4BE-403F-AC06-A53CE1C7CE4C}.Release|Mixed Platforms.Build.0 = Release|x86
		{961CE8EE-F4BE-403F-AC06-A53CE1C7CE4C}.Release|x64.ActiveCfg = Release|x64
		{961CE8EE-F4BE-403F-AC06-A53CE1C7CE4C}.Release|x64.Build.0 = Release|x64
		{961CE8EE-F4BE-403F-AC06-A53CE1C7CE4C}.Release|x86.ActiveCfg = Release|x86
		{961CE8EE-F4BE-403F-AC06-A53CE1C7CE4C}.Release|x86.Build.0 = Release|x86
		{BFD7F8CB-C154-43E8-9647-D1F8005F71AB}.Debug|Any CPU.ActiveCfg = Debug|x64
		{BFD7F8CB-C154-43E8-9647-D1F8005F71AB}.Debug|Any CPU.Build.0 = Debug|x64
		{BFD7F8CB-C154-43E8-9647-D1F8005F71AB}.Debug|ARM.ActiveCfg = Debug|ARM
		{BFD7F8CB-C154-43E8-9647-D1F8005F71AB}.Debug|ARM.Build.0 = Debug|ARM
		{BFD7F8CB-C154-43E8-9647-D1F8005F71AB}.Debug|Mixed Platforms.ActiveCfg = Debug|x86
		{BFD7F8CB-C154-43E8-9647-D1F8005F71AB}.Debug|Mixed Platforms.Build.0 = Debug|x86
		{BFD7F8CB-C154-43E8-9647-D1F8005F71AB}.Debug|x64.ActiveCfg = Debug|x64
		{BFD7F8CB-C154-43E8-9647-D1F8005F71AB}.Debug|x64.Build.0 = Debug|x64
		{BFD7F8CB-C154-43E8-9647-D1F8005F71AB}.Debug|x86.ActiveCfg = Debug|x86
		{BFD7F8CB-C154-43E8-9647-D1F8005F71AB}.Debug|x86.Build.0 = Debug|x86
		{BFD7F8CB-C154-43E8-9647-D1F8005F71AB}.Release|Any CPU.ActiveCfg = Release|x86
		{BFD7F8CB-C154-43E8-9647-D1F8005F71AB}.Release|Any CPU.Build.0 = Release|x86
		{BFD7F8CB-C154-43E8-9647-D1F8005F71AB}.Release|ARM.ActiveCfg = Release|ARM
		{BFD7F8CB-C154-43E8-9647-D1F8005F71AB}.Release|ARM.Build.0 = Release|ARM
		{BFD7F8CB-C154-43E8-9647-D1F8005F71AB}.Release|Mixed Platforms.ActiveCfg = Release|x86
		{BFD7F8CB-C154-43E8-9647-D1F8005F71AB}.Release|Mixed Platforms.Build.0 = Release|x86
		{BFD7F8CB-C154-43E8-9647-D1F8005F71AB}.Release|x64.ActiveCfg = Release|x64
		{BFD7F8CB-C154-43E8-9647-D1F8005F71AB}.Release|x64.Build.0 = Release|x64
		{BFD7F8CB-C154-43E8-9647-D1F8005F71AB}.Release|x86.ActiveCfg = Release|x86
		{BFD7F8CB-C154-43E8-9647-D1F8005F71AB}.Release|x86.Build.0 = Release|x86
		{F1A93705-2ED4-4ADE-B936-995D4C6BE80A}.Debug|Any CPU.ActiveCfg = Debug|Any CPU
		{F1A93705-2ED4-4ADE-B936-995D4C6BE80A}.Debug|Any CPU.Build.0 = Debug|Any CPU
		{F1A93705-2ED4-4ADE-B936-995D4C6BE80A}.Debug|ARM.ActiveCfg = Debug|ARM
		{F1A93705-2ED4-4ADE-B936-995D4C6BE80A}.Debug|ARM.Build.0 = Debug|ARM
		{F1A93705-2ED4-4ADE-B936-995D4C6BE80A}.Debug|Mixed Platforms.ActiveCfg = Debug|x86
		{F1A93705-2ED4-4ADE-B936-995D4C6BE80A}.Debug|Mixed Platforms.Build.0 = Debug|x86
		{F1A93705-2ED4-4ADE-B936-995D4C6BE80A}.Debug|x64.ActiveCfg = Debug|x64
		{F1A93705-2ED4-4ADE-B936-995D4C6BE80A}.Debug|x64.Build.0 = Debug|x64
		{F1A93705-2ED4-4ADE-B936-995D4C6BE80A}.Debug|x86.ActiveCfg = Debug|x86
		{F1A93705-2ED4-4ADE-B936-995D4C6BE80A}.Debug|x86.Build.0 = Debug|x86
		{F1A93705-2ED4-4ADE-B936-995D4C6BE80A}.Release|Any CPU.ActiveCfg = Release|Any CPU
		{F1A93705-2ED4-4ADE-B936-995D4C6BE80A}.Release|Any CPU.Build.0 = Release|Any CPU
		{F1A93705-2ED4-4ADE-B936-995D4C6BE80A}.Release|ARM.ActiveCfg = Release|ARM
		{F1A93705-2ED4-4ADE-B936-995D4C6BE80A}.Release|ARM.Build.0 = Release|ARM
		{F1A93705-2ED4-4ADE-B936-995D4C6BE80A}.Release|Mixed Platforms.ActiveCfg = Release|x86
		{F1A93705-2ED4-4ADE-B936-995D4C6BE80A}.Release|Mixed Platforms.Build.0 = Release|x86
		{F1A93705-2ED4-4ADE-B936-995D4C6BE80A}.Release|x64.ActiveCfg = Release|x64
		{F1A93705-2ED4-4ADE-B936-995D4C6BE80A}.Release|x64.Build.0 = Release|x64
		{F1A93705-2ED4-4ADE-B936-995D4C6BE80A}.Release|x86.ActiveCfg = Release|x86
		{F1A93705-2ED4-4ADE-B936-995D4C6BE80A}.Release|x86.Build.0 = Release|x86
		{F5B18650-60CD-409F-9D64-63DE7B8BF0DA}.Debug|Any CPU.ActiveCfg = Debug|Any CPU
		{F5B18650-60CD-409F-9D64-63DE7B8BF0DA}.Debug|Any CPU.Build.0 = Debug|Any CPU
		{F5B18650-60CD-409F-9D64-63DE7B8BF0DA}.Debug|ARM.ActiveCfg = Debug|Any CPU
		{F5B18650-60CD-409F-9D64-63DE7B8BF0DA}.Debug|Mixed Platforms.ActiveCfg = Debug|Any CPU
		{F5B18650-60CD-409F-9D64-63DE7B8BF0DA}.Debug|Mixed Platforms.Build.0 = Debug|Any CPU
		{F5B18650-60CD-409F-9D64-63DE7B8BF0DA}.Debug|x64.ActiveCfg = Debug|Any CPU
		{F5B18650-60CD-409F-9D64-63DE7B8BF0DA}.Debug|x86.ActiveCfg = Debug|Any CPU
		{F5B18650-60CD-409F-9D64-63DE7B8BF0DA}.Release|Any CPU.ActiveCfg = Release|Any CPU
		{F5B18650-60CD-409F-9D64-63DE7B8BF0DA}.Release|Any CPU.Build.0 = Release|Any CPU
		{F5B18650-60CD-409F-9D64-63DE7B8BF0DA}.Release|ARM.ActiveCfg = Release|Any CPU
		{F5B18650-60CD-409F-9D64-63DE7B8BF0DA}.Release|Mixed Platforms.ActiveCfg = Release|Any CPU
		{F5B18650-60CD-409F-9D64-63DE7B8BF0DA}.Release|Mixed Platforms.Build.0 = Release|Any CPU
		{F5B18650-60CD-409F-9D64-63DE7B8BF0DA}.Release|x64.ActiveCfg = Release|Any CPU
		{F5B18650-60CD-409F-9D64-63DE7B8BF0DA}.Release|x86.ActiveCfg = Release|Any CPU
		{7DF397B9-FB55-42DB-A5B7-AD012D188953}.Debug|Any CPU.ActiveCfg = Debug|x64
		{7DF397B9-FB55-42DB-A5B7-AD012D188953}.Debug|Any CPU.Build.0 = Debug|x64
		{7DF397B9-FB55-42DB-A5B7-AD012D188953}.Debug|ARM.ActiveCfg = Debug|ARM
		{7DF397B9-FB55-42DB-A5B7-AD012D188953}.Debug|ARM.Build.0 = Debug|ARM
		{7DF397B9-FB55-42DB-A5B7-AD012D188953}.Debug|Mixed Platforms.ActiveCfg = Debug|x86
		{7DF397B9-FB55-42DB-A5B7-AD012D188953}.Debug|Mixed Platforms.Build.0 = Debug|x86
		{7DF397B9-FB55-42DB-A5B7-AD012D188953}.Debug|x64.ActiveCfg = Debug|x64
		{7DF397B9-FB55-42DB-A5B7-AD012D188953}.Debug|x64.Build.0 = Debug|x64
		{7DF397B9-FB55-42DB-A5B7-AD012D188953}.Debug|x86.ActiveCfg = Debug|x86
		{7DF397B9-FB55-42DB-A5B7-AD012D188953}.Debug|x86.Build.0 = Debug|x86
		{7DF397B9-FB55-42DB-A5B7-AD012D188953}.Release|Any CPU.ActiveCfg = Release|x86
		{7DF397B9-FB55-42DB-A5B7-AD012D188953}.Release|Any CPU.Build.0 = Release|x86
		{7DF397B9-FB55-42DB-A5B7-AD012D188953}.Release|ARM.ActiveCfg = Release|ARM
		{7DF397B9-FB55-42DB-A5B7-AD012D188953}.Release|ARM.Build.0 = Release|ARM
		{7DF397B9-FB55-42DB-A5B7-AD012D188953}.Release|Mixed Platforms.ActiveCfg = Release|x86
		{7DF397B9-FB55-42DB-A5B7-AD012D188953}.Release|Mixed Platforms.Build.0 = Release|x86
		{7DF397B9-FB55-42DB-A5B7-AD012D188953}.Release|x64.ActiveCfg = Release|x64
		{7DF397B9-FB55-42DB-A5B7-AD012D188953}.Release|x64.Build.0 = Release|x64
		{7DF397B9-FB55-42DB-A5B7-AD012D188953}.Release|x86.ActiveCfg = Release|x86
		{7DF397B9-FB55-42DB-A5B7-AD012D188953}.Release|x86.Build.0 = Release|x86
		{8A4F6324-1C42-46FB-915A-057C8DEAEA4E}.Debug|Any CPU.ActiveCfg = Debug|Any CPU
		{8A4F6324-1C42-46FB-915A-057C8DEAEA4E}.Debug|Any CPU.Build.0 = Debug|Any CPU
		{8A4F6324-1C42-46FB-915A-057C8DEAEA4E}.Debug|ARM.ActiveCfg = Debug|ARM
		{8A4F6324-1C42-46FB-915A-057C8DEAEA4E}.Debug|ARM.Build.0 = Debug|ARM
		{8A4F6324-1C42-46FB-915A-057C8DEAEA4E}.Debug|Mixed Platforms.ActiveCfg = Debug|x86
		{8A4F6324-1C42-46FB-915A-057C8DEAEA4E}.Debug|Mixed Platforms.Build.0 = Debug|x86
		{8A4F6324-1C42-46FB-915A-057C8DEAEA4E}.Debug|x64.ActiveCfg = Debug|x64
		{8A4F6324-1C42-46FB-915A-057C8DEAEA4E}.Debug|x64.Build.0 = Debug|x64
		{8A4F6324-1C42-46FB-915A-057C8DEAEA4E}.Debug|x86.ActiveCfg = Debug|x86
		{8A4F6324-1C42-46FB-915A-057C8DEAEA4E}.Debug|x86.Build.0 = Debug|x86
		{8A4F6324-1C42-46FB-915A-057C8DEAEA4E}.Release|Any CPU.ActiveCfg = Release|Any CPU
		{8A4F6324-1C42-46FB-915A-057C8DEAEA4E}.Release|Any CPU.Build.0 = Release|Any CPU
		{8A4F6324-1C42-46FB-915A-057C8DEAEA4E}.Release|ARM.ActiveCfg = Release|ARM
		{8A4F6324-1C42-46FB-915A-057C8DEAEA4E}.Release|ARM.Build.0 = Release|ARM
		{8A4F6324-1C42-46FB-915A-057C8DEAEA4E}.Release|Mixed Platforms.ActiveCfg = Release|x86
		{8A4F6324-1C42-46FB-915A-057C8DEAEA4E}.Release|Mixed Platforms.Build.0 = Release|x86
		{8A4F6324-1C42-46FB-915A-057C8DEAEA4E}.Release|x64.ActiveCfg = Release|x64
		{8A4F6324-1C42-46FB-915A-057C8DEAEA4E}.Release|x64.Build.0 = Release|x64
		{8A4F6324-1C42-46FB-915A-057C8DEAEA4E}.Release|x86.ActiveCfg = Release|x86
		{8A4F6324-1C42-46FB-915A-057C8DEAEA4E}.Release|x86.Build.0 = Release|x86
		{AD0F55FE-D523-4BA0-9198-5CBA45DDCBCD}.Debug|Any CPU.ActiveCfg = Debug|Any CPU
		{AD0F55FE-D523-4BA0-9198-5CBA45DDCBCD}.Debug|Any CPU.Build.0 = Debug|Any CPU
		{AD0F55FE-D523-4BA0-9198-5CBA45DDCBCD}.Debug|ARM.ActiveCfg = Debug|ARM
		{AD0F55FE-D523-4BA0-9198-5CBA45DDCBCD}.Debug|ARM.Build.0 = Debug|ARM
		{AD0F55FE-D523-4BA0-9198-5CBA45DDCBCD}.Debug|Mixed Platforms.ActiveCfg = Debug|x86
		{AD0F55FE-D523-4BA0-9198-5CBA45DDCBCD}.Debug|Mixed Platforms.Build.0 = Debug|x86
		{AD0F55FE-D523-4BA0-9198-5CBA45DDCBCD}.Debug|x64.ActiveCfg = Debug|x64
		{AD0F55FE-D523-4BA0-9198-5CBA45DDCBCD}.Debug|x64.Build.0 = Debug|x64
		{AD0F55FE-D523-4BA0-9198-5CBA45DDCBCD}.Debug|x86.ActiveCfg = Debug|x86
		{AD0F55FE-D523-4BA0-9198-5CBA45DDCBCD}.Debug|x86.Build.0 = Debug|x86
		{AD0F55FE-D523-4BA0-9198-5CBA45DDCBCD}.Release|Any CPU.ActiveCfg = Release|Any CPU
		{AD0F55FE-D523-4BA0-9198-5CBA45DDCBCD}.Release|Any CPU.Build.0 = Release|Any CPU
		{AD0F55FE-D523-4BA0-9198-5CBA45DDCBCD}.Release|ARM.ActiveCfg = Release|ARM
		{AD0F55FE-D523-4BA0-9198-5CBA45DDCBCD}.Release|ARM.Build.0 = Release|ARM
		{AD0F55FE-D523-4BA0-9198-5CBA45DDCBCD}.Release|Mixed Platforms.ActiveCfg = Release|x86
		{AD0F55FE-D523-4BA0-9198-5CBA45DDCBCD}.Release|Mixed Platforms.Build.0 = Release|x86
		{AD0F55FE-D523-4BA0-9198-5CBA45DDCBCD}.Release|x64.ActiveCfg = Release|x64
		{AD0F55FE-D523-4BA0-9198-5CBA45DDCBCD}.Release|x64.Build.0 = Release|x64
		{AD0F55FE-D523-4BA0-9198-5CBA45DDCBCD}.Release|x86.ActiveCfg = Release|x86
		{AD0F55FE-D523-4BA0-9198-5CBA45DDCBCD}.Release|x86.Build.0 = Release|x86
		{95DFF5D9-BD94-494E-AD33-F20E45A339EB}.Debug|Any CPU.ActiveCfg = Debug|Any CPU
		{95DFF5D9-BD94-494E-AD33-F20E45A339EB}.Debug|Any CPU.Build.0 = Debug|Any CPU
		{95DFF5D9-BD94-494E-AD33-F20E45A339EB}.Debug|ARM.ActiveCfg = Debug|ARM
		{95DFF5D9-BD94-494E-AD33-F20E45A339EB}.Debug|ARM.Build.0 = Debug|ARM
		{95DFF5D9-BD94-494E-AD33-F20E45A339EB}.Debug|Mixed Platforms.ActiveCfg = Debug|x86
		{95DFF5D9-BD94-494E-AD33-F20E45A339EB}.Debug|Mixed Platforms.Build.0 = Debug|x86
		{95DFF5D9-BD94-494E-AD33-F20E45A339EB}.Debug|x64.ActiveCfg = Debug|x64
		{95DFF5D9-BD94-494E-AD33-F20E45A339EB}.Debug|x64.Build.0 = Debug|x64
		{95DFF5D9-BD94-494E-AD33-F20E45A339EB}.Debug|x86.ActiveCfg = Debug|x86
		{95DFF5D9-BD94-494E-AD33-F20E45A339EB}.Debug|x86.Build.0 = Debug|x86
		{95DFF5D9-BD94-494E-AD33-F20E45A339EB}.Release|Any CPU.ActiveCfg = Release|Any CPU
		{95DFF5D9-BD94-494E-AD33-F20E45A339EB}.Release|Any CPU.Build.0 = Release|Any CPU
		{95DFF5D9-BD94-494E-AD33-F20E45A339EB}.Release|ARM.ActiveCfg = Release|ARM
		{95DFF5D9-BD94-494E-AD33-F20E45A339EB}.Release|ARM.Build.0 = Release|ARM
		{95DFF5D9-BD94-494E-AD33-F20E45A339EB}.Release|Mixed Platforms.ActiveCfg = Release|x86
		{95DFF5D9-BD94-494E-AD33-F20E45A339EB}.Release|Mixed Platforms.Build.0 = Release|x86
		{95DFF5D9-BD94-494E-AD33-F20E45A339EB}.Release|x64.ActiveCfg = Release|x64
		{95DFF5D9-BD94-494E-AD33-F20E45A339EB}.Release|x64.Build.0 = Release|x64
		{95DFF5D9-BD94-494E-AD33-F20E45A339EB}.Release|x86.ActiveCfg = Release|x86
		{95DFF5D9-BD94-494E-AD33-F20E45A339EB}.Release|x86.Build.0 = Release|x86
	EndGlobalSection
	GlobalSection(SolutionProperties) = preSolution
		HideSolutionNode = FALSE
	EndGlobalSection
	GlobalSection(NestedProjects) = preSolution
		{206C16D2-8380-4DF5-AEC1-11F715DEFA59} = {FA4421CB-C729-456D-89AC-062AF17E22B3}
		{142206CF-738E-46FC-A510-631BC4ABE92C} = {FA4421CB-C729-456D-89AC-062AF17E22B3}
		{D522AD8C-6BA6-4C76-BC10-D26E5E2FD230} = {FA4421CB-C729-456D-89AC-062AF17E22B3}
		{2D385553-240D-4F31-A78F-72686BB2613B} = {8FFCB28A-52C7-49E1-B6A0-60CF046C8A8A}
		{F5B18650-60CD-409F-9D64-63DE7B8BF0DA} = {8FFCB28A-52C7-49E1-B6A0-60CF046C8A8A}
	EndGlobalSection
EndGlobal
