
Microsoft Visual Studio Solution File, Format Version 12.00
# Visual Studio 14
VisualStudioVersion = 14.0.22823.1
MinimumVisualStudioVersion = 10.0.40219.1
Project("{FAE04EC0-301F-11D3-BF4B-00C04F79EFBC}") = "Microsoft.PlayerFramework.Samples", "UWP.Xaml.Samples\Microsoft.PlayerFramework.Samples.csproj", "{B1A91736-CD03-4A8F-9A3B-BE6EBED98986}"
EndProject
Project("{FAE04EC0-301F-11D3-BF4B-00C04F79EFBC}") = "Microsoft.Media.Advertising", "UWP.WinRT.Advertising\Microsoft.Media.Advertising.csproj", "{E4066AB3-4412-4A01-854C-B68336E01E45}"
EndProject
Project("{FAE04EC0-301F-11D3-BF4B-00C04F79EFBC}") = "Microsoft.Media.Analytics", "UWP.WinRT.Analytics\Microsoft.Media.Analytics.csproj", "{812F8D33-715D-4ACB-83BA-5D379E68B08D}"
EndProject
Project("{FAE04EC0-301F-11D3-BF4B-00C04F79EFBC}") = "Microsoft.Media.Analytics.Advertising", "UWP.WinRT.Analytics.Advertising\Microsoft.Media.Analytics.Advertising.csproj", "{432F6432-4324-476F-88BC-F7B02383DD20}"
EndProject
Project("{FAE04EC0-301F-11D3-BF4B-00C04F79EFBC}") = "Microsoft.Media.AudienceInsight", "UWP.WinRT.AudienceInsight\Microsoft.Media.AudienceInsight.csproj", "{5CD9B770-41DF-4206-A28E-BA080F3FE19C}"
EndProject
Project("{FAE04EC0-301F-11D3-BF4B-00C04F79EFBC}") = "Microsoft.Media.Analytics.AudienceInsight", "UWP.WinRT.Analytics.AudienceInsight\Microsoft.Media.Analytics.AudienceInsight.csproj", "{2FE7FE7B-85E1-4C44-8845-26942A6CF924}"
EndProject
Project("{FAE04EC0-301F-11D3-BF4B-00C04F79EFBC}") = "Microsoft.PlayerFramework.Core", "UWP.Xaml.Core\Microsoft.PlayerFramework.Core.csproj", "{84A3F824-24BE-4E88-ABAE-F228E8A40F37}"
EndProject
Project("{FAE04EC0-301F-11D3-BF4B-00C04F79EFBC}") = "Microsoft.PlayerFramework.WebVTT", "UWP.Xaml.WebVTT\Microsoft.PlayerFramework.WebVTT.csproj", "{B5385142-82E5-4EB5-AFAB-2EBA1733B6C4}"
EndProject
Project("{FAE04EC0-301F-11D3-BF4B-00C04F79EFBC}") = "Microsoft.PlayerFramework.TimedText", "UWP.Xaml.TimedText\Microsoft.PlayerFramework.TimedText.csproj", "{1D33874F-BF6D-4A99-89A9-2833E475E16E}"
EndProject
Project("{FAE04EC0-301F-11D3-BF4B-00C04F79EFBC}") = "Microsoft.Media.TimedText", "UWP.WinRT.TimedText\Microsoft.Media.TimedText.csproj", "{2671264B-95C5-4F5A-B190-7E6F85ECB242}"
EndProject
Project("{FAE04EC0-301F-11D3-BF4B-00C04F79EFBC}") = "Microsoft.Media.WebVTT", "UWP.WinRT.WebVTT\Microsoft.Media.WebVTT.csproj", "{D1D304F2-1302-457A-82D0-C97FB005FE01}"
EndProject
Project("{FAE04EC0-301F-11D3-BF4B-00C04F79EFBC}") = "Microsoft.PlayerFramework.Analytics", "UWP.Xaml.Analytics\Microsoft.PlayerFramework.Analytics.csproj", "{C1DF69CA-A20B-4DC2-B025-554F5F09EBCB}"
EndProject
Project("{FAE04EC0-301F-11D3-BF4B-00C04F79EFBC}") = "Microsoft.PlayerFramework.Advertising", "UWP.Xaml.Advertising\Microsoft.PlayerFramework.Advertising.csproj", "{D31D60B7-E557-4DA3-B625-7789D69FD137}"
EndProject
Project("{2150E333-8FDC-42A3-9474-1A3956D46DE8}") = "Design", "Design", "{39445EE6-71AA-4A93-92D7-5262AF1C4F29}"
EndProject
Project("{FAE04EC0-301F-11D3-BF4B-00C04F79EFBC}") = "Microsoft.PlayerFramework.Design", "Design\UWP.Xaml.Core.Design\Microsoft.PlayerFramework.Design.csproj", "{7AEFC459-ED7C-4D96-9E92-72609B40FBE0}"
EndProject
Global
	GlobalSection(SolutionConfigurationPlatforms) = preSolution
		Debug|Any CPU = Debug|Any CPU
		Debug|ARM = Debug|ARM
		Debug|x64 = Debug|x64
		Debug|x86 = Debug|x86
		Release|Any CPU = Release|Any CPU
		Release|ARM = Release|ARM
		Release|x64 = Release|x64
		Release|x86 = Release|x86
	EndGlobalSection
	GlobalSection(ProjectConfigurationPlatforms) = postSolution
		{B1A91736-CD03-4A8F-9A3B-BE6EBED98986}.Debug|Any CPU.ActiveCfg = Debug|x86
		{B1A91736-CD03-4A8F-9A3B-BE6EBED98986}.Debug|ARM.ActiveCfg = Debug|ARM
		{B1A91736-CD03-4A8F-9A3B-BE6EBED98986}.Debug|ARM.Build.0 = Debug|ARM
		{B1A91736-CD03-4A8F-9A3B-BE6EBED98986}.Debug|ARM.Deploy.0 = Debug|ARM
		{B1A91736-CD03-4A8F-9A3B-BE6EBED98986}.Debug|x64.ActiveCfg = Debug|x64
		{B1A91736-CD03-4A8F-9A3B-BE6EBED98986}.Debug|x64.Build.0 = Debug|x64
		{B1A91736-CD03-4A8F-9A3B-BE6EBED98986}.Debug|x64.Deploy.0 = Debug|x64
		{B1A91736-CD03-4A8F-9A3B-BE6EBED98986}.Debug|x86.ActiveCfg = Debug|x86
		{B1A91736-CD03-4A8F-9A3B-BE6EBED98986}.Debug|x86.Build.0 = Debug|x86
		{B1A91736-CD03-4A8F-9A3B-BE6EBED98986}.Debug|x86.Deploy.0 = Debug|x86
		{B1A91736-CD03-4A8F-9A3B-BE6EBED98986}.Release|Any CPU.ActiveCfg = Release|x86
		{B1A91736-CD03-4A8F-9A3B-BE6EBED98986}.Release|ARM.ActiveCfg = Release|ARM
		{B1A91736-CD03-4A8F-9A3B-BE6EBED98986}.Release|ARM.Build.0 = Release|ARM
		{B1A91736-CD03-4A8F-9A3B-BE6EBED98986}.Release|ARM.Deploy.0 = Release|ARM
		{B1A91736-CD03-4A8F-9A3B-BE6EBED98986}.Release|x64.ActiveCfg = Release|x64
		{B1A91736-CD03-4A8F-9A3B-BE6EBED98986}.Release|x64.Build.0 = Release|x64
		{B1A91736-CD03-4A8F-9A3B-BE6EBED98986}.Release|x64.Deploy.0 = Release|x64
		{B1A91736-CD03-4A8F-9A3B-BE6EBED98986}.Release|x86.ActiveCfg = Release|x86
		{B1A91736-CD03-4A8F-9A3B-BE6EBED98986}.Release|x86.Build.0 = Release|x86
		{B1A91736-CD03-4A8F-9A3B-BE6EBED98986}.Release|x86.Deploy.0 = Release|x86
		{E4066AB3-4412-4A01-854C-B68336E01E45}.Debug|Any CPU.ActiveCfg = Debug|Any CPU
		{E4066AB3-4412-4A01-854C-B68336E01E45}.Debug|Any CPU.Build.0 = Debug|Any CPU
		{E4066AB3-4412-4A01-854C-B68336E01E45}.Debug|ARM.ActiveCfg = Debug|ARM
		{E4066AB3-4412-4A01-854C-B68336E01E45}.Debug|ARM.Build.0 = Debug|ARM
		{E4066AB3-4412-4A01-854C-B68336E01E45}.Debug|x64.ActiveCfg = Debug|x64
		{E4066AB3-4412-4A01-854C-B68336E01E45}.Debug|x64.Build.0 = Debug|x64
		{E4066AB3-4412-4A01-854C-B68336E01E45}.Debug|x86.ActiveCfg = Debug|x86
		{E4066AB3-4412-4A01-854C-B68336E01E45}.Debug|x86.Build.0 = Debug|x86
		{E4066AB3-4412-4A01-854C-B68336E01E45}.Release|Any CPU.ActiveCfg = Release|Any CPU
		{E4066AB3-4412-4A01-854C-B68336E01E45}.Release|Any CPU.Build.0 = Release|Any CPU
		{E4066AB3-4412-4A01-854C-B68336E01E45}.Release|ARM.ActiveCfg = Release|ARM
		{E4066AB3-4412-4A01-854C-B68336E01E45}.Release|ARM.Build.0 = Release|ARM
		{E4066AB3-4412-4A01-854C-B68336E01E45}.Release|x64.ActiveCfg = Release|x64
		{E4066AB3-4412-4A01-854C-B68336E01E45}.Release|x64.Build.0 = Release|x64
		{E4066AB3-4412-4A01-854C-B68336E01E45}.Release|x86.ActiveCfg = Release|x86
		{E4066AB3-4412-4A01-854C-B68336E01E45}.Release|x86.Build.0 = Release|x86
		{812F8D33-715D-4ACB-83BA-5D379E68B08D}.Debug|Any CPU.ActiveCfg = Debug|Any CPU
		{812F8D33-715D-4ACB-83BA-5D379E68B08D}.Debug|Any CPU.Build.0 = Debug|Any CPU
		{812F8D33-715D-4ACB-83BA-5D379E68B08D}.Debug|ARM.ActiveCfg = Debug|ARM
		{812F8D33-715D-4ACB-83BA-5D379E68B08D}.Debug|ARM.Build.0 = Debug|ARM
		{812F8D33-715D-4ACB-83BA-5D379E68B08D}.Debug|x64.ActiveCfg = Debug|x64
		{812F8D33-715D-4ACB-83BA-5D379E68B08D}.Debug|x64.Build.0 = Debug|x64
		{812F8D33-715D-4ACB-83BA-5D379E68B08D}.Debug|x86.ActiveCfg = Debug|x86
		{812F8D33-715D-4ACB-83BA-5D379E68B08D}.Debug|x86.Build.0 = Debug|x86
		{812F8D33-715D-4ACB-83BA-5D379E68B08D}.Release|Any CPU.ActiveCfg = Release|Any CPU
		{812F8D33-715D-4ACB-83BA-5D379E68B08D}.Release|Any CPU.Build.0 = Release|Any CPU
		{812F8D33-715D-4ACB-83BA-5D379E68B08D}.Release|ARM.ActiveCfg = Release|ARM
		{812F8D33-715D-4ACB-83BA-5D379E68B08D}.Release|ARM.Build.0 = Release|ARM
		{812F8D33-715D-4ACB-83BA-5D379E68B08D}.Release|x64.ActiveCfg = Release|x64
		{812F8D33-715D-4ACB-83BA-5D379E68B08D}.Release|x64.Build.0 = Release|x64
		{812F8D33-715D-4ACB-83BA-5D379E68B08D}.Release|x86.ActiveCfg = Release|x86
		{812F8D33-715D-4ACB-83BA-5D379E68B08D}.Release|x86.Build.0 = Release|x86
		{432F6432-4324-476F-88BC-F7B02383DD20}.Debug|Any CPU.ActiveCfg = Debug|Any CPU
		{432F6432-4324-476F-88BC-F7B02383DD20}.Debug|Any CPU.Build.0 = Debug|Any CPU
		{432F6432-4324-476F-88BC-F7B02383DD20}.Debug|ARM.ActiveCfg = Debug|ARM
		{432F6432-4324-476F-88BC-F7B02383DD20}.Debug|ARM.Build.0 = Debug|ARM
		{432F6432-4324-476F-88BC-F7B02383DD20}.Debug|x64.ActiveCfg = Debug|x64
		{432F6432-4324-476F-88BC-F7B02383DD20}.Debug|x64.Build.0 = Debug|x64
		{432F6432-4324-476F-88BC-F7B02383DD20}.Debug|x86.ActiveCfg = Debug|x86
		{432F6432-4324-476F-88BC-F7B02383DD20}.Debug|x86.Build.0 = Debug|x86
		{432F6432-4324-476F-88BC-F7B02383DD20}.Release|Any CPU.ActiveCfg = Release|Any CPU
		{432F6432-4324-476F-88BC-F7B02383DD20}.Release|Any CPU.Build.0 = Release|Any CPU
		{432F6432-4324-476F-88BC-F7B02383DD20}.Release|ARM.ActiveCfg = Release|ARM
		{432F6432-4324-476F-88BC-F7B02383DD20}.Release|ARM.Build.0 = Release|ARM
		{432F6432-4324-476F-88BC-F7B02383DD20}.Release|x64.ActiveCfg = Release|x64
		{432F6432-4324-476F-88BC-F7B02383DD20}.Release|x64.Build.0 = Release|x64
		{432F6432-4324-476F-88BC-F7B02383DD20}.Release|x86.ActiveCfg = Release|x86
		{432F6432-4324-476F-88BC-F7B02383DD20}.Release|x86.Build.0 = Release|x86
		{5CD9B770-41DF-4206-A28E-BA080F3FE19C}.Debug|Any CPU.ActiveCfg = Debug|Any CPU
		{5CD9B770-41DF-4206-A28E-BA080F3FE19C}.Debug|Any CPU.Build.0 = Debug|Any CPU
		{5CD9B770-41DF-4206-A28E-BA080F3FE19C}.Debug|ARM.ActiveCfg = Debug|ARM
		{5CD9B770-41DF-4206-A28E-BA080F3FE19C}.Debug|ARM.Build.0 = Debug|ARM
		{5CD9B770-41DF-4206-A28E-BA080F3FE19C}.Debug|x64.ActiveCfg = Debug|x64
		{5CD9B770-41DF-4206-A28E-BA080F3FE19C}.Debug|x64.Build.0 = Debug|x64
		{5CD9B770-41DF-4206-A28E-BA080F3FE19C}.Debug|x86.ActiveCfg = Debug|x86
		{5CD9B770-41DF-4206-A28E-BA080F3FE19C}.Debug|x86.Build.0 = Debug|x86
		{5CD9B770-41DF-4206-A28E-BA080F3FE19C}.Release|Any CPU.ActiveCfg = Release|Any CPU
		{5CD9B770-41DF-4206-A28E-BA080F3FE19C}.Release|Any CPU.Build.0 = Release|Any CPU
		{5CD9B770-41DF-4206-A28E-BA080F3FE19C}.Release|ARM.ActiveCfg = Release|ARM
		{5CD9B770-41DF-4206-A28E-BA080F3FE19C}.Release|ARM.Build.0 = Release|ARM
		{5CD9B770-41DF-4206-A28E-BA080F3FE19C}.Release|x64.ActiveCfg = Release|x64
		{5CD9B770-41DF-4206-A28E-BA080F3FE19C}.Release|x64.Build.0 = Release|x64
		{5CD9B770-41DF-4206-A28E-BA080F3FE19C}.Release|x86.ActiveCfg = Release|x86
		{5CD9B770-41DF-4206-A28E-BA080F3FE19C}.Release|x86.Build.0 = Release|x86
		{2FE7FE7B-85E1-4C44-8845-26942A6CF924}.Debug|Any CPU.ActiveCfg = Debug|Any CPU
		{2FE7FE7B-85E1-4C44-8845-26942A6CF924}.Debug|Any CPU.Build.0 = Debug|Any CPU
		{2FE7FE7B-85E1-4C44-8845-26942A6CF924}.Debug|ARM.ActiveCfg = Debug|ARM
		{2FE7FE7B-85E1-4C44-8845-26942A6CF924}.Debug|ARM.Build.0 = Debug|ARM
		{2FE7FE7B-85E1-4C44-8845-26942A6CF924}.Debug|x64.ActiveCfg = Debug|x64
		{2FE7FE7B-85E1-4C44-8845-26942A6CF924}.Debug|x64.Build.0 = Debug|x64
		{2FE7FE7B-85E1-4C44-8845-26942A6CF924}.Debug|x86.ActiveCfg = Debug|x86
		{2FE7FE7B-85E1-4C44-8845-26942A6CF924}.Debug|x86.Build.0 = Debug|x86
		{2FE7FE7B-85E1-4C44-8845-26942A6CF924}.Release|Any CPU.ActiveCfg = Release|Any CPU
		{2FE7FE7B-85E1-4C44-8845-26942A6CF924}.Release|Any CPU.Build.0 = Release|Any CPU
		{2FE7FE7B-85E1-4C44-8845-26942A6CF924}.Release|ARM.ActiveCfg = Release|ARM
		{2FE7FE7B-85E1-4C44-8845-26942A6CF924}.Release|ARM.Build.0 = Release|ARM
		{2FE7FE7B-85E1-4C44-8845-26942A6CF924}.Release|x64.ActiveCfg = Release|x64
		{2FE7FE7B-85E1-4C44-8845-26942A6CF924}.Release|x64.Build.0 = Release|x64
		{2FE7FE7B-85E1-4C44-8845-26942A6CF924}.Release|x86.ActiveCfg = Release|x86
		{2FE7FE7B-85E1-4C44-8845-26942A6CF924}.Release|x86.Build.0 = Release|x86
		{84A3F824-24BE-4E88-ABAE-F228E8A40F37}.Debug|Any CPU.ActiveCfg = Debug|Any CPU
		{84A3F824-24BE-4E88-ABAE-F228E8A40F37}.Debug|Any CPU.Build.0 = Debug|Any CPU
		{84A3F824-24BE-4E88-ABAE-F228E8A40F37}.Debug|ARM.ActiveCfg = Debug|ARM
		{84A3F824-24BE-4E88-ABAE-F228E8A40F37}.Debug|ARM.Build.0 = Debug|ARM
		{84A3F824-24BE-4E88-ABAE-F228E8A40F37}.Debug|x64.ActiveCfg = Debug|x64
		{84A3F824-24BE-4E88-ABAE-F228E8A40F37}.Debug|x64.Build.0 = Debug|x64
		{84A3F824-24BE-4E88-ABAE-F228E8A40F37}.Debug|x86.ActiveCfg = Debug|x86
		{84A3F824-24BE-4E88-ABAE-F228E8A40F37}.Debug|x86.Build.0 = Debug|x86
		{84A3F824-24BE-4E88-ABAE-F228E8A40F37}.Release|Any CPU.ActiveCfg = Release|Any CPU
		{84A3F824-24BE-4E88-ABAE-F228E8A40F37}.Release|Any CPU.Build.0 = Release|Any CPU
		{84A3F824-24BE-4E88-ABAE-F228E8A40F37}.Release|ARM.ActiveCfg = Release|ARM
		{84A3F824-24BE-4E88-ABAE-F228E8A40F37}.Release|ARM.Build.0 = Release|ARM
		{84A3F824-24BE-4E88-ABAE-F228E8A40F37}.Release|x64.ActiveCfg = Release|x64
		{84A3F824-24BE-4E88-ABAE-F228E8A40F37}.Release|x64.Build.0 = Release|x64
		{84A3F824-24BE-4E88-ABAE-F228E8A40F37}.Release|x86.ActiveCfg = Release|x86
		{84A3F824-24BE-4E88-ABAE-F228E8A40F37}.Release|x86.Build.0 = Release|x86
		{B5385142-82E5-4EB5-AFAB-2EBA1733B6C4}.Debug|Any CPU.ActiveCfg = Debug|Any CPU
		{B5385142-82E5-4EB5-AFAB-2EBA1733B6C4}.Debug|Any CPU.Build.0 = Debug|Any CPU
		{B5385142-82E5-4EB5-AFAB-2EBA1733B6C4}.Debug|ARM.ActiveCfg = Debug|ARM
		{B5385142-82E5-4EB5-AFAB-2EBA1733B6C4}.Debug|ARM.Build.0 = Debug|ARM
		{B5385142-82E5-4EB5-AFAB-2EBA1733B6C4}.Debug|x64.ActiveCfg = Debug|x64
		{B5385142-82E5-4EB5-AFAB-2EBA1733B6C4}.Debug|x64.Build.0 = Debug|x64
		{B5385142-82E5-4EB5-AFAB-2EBA1733B6C4}.Debug|x86.ActiveCfg = Debug|x86
		{B5385142-82E5-4EB5-AFAB-2EBA1733B6C4}.Debug|x86.Build.0 = Debug|x86
		{B5385142-82E5-4EB5-AFAB-2EBA1733B6C4}.Release|Any CPU.ActiveCfg = Release|Any CPU
		{B5385142-82E5-4EB5-AFAB-2EBA1733B6C4}.Release|Any CPU.Build.0 = Release|Any CPU
		{B5385142-82E5-4EB5-AFAB-2EBA1733B6C4}.Release|ARM.ActiveCfg = Release|ARM
		{B5385142-82E5-4EB5-AFAB-2EBA1733B6C4}.Release|ARM.Build.0 = Release|ARM
		{B5385142-82E5-4EB5-AFAB-2EBA1733B6C4}.Release|x64.ActiveCfg = Release|x64
		{B5385142-82E5-4EB5-AFAB-2EBA1733B6C4}.Release|x64.Build.0 = Release|x64
		{B5385142-82E5-4EB5-AFAB-2EBA1733B6C4}.Release|x86.ActiveCfg = Release|x86
		{B5385142-82E5-4EB5-AFAB-2EBA1733B6C4}.Release|x86.Build.0 = Release|x86
		{1D33874F-BF6D-4A99-89A9-2833E475E16E}.Debug|Any CPU.ActiveCfg = Debug|Any CPU
		{1D33874F-BF6D-4A99-89A9-2833E475E16E}.Debug|Any CPU.Build.0 = Debug|Any CPU
		{1D33874F-BF6D-4A99-89A9-2833E475E16E}.Debug|ARM.ActiveCfg = Debug|ARM
		{1D33874F-BF6D-4A99-89A9-2833E475E16E}.Debug|ARM.Build.0 = Debug|ARM
		{1D33874F-BF6D-4A99-89A9-2833E475E16E}.Debug|x64.ActiveCfg = Debug|x64
		{1D33874F-BF6D-4A99-89A9-2833E475E16E}.Debug|x64.Build.0 = Debug|x64
		{1D33874F-BF6D-4A99-89A9-2833E475E16E}.Debug|x86.ActiveCfg = Debug|x86
		{1D33874F-BF6D-4A99-89A9-2833E475E16E}.Debug|x86.Build.0 = Debug|x86
		{1D33874F-BF6D-4A99-89A9-2833E475E16E}.Release|Any CPU.ActiveCfg = Release|Any CPU
		{1D33874F-BF6D-4A99-89A9-2833E475E16E}.Release|Any CPU.Build.0 = Release|Any CPU
		{1D33874F-BF6D-4A99-89A9-2833E475E16E}.Release|ARM.ActiveCfg = Release|ARM
		{1D33874F-BF6D-4A99-89A9-2833E475E16E}.Release|ARM.Build.0 = Release|ARM
		{1D33874F-BF6D-4A99-89A9-2833E475E16E}.Release|x64.ActiveCfg = Release|x64
		{1D33874F-BF6D-4A99-89A9-2833E475E16E}.Release|x64.Build.0 = Release|x64
		{1D33874F-BF6D-4A99-89A9-2833E475E16E}.Release|x86.ActiveCfg = Release|x86
		{1D33874F-BF6D-4A99-89A9-2833E475E16E}.Release|x86.Build.0 = Release|x86
		{2671264B-95C5-4F5A-B190-7E6F85ECB242}.Debug|Any CPU.ActiveCfg = Debug|Any CPU
		{2671264B-95C5-4F5A-B190-7E6F85ECB242}.Debug|Any CPU.Build.0 = Debug|Any CPU
		{2671264B-95C5-4F5A-B190-7E6F85ECB242}.Debug|ARM.ActiveCfg = Debug|ARM
		{2671264B-95C5-4F5A-B190-7E6F85ECB242}.Debug|ARM.Build.0 = Debug|ARM
		{2671264B-95C5-4F5A-B190-7E6F85ECB242}.Debug|x64.ActiveCfg = Debug|x64
		{2671264B-95C5-4F5A-B190-7E6F85ECB242}.Debug|x64.Build.0 = Debug|x64
		{2671264B-95C5-4F5A-B190-7E6F85ECB242}.Debug|x86.ActiveCfg = Debug|x86
		{2671264B-95C5-4F5A-B190-7E6F85ECB242}.Debug|x86.Build.0 = Debug|x86
		{2671264B-95C5-4F5A-B190-7E6F85ECB242}.Release|Any CPU.ActiveCfg = Release|Any CPU
		{2671264B-95C5-4F5A-B190-7E6F85ECB242}.Release|Any CPU.Build.0 = Release|Any CPU
		{2671264B-95C5-4F5A-B190-7E6F85ECB242}.Release|ARM.ActiveCfg = Release|ARM
		{2671264B-95C5-4F5A-B190-7E6F85ECB242}.Release|ARM.Build.0 = Release|ARM
		{2671264B-95C5-4F5A-B190-7E6F85ECB242}.Release|x64.ActiveCfg = Release|x64
		{2671264B-95C5-4F5A-B190-7E6F85ECB242}.Release|x64.Build.0 = Release|x64
		{2671264B-95C5-4F5A-B190-7E6F85ECB242}.Release|x86.ActiveCfg = Release|x86
		{2671264B-95C5-4F5A-B190-7E6F85ECB242}.Release|x86.Build.0 = Release|x86
		{D1D304F2-1302-457A-82D0-C97FB005FE01}.Debug|Any CPU.ActiveCfg = Debug|Any CPU
		{D1D304F2-1302-457A-82D0-C97FB005FE01}.Debug|Any CPU.Build.0 = Debug|Any CPU
		{D1D304F2-1302-457A-82D0-C97FB005FE01}.Debug|ARM.ActiveCfg = Debug|ARM
		{D1D304F2-1302-457A-82D0-C97FB005FE01}.Debug|ARM.Build.0 = Debug|ARM
		{D1D304F2-1302-457A-82D0-C97FB005FE01}.Debug|x64.ActiveCfg = Debug|x64
		{D1D304F2-1302-457A-82D0-C97FB005FE01}.Debug|x64.Build.0 = Debug|x64
		{D1D304F2-1302-457A-82D0-C97FB005FE01}.Debug|x86.ActiveCfg = Debug|x86
		{D1D304F2-1302-457A-82D0-C97FB005FE01}.Debug|x86.Build.0 = Debug|x86
		{D1D304F2-1302-457A-82D0-C97FB005FE01}.Release|Any CPU.ActiveCfg = Release|Any CPU
		{D1D304F2-1302-457A-82D0-C97FB005FE01}.Release|Any CPU.Build.0 = Release|Any CPU
		{D1D304F2-1302-457A-82D0-C97FB005FE01}.Release|ARM.ActiveCfg = Release|ARM
		{D1D304F2-1302-457A-82D0-C97FB005FE01}.Release|ARM.Build.0 = Release|ARM
		{D1D304F2-1302-457A-82D0-C97FB005FE01}.Release|x64.ActiveCfg = Release|x64
		{D1D304F2-1302-457A-82D0-C97FB005FE01}.Release|x64.Build.0 = Release|x64
		{D1D304F2-1302-457A-82D0-C97FB005FE01}.Release|x86.ActiveCfg = Release|x86
		{D1D304F2-1302-457A-82D0-C97FB005FE01}.Release|x86.Build.0 = Release|x86
		{C1DF69CA-A20B-4DC2-B025-554F5F09EBCB}.Debug|Any CPU.ActiveCfg = Debug|Any CPU
		{C1DF69CA-A20B-4DC2-B025-554F5F09EBCB}.Debug|Any CPU.Build.0 = Debug|Any CPU
		{C1DF69CA-A20B-4DC2-B025-554F5F09EBCB}.Debug|ARM.ActiveCfg = Debug|ARM
		{C1DF69CA-A20B-4DC2-B025-554F5F09EBCB}.Debug|ARM.Build.0 = Debug|ARM
		{C1DF69CA-A20B-4DC2-B025-554F5F09EBCB}.Debug|x64.ActiveCfg = Debug|x64
		{C1DF69CA-A20B-4DC2-B025-554F5F09EBCB}.Debug|x64.Build.0 = Debug|x64
		{C1DF69CA-A20B-4DC2-B025-554F5F09EBCB}.Debug|x86.ActiveCfg = Debug|x86
		{C1DF69CA-A20B-4DC2-B025-554F5F09EBCB}.Debug|x86.Build.0 = Debug|x86
		{C1DF69CA-A20B-4DC2-B025-554F5F09EBCB}.Release|Any CPU.ActiveCfg = Release|Any CPU
		{C1DF69CA-A20B-4DC2-B025-554F5F09EBCB}.Release|Any CPU.Build.0 = Release|Any CPU
		{C1DF69CA-A20B-4DC2-B025-554F5F09EBCB}.Release|ARM.ActiveCfg = Release|ARM
		{C1DF69CA-A20B-4DC2-B025-554F5F09EBCB}.Release|ARM.Build.0 = Release|ARM
		{C1DF69CA-A20B-4DC2-B025-554F5F09EBCB}.Release|x64.ActiveCfg = Release|x64
		{C1DF69CA-A20B-4DC2-B025-554F5F09EBCB}.Release|x64.Build.0 = Release|x64
		{C1DF69CA-A20B-4DC2-B025-554F5F09EBCB}.Release|x86.ActiveCfg = Release|x86
		{C1DF69CA-A20B-4DC2-B025-554F5F09EBCB}.Release|x86.Build.0 = Release|x86
		{D31D60B7-E557-4DA3-B625-7789D69FD137}.Debug|Any CPU.ActiveCfg = Debug|Any CPU
		{D31D60B7-E557-4DA3-B625-7789D69FD137}.Debug|Any CPU.Build.0 = Debug|Any CPU
		{D31D60B7-E557-4DA3-B625-7789D69FD137}.Debug|ARM.ActiveCfg = Debug|ARM
		{D31D60B7-E557-4DA3-B625-7789D69FD137}.Debug|ARM.Build.0 = Debug|ARM
		{D31D60B7-E557-4DA3-B625-7789D69FD137}.Debug|x64.ActiveCfg = Debug|x64
		{D31D60B7-E557-4DA3-B625-7789D69FD137}.Debug|x64.Build.0 = Debug|x64
		{D31D60B7-E557-4DA3-B625-7789D69FD137}.Debug|x86.ActiveCfg = Debug|x86
		{D31D60B7-E557-4DA3-B625-7789D69FD137}.Debug|x86.Build.0 = Debug|x86
		{D31D60B7-E557-4DA3-B625-7789D69FD137}.Release|Any CPU.ActiveCfg = Release|Any CPU
		{D31D60B7-E557-4DA3-B625-7789D69FD137}.Release|Any CPU.Build.0 = Release|Any CPU
		{D31D60B7-E557-4DA3-B625-7789D69FD137}.Release|ARM.ActiveCfg = Release|ARM
		{D31D60B7-E557-4DA3-B625-7789D69FD137}.Release|ARM.Build.0 = Release|ARM
		{D31D60B7-E557-4DA3-B625-7789D69FD137}.Release|x64.ActiveCfg = Release|x64
		{D31D60B7-E557-4DA3-B625-7789D69FD137}.Release|x64.Build.0 = Release|x64
		{D31D60B7-E557-4DA3-B625-7789D69FD137}.Release|x86.ActiveCfg = Release|x86
		{D31D60B7-E557-4DA3-B625-7789D69FD137}.Release|x86.Build.0 = Release|x86
		{7AEFC459-ED7C-4D96-9E92-72609B40FBE0}.Debug|Any CPU.ActiveCfg = Debug|Any CPU
		{7AEFC459-ED7C-4D96-9E92-72609B40FBE0}.Debug|Any CPU.Build.0 = Debug|Any CPU
		{7AEFC459-ED7C-4D96-9E92-72609B40FBE0}.Debug|ARM.ActiveCfg = Debug|Any CPU
		{7AEFC459-ED7C-4D96-9E92-72609B40FBE0}.Debug|ARM.Build.0 = Debug|Any CPU
		{7AEFC459-ED7C-4D96-9E92-72609B40FBE0}.Debug|x64.ActiveCfg = Debug|Any CPU
		{7AEFC459-ED7C-4D96-9E92-72609B40FBE0}.Debug|x64.Build.0 = Debug|Any CPU
		{7AEFC459-ED7C-4D96-9E92-72609B40FBE0}.Debug|x86.ActiveCfg = Debug|Any CPU
		{7AEFC459-ED7C-4D96-9E92-72609B40FBE0}.Debug|x86.Build.0 = Debug|Any CPU
		{7AEFC459-ED7C-4D96-9E92-72609B40FBE0}.Release|Any CPU.ActiveCfg = Release|Any CPU
		{7AEFC459-ED7C-4D96-9E92-72609B40FBE0}.Release|Any CPU.Build.0 = Release|Any CPU
		{7AEFC459-ED7C-4D96-9E92-72609B40FBE0}.Release|ARM.ActiveCfg = Release|Any CPU
		{7AEFC459-ED7C-4D96-9E92-72609B40FBE0}.Release|ARM.Build.0 = Release|Any CPU
		{7AEFC459-ED7C-4D96-9E92-72609B40FBE0}.Release|x64.ActiveCfg = Release|Any CPU
		{7AEFC459-ED7C-4D96-9E92-72609B40FBE0}.Release|x64.Build.0 = Release|Any CPU
		{7AEFC459-ED7C-4D96-9E92-72609B40FBE0}.Release|x86.ActiveCfg = Release|Any CPU
		{7AEFC459-ED7C-4D96-9E92-72609B40FBE0}.Release|x86.Build.0 = Release|Any CPU
	EndGlobalSection
	GlobalSection(SolutionProperties) = preSolution
		HideSolutionNode = FALSE
	EndGlobalSection
	GlobalSection(NestedProjects) = preSolution
		{7AEFC459-ED7C-4D96-9E92-72609B40FBE0} = {39445EE6-71AA-4A93-92D7-5262AF1C4F29}
	EndGlobalSection
EndGlobal
