
Microsoft Visual Studio Solution File, Format Version 12.00
# Visual Studio 14
VisualStudioVersion = 14.0.23107.0
MinimumVisualStudioVersion = 10.0.40219.1
Project("{262852C6-CD72-467D-83FE-5EEB1973A190}") = "Microsoft.PlayerFramework.Samples", "UWP.Js.Samples\Microsoft.PlayerFramework.Samples.jsproj", "{C5BB4344-DC39-4E97-8AA1-57D4E71CC40C}"
EndProject
Project("{FAE04EC0-301F-11D3-BF4B-00C04F79EFBC}") = "Microsoft.PlayerFramework.Core", "UWP.Js.Core\Microsoft.PlayerFramework.Core.csproj", "{690BD701-D370-403C-A963-B881A6616FE7}"
EndProject
Project("{FAE04EC0-301F-11D3-BF4B-00C04F79EFBC}") = "Microsoft.Media.Advertising", "UWP.WinRT.Advertising\Microsoft.Media.Advertising.csproj", "{E4066AB3-4412-4A01-854C-B68336E01E45}"
EndProject
Project("{FAE04EC0-301F-11D3-BF4B-00C04F79EFBC}") = "Microsoft.PlayerFramework.Advertising", "UWP.Js.Advertising\Microsoft.PlayerFramework.Advertising.csproj", "{45DE3D69-D5B8-4937-939D-C3E3A2E24B9B}"
EndProject
Project("{FAE04EC0-301F-11D3-BF4B-00C04F79EFBC}") = "Microsoft.Media.Analytics", "UWP.WinRT.Analytics\Microsoft.Media.Analytics.csproj", "{812F8D33-715D-4ACB-83BA-5D379E68B08D}"
EndProject
Project("{FAE04EC0-301F-11D3-BF4B-00C04F79EFBC}") = "Microsoft.Media.Analytics.Advertising", "UWP.WinRT.Analytics.Advertising\Microsoft.Media.Analytics.Advertising.csproj", "{432F6432-4324-476F-88BC-F7B02383DD20}"
EndProject
Project("{FAE04EC0-301F-11D3-BF4B-00C04F79EFBC}") = "Microsoft.Media.AudienceInsight", "UWP.WinRT.AudienceInsight\Microsoft.Media.AudienceInsight.csproj", "{5CD9B770-41DF-4206-A28E-BA080F3FE19C}"
EndProject
Project("{FAE04EC0-301F-11D3-BF4B-00C04F79EFBC}") = "Microsoft.Media.Analytics.AudienceInsight", "UWP.WinRT.Analytics.AudienceInsight\Microsoft.Media.Analytics.AudienceInsight.csproj", "{2FE7FE7B-85E1-4C44-8845-26942A6CF924}"
EndProject
Project("{2150E333-8FDC-42A3-9474-1A3956D46DE8}") = "Lib", "Lib", "{1E4021E5-0B7F-47DF-B574-CB8DCFC3DC4B}"
EndProject
Project("{FAE04EC0-301F-11D3-BF4B-00C04F79EFBC}") = "Microsoft.Media.ISO", "Lib\Portable\Microsoft.Media.ISO\Microsoft.Media.ISO.csproj", "{F5B18650-60CD-409F-9D64-63DE7B8BF0DA}"
EndProject
Project("{FAE04EC0-301F-11D3-BF4B-00C04F79EFBC}") = "Microsoft.Media.AdaptiveStreaming.Analytics", "UWP.WinRT.AdaptiveStreaming.Analytics\Microsoft.Media.AdaptiveStreaming.Analytics.csproj", "{F20B59A5-C75B-438B-B8BE-E851F4243A3D}"
EndProject
Project("{FAE04EC0-301F-11D3-BF4B-00C04F79EFBC}") = "Microsoft.Media.AdaptiveStreaming.Dash", "UWP.WinRT.AdaptiveStreaming.Dash\Microsoft.Media.AdaptiveStreaming.Dash.csproj", "{33D565AB-8263-4F57-AA73-6DC93272E99F}"
EndProject
Project("{FAE04EC0-301F-11D3-BF4B-00C04F79EFBC}") = "Microsoft.PlayerFramework.Adaptive", "UWP.Js.Adaptive\Microsoft.PlayerFramework.Adaptive.csproj", "{8E4969E0-7DCC-4CDE-955F-01BD930DCF2E}"
EndProject
Project("{FAE04EC0-301F-11D3-BF4B-00C04F79EFBC}") = "Microsoft.Media.AdaptiveStreaming.Helper", "UWP.WinRT.AdaptiveStreaming.Helper\Microsoft.Media.AdaptiveStreaming.Helper.csproj", "{864210C0-E36E-4F41-8C3C-E38AED4E7A45}"
EndProject
Project("{FAE04EC0-301F-11D3-BF4B-00C04F79EFBC}") = "Microsoft.PlayerFramework.Analytics", "UWP.Js.Analytics\Microsoft.PlayerFramework.Analytics.csproj", "{EB1394CB-242C-4616-9DAA-8CEFD5ADF1ED}"
EndProject
Project("{FAE04EC0-301F-11D3-BF4B-00C04F79EFBC}") = "Microsoft.PlayerFramework.TimedText", "UWP.Js.TimedText\Microsoft.PlayerFramework.TimedText.csproj", "{537691FA-DAEC-47D2-B837-58172C47C048}"
EndProject
Global
	GlobalSection(SolutionConfigurationPlatforms) = preSolution
		Debug|Any CPU = Debug|Any CPU
		Debug|ARM = Debug|ARM
		Debug|x64 = Debug|x64
		Debug|x86 = Debug|x86
		Release|Any CPU = Release|Any CPU
		Release|ARM = Release|ARM
		Release|x64 = Release|x64
		Release|x86 = Release|x86
	EndGlobalSection
	GlobalSection(ProjectConfigurationPlatforms) = postSolution
		{C5BB4344-DC39-4E97-8AA1-57D4E71CC40C}.Debug|Any CPU.ActiveCfg = Debug|Any CPU
		{C5BB4344-DC39-4E97-8AA1-57D4E71CC40C}.Debug|Any CPU.Build.0 = Debug|Any CPU
		{C5BB4344-DC39-4E97-8AA1-57D4E71CC40C}.Debug|Any CPU.Deploy.0 = Debug|Any CPU
		{C5BB4344-DC39-4E97-8AA1-57D4E71CC40C}.Debug|ARM.ActiveCfg = Debug|ARM
		{C5BB4344-DC39-4E97-8AA1-57D4E71CC40C}.Debug|ARM.Build.0 = Debug|ARM
		{C5BB4344-DC39-4E97-8AA1-57D4E71CC40C}.Debug|ARM.Deploy.0 = Debug|ARM
		{C5BB4344-DC39-4E97-8AA1-57D4E71CC40C}.Debug|x64.ActiveCfg = Debug|x64
		{C5BB4344-DC39-4E97-8AA1-57D4E71CC40C}.Debug|x64.Build.0 = Debug|x64
		{C5BB4344-DC39-4E97-8AA1-57D4E71CC40C}.Debug|x64.Deploy.0 = Debug|x64
		{C5BB4344-DC39-4E97-8AA1-57D4E71CC40C}.Debug|x86.ActiveCfg = Debug|x86
		{C5BB4344-DC39-4E97-8AA1-57D4E71CC40C}.Debug|x86.Build.0 = Debug|x86
		{C5BB4344-DC39-4E97-8AA1-57D4E71CC40C}.Debug|x86.Deploy.0 = Debug|x86
		{C5BB4344-DC39-4E97-8AA1-57D4E71CC40C}.Release|Any CPU.ActiveCfg = Release|Any CPU
		{C5BB4344-DC39-4E97-8AA1-57D4E71CC40C}.Release|Any CPU.Build.0 = Release|Any CPU
		{C5BB4344-DC39-4E97-8AA1-57D4E71CC40C}.Release|Any CPU.Deploy.0 = Release|Any CPU
		{C5BB4344-DC39-4E97-8AA1-57D4E71CC40C}.Release|ARM.ActiveCfg = Release|ARM
		{C5BB4344-DC39-4E97-8AA1-57D4E71CC40C}.Release|ARM.Build.0 = Release|ARM
		{C5BB4344-DC39-4E97-8AA1-57D4E71CC40C}.Release|ARM.Deploy.0 = Release|ARM
		{C5BB4344-DC39-4E97-8AA1-57D4E71CC40C}.Release|x64.ActiveCfg = Release|x64
		{C5BB4344-DC39-4E97-8AA1-57D4E71CC40C}.Release|x64.Build.0 = Release|x64
		{C5BB4344-DC39-4E97-8AA1-57D4E71CC40C}.Release|x64.Deploy.0 = Release|x64
		{C5BB4344-DC39-4E97-8AA1-57D4E71CC40C}.Release|x86.ActiveCfg = Release|x86
		{C5BB4344-DC39-4E97-8AA1-57D4E71CC40C}.Release|x86.Build.0 = Release|x86
		{C5BB4344-DC39-4E97-8AA1-57D4E71CC40C}.Release|x86.Deploy.0 = Release|x86
		{690BD701-D370-403C-A963-B881A6616FE7}.Debug|Any CPU.ActiveCfg = Debug|Any CPU
		{690BD701-D370-403C-A963-B881A6616FE7}.Debug|Any CPU.Build.0 = Debug|Any CPU
		{690BD701-D370-403C-A963-B881A6616FE7}.Debug|ARM.ActiveCfg = Debug|ARM
		{690BD701-D370-403C-A963-B881A6616FE7}.Debug|ARM.Build.0 = Debug|ARM
		{690BD701-D370-403C-A963-B881A6616FE7}.Debug|x64.ActiveCfg = Debug|x64
		{690BD701-D370-403C-A963-B881A6616FE7}.Debug|x64.Build.0 = Debug|x64
		{690BD701-D370-403C-A963-B881A6616FE7}.Debug|x86.ActiveCfg = Debug|x86
		{690BD701-D370-403C-A963-B881A6616FE7}.Debug|x86.Build.0 = Debug|x86
		{690BD701-D370-403C-A963-B881A6616FE7}.Release|Any CPU.ActiveCfg = Release|Any CPU
		{690BD701-D370-403C-A963-B881A6616FE7}.Release|Any CPU.Build.0 = Release|Any CPU
		{690BD701-D370-403C-A963-B881A6616FE7}.Release|ARM.ActiveCfg = Release|ARM
		{690BD701-D370-403C-A963-B881A6616FE7}.Release|ARM.Build.0 = Release|ARM
		{690BD701-D370-403C-A963-B881A6616FE7}.Release|x64.ActiveCfg = Release|x64
		{690BD701-D370-403C-A963-B881A6616FE7}.Release|x64.Build.0 = Release|x64
		{690BD701-D370-403C-A963-B881A6616FE7}.Release|x86.ActiveCfg = Release|x86
		{690BD701-D370-403C-A963-B881A6616FE7}.Release|x86.Build.0 = Release|x86
		{E4066AB3-4412-4A01-854C-B68336E01E45}.Debug|Any CPU.ActiveCfg = Debug|Any CPU
		{E4066AB3-4412-4A01-854C-B68336E01E45}.Debug|Any CPU.Build.0 = Debug|Any CPU
		{E4066AB3-4412-4A01-854C-B68336E01E45}.Debug|ARM.ActiveCfg = Debug|ARM
		{E4066AB3-4412-4A01-854C-B68336E01E45}.Debug|ARM.Build.0 = Debug|ARM
		{E4066AB3-4412-4A01-854C-B68336E01E45}.Debug|x64.ActiveCfg = Debug|x64
		{E4066AB3-4412-4A01-854C-B68336E01E45}.Debug|x64.Build.0 = Debug|x64
		{E4066AB3-4412-4A01-854C-B68336E01E45}.Debug|x86.ActiveCfg = Debug|x86
		{E4066AB3-4412-4A01-854C-B68336E01E45}.Debug|x86.Build.0 = Debug|x86
		{E4066AB3-4412-4A01-854C-B68336E01E45}.Release|Any CPU.ActiveCfg = Release|Any CPU
		{E4066AB3-4412-4A01-854C-B68336E01E45}.Release|Any CPU.Build.0 = Release|Any CPU
		{E4066AB3-4412-4A01-854C-B68336E01E45}.Release|ARM.ActiveCfg = Release|ARM
		{E4066AB3-4412-4A01-854C-B68336E01E45}.Release|ARM.Build.0 = Release|ARM
		{E4066AB3-4412-4A01-854C-B68336E01E45}.Release|x64.ActiveCfg = Release|x64
		{E4066AB3-4412-4A01-854C-B68336E01E45}.Release|x64.Build.0 = Release|x64
		{E4066AB3-4412-4A01-854C-B68336E01E45}.Release|x86.ActiveCfg = Release|x86
		{E4066AB3-4412-4A01-854C-B68336E01E45}.Release|x86.Build.0 = Release|x86
		{45DE3D69-D5B8-4937-939D-C3E3A2E24B9B}.Debug|Any CPU.ActiveCfg = Debug|Any CPU
		{45DE3D69-D5B8-4937-939D-C3E3A2E24B9B}.Debug|Any CPU.Build.0 = Debug|Any CPU
		{45DE3D69-D5B8-4937-939D-C3E3A2E24B9B}.Debug|ARM.ActiveCfg = Debug|ARM
		{45DE3D69-D5B8-4937-939D-C3E3A2E24B9B}.Debug|ARM.Build.0 = Debug|ARM
		{45DE3D69-D5B8-4937-939D-C3E3A2E24B9B}.Debug|x64.ActiveCfg = Debug|x64
		{45DE3D69-D5B8-4937-939D-C3E3A2E24B9B}.Debug|x64.Build.0 = Debug|x64
		{45DE3D69-D5B8-4937-939D-C3E3A2E24B9B}.Debug|x86.ActiveCfg = Debug|x86
		{45DE3D69-D5B8-4937-939D-C3E3A2E24B9B}.Debug|x86.Build.0 = Debug|x86
		{45DE3D69-D5B8-4937-939D-C3E3A2E24B9B}.Release|Any CPU.ActiveCfg = Release|Any CPU
		{45DE3D69-D5B8-4937-939D-C3E3A2E24B9B}.Release|Any CPU.Build.0 = Release|Any CPU
		{45DE3D69-D5B8-4937-939D-C3E3A2E24B9B}.Release|ARM.ActiveCfg = Release|ARM
		{45DE3D69-D5B8-4937-939D-C3E3A2E24B9B}.Release|ARM.Build.0 = Release|ARM
		{45DE3D69-D5B8-4937-939D-C3E3A2E24B9B}.Release|x64.ActiveCfg = Release|x64
		{45DE3D69-D5B8-4937-939D-C3E3A2E24B9B}.Release|x64.Build.0 = Release|x64
		{45DE3D69-D5B8-4937-939D-C3E3A2E24B9B}.Release|x86.ActiveCfg = Release|x86
		{45DE3D69-D5B8-4937-939D-C3E3A2E24B9B}.Release|x86.Build.0 = Release|x86
		{812F8D33-715D-4ACB-83BA-5D379E68B08D}.Debug|Any CPU.ActiveCfg = Debug|Any CPU
		{812F8D33-715D-4ACB-83BA-5D379E68B08D}.Debug|Any CPU.Build.0 = Debug|Any CPU
		{812F8D33-715D-4ACB-83BA-5D379E68B08D}.Debug|ARM.ActiveCfg = Debug|ARM
		{812F8D33-715D-4ACB-83BA-5D379E68B08D}.Debug|ARM.Build.0 = Debug|ARM
		{812F8D33-715D-4ACB-83BA-5D379E68B08D}.Debug|x64.ActiveCfg = Debug|x64
		{812F8D33-715D-4ACB-83BA-5D379E68B08D}.Debug|x64.Build.0 = Debug|x64
		{812F8D33-715D-4ACB-83BA-5D379E68B08D}.Debug|x86.ActiveCfg = Debug|x86
		{812F8D33-715D-4ACB-83BA-5D379E68B08D}.Debug|x86.Build.0 = Debug|x86
		{812F8D33-715D-4ACB-83BA-5D379E68B08D}.Release|Any CPU.ActiveCfg = Release|Any CPU
		{812F8D33-715D-4ACB-83BA-5D379E68B08D}.Release|Any CPU.Build.0 = Release|Any CPU
		{812F8D33-715D-4ACB-83BA-5D379E68B08D}.Release|ARM.ActiveCfg = Release|ARM
		{812F8D33-715D-4ACB-83BA-5D379E68B08D}.Release|ARM.Build.0 = Release|ARM
		{812F8D33-715D-4ACB-83BA-5D379E68B08D}.Release|x64.ActiveCfg = Release|x64
		{812F8D33-715D-4ACB-83BA-5D379E68B08D}.Release|x64.Build.0 = Release|x64
		{812F8D33-715D-4ACB-83BA-5D379E68B08D}.Release|x86.ActiveCfg = Release|x86
		{812F8D33-715D-4ACB-83BA-5D379E68B08D}.Release|x86.Build.0 = Release|x86
		{432F6432-4324-476F-88BC-F7B02383DD20}.Debug|Any CPU.ActiveCfg = Debug|Any CPU
		{432F6432-4324-476F-88BC-F7B02383DD20}.Debug|Any CPU.Build.0 = Debug|Any CPU
		{432F6432-4324-476F-88BC-F7B02383DD20}.Debug|ARM.ActiveCfg = Debug|ARM
		{432F6432-4324-476F-88BC-F7B02383DD20}.Debug|ARM.Build.0 = Debug|ARM
		{432F6432-4324-476F-88BC-F7B02383DD20}.Debug|x64.ActiveCfg = Debug|x64
		{432F6432-4324-476F-88BC-F7B02383DD20}.Debug|x64.Build.0 = Debug|x64
		{432F6432-4324-476F-88BC-F7B02383DD20}.Debug|x86.ActiveCfg = Debug|x86
		{432F6432-4324-476F-88BC-F7B02383DD20}.Debug|x86.Build.0 = Debug|x86
		{432F6432-4324-476F-88BC-F7B02383DD20}.Release|Any CPU.ActiveCfg = Release|Any CPU
		{432F6432-4324-476F-88BC-F7B02383DD20}.Release|Any CPU.Build.0 = Release|Any CPU
		{432F6432-4324-476F-88BC-F7B02383DD20}.Release|ARM.ActiveCfg = Release|ARM
		{432F6432-4324-476F-88BC-F7B02383DD20}.Release|ARM.Build.0 = Release|ARM
		{432F6432-4324-476F-88BC-F7B02383DD20}.Release|x64.ActiveCfg = Release|x64
		{432F6432-4324-476F-88BC-F7B02383DD20}.Release|x64.Build.0 = Release|x64
		{432F6432-4324-476F-88BC-F7B02383DD20}.Release|x86.ActiveCfg = Release|x86
		{432F6432-4324-476F-88BC-F7B02383DD20}.Release|x86.Build.0 = Release|x86
		{5CD9B770-41DF-4206-A28E-BA080F3FE19C}.Debug|Any CPU.ActiveCfg = Debug|Any CPU
		{5CD9B770-41DF-4206-A28E-BA080F3FE19C}.Debug|Any CPU.Build.0 = Debug|Any CPU
		{5CD9B770-41DF-4206-A28E-BA080F3FE19C}.Debug|ARM.ActiveCfg = Debug|ARM
		{5CD9B770-41DF-4206-A28E-BA080F3FE19C}.Debug|ARM.Build.0 = Debug|ARM
		{5CD9B770-41DF-4206-A28E-BA080F3FE19C}.Debug|x64.ActiveCfg = Debug|x64
		{5CD9B770-41DF-4206-A28E-BA080F3FE19C}.Debug|x64.Build.0 = Debug|x64
		{5CD9B770-41DF-4206-A28E-BA080F3FE19C}.Debug|x86.ActiveCfg = Debug|x86
		{5CD9B770-41DF-4206-A28E-BA080F3FE19C}.Debug|x86.Build.0 = Debug|x86
		{5CD9B770-41DF-4206-A28E-BA080F3FE19C}.Release|Any CPU.ActiveCfg = Release|Any CPU
		{5CD9B770-41DF-4206-A28E-BA080F3FE19C}.Release|Any CPU.Build.0 = Release|Any CPU
		{5CD9B770-41DF-4206-A28E-BA080F3FE19C}.Release|ARM.ActiveCfg = Release|ARM
		{5CD9B770-41DF-4206-A28E-BA080F3FE19C}.Release|ARM.Build.0 = Release|ARM
		{5CD9B770-41DF-4206-A28E-BA080F3FE19C}.Release|x64.ActiveCfg = Release|x64
		{5CD9B770-41DF-4206-A28E-BA080F3FE19C}.Release|x64.Build.0 = Release|x64
		{5CD9B770-41DF-4206-A28E-BA080F3FE19C}.Release|x86.ActiveCfg = Release|x86
		{5CD9B770-41DF-4206-A28E-BA080F3FE19C}.Release|x86.Build.0 = Release|x86
		{2FE7FE7B-85E1-4C44-8845-26942A6CF924}.Debug|Any CPU.ActiveCfg = Debug|Any CPU
		{2FE7FE7B-85E1-4C44-8845-26942A6CF924}.Debug|Any CPU.Build.0 = Debug|Any CPU
		{2FE7FE7B-85E1-4C44-8845-26942A6CF924}.Debug|ARM.ActiveCfg = Debug|ARM
		{2FE7FE7B-85E1-4C44-8845-26942A6CF924}.Debug|ARM.Build.0 = Debug|ARM
		{2FE7FE7B-85E1-4C44-8845-26942A6CF924}.Debug|x64.ActiveCfg = Debug|x64
		{2FE7FE7B-85E1-4C44-8845-26942A6CF924}.Debug|x64.Build.0 = Debug|x64
		{2FE7FE7B-85E1-4C44-8845-26942A6CF924}.Debug|x86.ActiveCfg = Debug|x86
		{2FE7FE7B-85E1-4C44-8845-26942A6CF924}.Debug|x86.Build.0 = Debug|x86
		{2FE7FE7B-85E1-4C44-8845-26942A6CF924}.Release|Any CPU.ActiveCfg = Release|Any CPU
		{2FE7FE7B-85E1-4C44-8845-26942A6CF924}.Release|Any CPU.Build.0 = Release|Any CPU
		{2FE7FE7B-85E1-4C44-8845-26942A6CF924}.Release|ARM.ActiveCfg = Release|ARM
		{2FE7FE7B-85E1-4C44-8845-26942A6CF924}.Release|ARM.Build.0 = Release|ARM
		{2FE7FE7B-85E1-4C44-8845-26942A6CF924}.Release|x64.ActiveCfg = Release|x64
		{2FE7FE7B-85E1-4C44-8845-26942A6CF924}.Release|x64.Build.0 = Release|x64
		{2FE7FE7B-85E1-4C44-8845-26942A6CF924}.Release|x86.ActiveCfg = Release|x86
		{2FE7FE7B-85E1-4C44-8845-26942A6CF924}.Release|x86.Build.0 = Release|x86
		{F5B18650-60CD-409F-9D64-63DE7B8BF0DA}.Debug|Any CPU.ActiveCfg = Debug|Any CPU
		{F5B18650-60CD-409F-9D64-63DE7B8BF0DA}.Debug|Any CPU.Build.0 = Debug|Any CPU
		{F5B18650-60CD-409F-9D64-63DE7B8BF0DA}.Debug|ARM.ActiveCfg = Debug|Any CPU
		{F5B18650-60CD-409F-9D64-63DE7B8BF0DA}.Debug|ARM.Build.0 = Debug|Any CPU
		{F5B18650-60CD-409F-9D64-63DE7B8BF0DA}.Debug|x64.ActiveCfg = Debug|Any CPU
		{F5B18650-60CD-409F-9D64-63DE7B8BF0DA}.Debug|x64.Build.0 = Debug|Any CPU
		{F5B18650-60CD-409F-9D64-63DE7B8BF0DA}.Debug|x86.ActiveCfg = Debug|Any CPU
		{F5B18650-60CD-409F-9D64-63DE7B8BF0DA}.Debug|x86.Build.0 = Debug|Any CPU
		{F5B18650-60CD-409F-9D64-63DE7B8BF0DA}.Release|Any CPU.ActiveCfg = Release|Any CPU
		{F5B18650-60CD-409F-9D64-63DE7B8BF0DA}.Release|Any CPU.Build.0 = Release|Any CPU
		{F5B18650-60CD-409F-9D64-63DE7B8BF0DA}.Release|ARM.ActiveCfg = Release|Any CPU
		{F5B18650-60CD-409F-9D64-63DE7B8BF0DA}.Release|ARM.Build.0 = Release|Any CPU
		{F5B18650-60CD-409F-9D64-63DE7B8BF0DA}.Release|x64.ActiveCfg = Release|Any CPU
		{F5B18650-60CD-409F-9D64-63DE7B8BF0DA}.Release|x64.Build.0 = Release|Any CPU
		{F5B18650-60CD-409F-9D64-63DE7B8BF0DA}.Release|x86.ActiveCfg = Release|Any CPU
		{F5B18650-60CD-409F-9D64-63DE7B8BF0DA}.Release|x86.Build.0 = Release|Any CPU
		{F20B59A5-C75B-438B-B8BE-E851F4243A3D}.Debug|Any CPU.ActiveCfg = Debug|Any CPU
		{F20B59A5-C75B-438B-B8BE-E851F4243A3D}.Debug|Any CPU.Build.0 = Debug|Any CPU
		{F20B59A5-C75B-438B-B8BE-E851F4243A3D}.Debug|ARM.ActiveCfg = Debug|ARM
		{F20B59A5-C75B-438B-B8BE-E851F4243A3D}.Debug|ARM.Build.0 = Debug|ARM
		{F20B59A5-C75B-438B-B8BE-E851F4243A3D}.Debug|x64.ActiveCfg = Debug|x64
		{F20B59A5-C75B-438B-B8BE-E851F4243A3D}.Debug|x64.Build.0 = Debug|x64
		{F20B59A5-C75B-438B-B8BE-E851F4243A3D}.Debug|x86.ActiveCfg = Debug|x86
		{F20B59A5-C75B-438B-B8BE-E851F4243A3D}.Debug|x86.Build.0 = Debug|x86
		{F20B59A5-C75B-438B-B8BE-E851F4243A3D}.Release|Any CPU.ActiveCfg = Release|Any CPU
		{F20B59A5-C75B-438B-B8BE-E851F4243A3D}.Release|Any CPU.Build.0 = Release|Any CPU
		{F20B59A5-C75B-438B-B8BE-E851F4243A3D}.Release|ARM.ActiveCfg = Release|ARM
		{F20B59A5-C75B-438B-B8BE-E851F4243A3D}.Release|ARM.Build.0 = Release|ARM
		{F20B59A5-C75B-438B-B8BE-E851F4243A3D}.Release|x64.ActiveCfg = Release|x64
		{F20B59A5-C75B-438B-B8BE-E851F4243A3D}.Release|x64.Build.0 = Release|x64
		{F20B59A5-C75B-438B-B8BE-E851F4243A3D}.Release|x86.ActiveCfg = Release|x86
		{F20B59A5-C75B-438B-B8BE-E851F4243A3D}.Release|x86.Build.0 = Release|x86
		{33D565AB-8263-4F57-AA73-6DC93272E99F}.Debug|Any CPU.ActiveCfg = Debug|Any CPU
		{33D565AB-8263-4F57-AA73-6DC93272E99F}.Debug|Any CPU.Build.0 = Debug|Any CPU
		{33D565AB-8263-4F57-AA73-6DC93272E99F}.Debug|ARM.ActiveCfg = Debug|ARM
		{33D565AB-8263-4F57-AA73-6DC93272E99F}.Debug|ARM.Build.0 = Debug|ARM
		{33D565AB-8263-4F57-AA73-6DC93272E99F}.Debug|x64.ActiveCfg = Debug|x64
		{33D565AB-8263-4F57-AA73-6DC93272E99F}.Debug|x64.Build.0 = Debug|x64
		{33D565AB-8263-4F57-AA73-6DC93272E99F}.Debug|x86.ActiveCfg = Debug|x86
		{33D565AB-8263-4F57-AA73-6DC93272E99F}.Debug|x86.Build.0 = Debug|x86
		{33D565AB-8263-4F57-AA73-6DC93272E99F}.Release|Any CPU.ActiveCfg = Release|Any CPU
		{33D565AB-8263-4F57-AA73-6DC93272E99F}.Release|Any CPU.Build.0 = Release|Any CPU
		{33D565AB-8263-4F57-AA73-6DC93272E99F}.Release|ARM.ActiveCfg = Release|ARM
		{33D565AB-8263-4F57-AA73-6DC93272E99F}.Release|ARM.Build.0 = Release|ARM
		{33D565AB-8263-4F57-AA73-6DC93272E99F}.Release|x64.ActiveCfg = Release|x64
		{33D565AB-8263-4F57-AA73-6DC93272E99F}.Release|x64.Build.0 = Release|x64
		{33D565AB-8263-4F57-AA73-6DC93272E99F}.Release|x86.ActiveCfg = Release|x86
		{33D565AB-8263-4F57-AA73-6DC93272E99F}.Release|x86.Build.0 = Release|x86
		{8E4969E0-7DCC-4CDE-955F-01BD930DCF2E}.Debug|Any CPU.ActiveCfg = Debug|Any CPU
		{8E4969E0-7DCC-4CDE-955F-01BD930DCF2E}.Debug|Any CPU.Build.0 = Debug|Any CPU
		{8E4969E0-7DCC-4CDE-955F-01BD930DCF2E}.Debug|ARM.ActiveCfg = Debug|ARM
		{8E4969E0-7DCC-4CDE-955F-01BD930DCF2E}.Debug|ARM.Build.0 = Debug|ARM
		{8E4969E0-7DCC-4CDE-955F-01BD930DCF2E}.Debug|x64.ActiveCfg = Debug|x64
		{8E4969E0-7DCC-4CDE-955F-01BD930DCF2E}.Debug|x64.Build.0 = Debug|x64
		{8E4969E0-7DCC-4CDE-955F-01BD930DCF2E}.Debug|x86.ActiveCfg = Debug|x86
		{8E4969E0-7DCC-4CDE-955F-01BD930DCF2E}.Debug|x86.Build.0 = Debug|x86
		{8E4969E0-7DCC-4CDE-955F-01BD930DCF2E}.Release|Any CPU.ActiveCfg = Release|Any CPU
		{8E4969E0-7DCC-4CDE-955F-01BD930DCF2E}.Release|Any CPU.Build.0 = Release|Any CPU
		{8E4969E0-7DCC-4CDE-955F-01BD930DCF2E}.Release|ARM.ActiveCfg = Release|ARM
		{8E4969E0-7DCC-4CDE-955F-01BD930DCF2E}.Release|ARM.Build.0 = Release|ARM
		{8E4969E0-7DCC-4CDE-955F-01BD930DCF2E}.Release|x64.ActiveCfg = Release|x64
		{8E4969E0-7DCC-4CDE-955F-01BD930DCF2E}.Release|x64.Build.0 = Release|x64
		{8E4969E0-7DCC-4CDE-955F-01BD930DCF2E}.Release|x86.ActiveCfg = Release|x86
		{8E4969E0-7DCC-4CDE-955F-01BD930DCF2E}.Release|x86.Build.0 = Release|x86
		{864210C0-E36E-4F41-8C3C-E38AED4E7A45}.Debug|Any CPU.ActiveCfg = Debug|Any CPU
		{864210C0-E36E-4F41-8C3C-E38AED4E7A45}.Debug|Any CPU.Build.0 = Debug|Any CPU
		{864210C0-E36E-4F41-8C3C-E38AED4E7A45}.Debug|ARM.ActiveCfg = Debug|ARM
		{864210C0-E36E-4F41-8C3C-E38AED4E7A45}.Debug|ARM.Build.0 = Debug|ARM
		{864210C0-E36E-4F41-8C3C-E38AED4E7A45}.Debug|x64.ActiveCfg = Debug|x64
		{864210C0-E36E-4F41-8C3C-E38AED4E7A45}.Debug|x64.Build.0 = Debug|x64
		{864210C0-E36E-4F41-8C3C-E38AED4E7A45}.Debug|x86.ActiveCfg = Debug|x86
		{864210C0-E36E-4F41-8C3C-E38AED4E7A45}.Debug|x86.Build.0 = Debug|x86
		{864210C0-E36E-4F41-8C3C-E38AED4E7A45}.Release|Any CPU.ActiveCfg = Release|Any CPU
		{864210C0-E36E-4F41-8C3C-E38AED4E7A45}.Release|Any CPU.Build.0 = Release|Any CPU
		{864210C0-E36E-4F41-8C3C-E38AED4E7A45}.Release|ARM.ActiveCfg = Release|ARM
		{864210C0-E36E-4F41-8C3C-E38AED4E7A45}.Release|ARM.Build.0 = Release|ARM
		{864210C0-E36E-4F41-8C3C-E38AED4E7A45}.Release|x64.ActiveCfg = Release|x64
		{864210C0-E36E-4F41-8C3C-E38AED4E7A45}.Release|x64.Build.0 = Release|x64
		{864210C0-E36E-4F41-8C3C-E38AED4E7A45}.Release|x86.ActiveCfg = Release|x86
		{864210C0-E36E-4F41-8C3C-E38AED4E7A45}.Release|x86.Build.0 = Release|x86
		{EB1394CB-242C-4616-9DAA-8CEFD5ADF1ED}.Debug|Any CPU.ActiveCfg = Debug|Any CPU
		{EB1394CB-242C-4616-9DAA-8CEFD5ADF1ED}.Debug|Any CPU.Build.0 = Debug|Any CPU
		{EB1394CB-242C-4616-9DAA-8CEFD5ADF1ED}.Debug|ARM.ActiveCfg = Debug|ARM
		{EB1394CB-242C-4616-9DAA-8CEFD5ADF1ED}.Debug|ARM.Build.0 = Debug|ARM
		{EB1394CB-242C-4616-9DAA-8CEFD5ADF1ED}.Debug|x64.ActiveCfg = Debug|x64
		{EB1394CB-242C-4616-9DAA-8CEFD5ADF1ED}.Debug|x64.Build.0 = Debug|x64
		{EB1394CB-242C-4616-9DAA-8CEFD5ADF1ED}.Debug|x86.ActiveCfg = Debug|x86
		{EB1394CB-242C-4616-9DAA-8CEFD5ADF1ED}.Debug|x86.Build.0 = Debug|x86
		{EB1394CB-242C-4616-9DAA-8CEFD5ADF1ED}.Release|Any CPU.ActiveCfg = Release|Any CPU
		{EB1394CB-242C-4616-9DAA-8CEFD5ADF1ED}.Release|Any CPU.Build.0 = Release|Any CPU
		{EB1394CB-242C-4616-9DAA-8CEFD5ADF1ED}.Release|ARM.ActiveCfg = Release|ARM
		{EB1394CB-242C-4616-9DAA-8CEFD5ADF1ED}.Release|ARM.Build.0 = Release|ARM
		{EB1394CB-242C-4616-9DAA-8CEFD5ADF1ED}.Release|x64.ActiveCfg = Release|x64
		{EB1394CB-242C-4616-9DAA-8CEFD5ADF1ED}.Release|x64.Build.0 = Release|x64
		{EB1394CB-242C-4616-9DAA-8CEFD5ADF1ED}.Release|x86.ActiveCfg = Release|x86
		{EB1394CB-242C-4616-9DAA-8CEFD5ADF1ED}.Release|x86.Build.0 = Release|x86
		{537691FA-DAEC-47D2-B837-58172C47C048}.Debug|Any CPU.ActiveCfg = Debug|Any CPU
		{537691FA-DAEC-47D2-B837-58172C47C048}.Debug|Any CPU.Build.0 = Debug|Any CPU
		{537691FA-DAEC-47D2-B837-58172C47C048}.Debug|ARM.ActiveCfg = Debug|ARM
		{537691FA-DAEC-47D2-B837-58172C47C048}.Debug|ARM.Build.0 = Debug|ARM
		{537691FA-DAEC-47D2-B837-58172C47C048}.Debug|x64.ActiveCfg = Debug|x64
		{537691FA-DAEC-47D2-B837-58172C47C048}.Debug|x64.Build.0 = Debug|x64
		{537691FA-DAEC-47D2-B837-58172C47C048}.Debug|x86.ActiveCfg = Debug|x86
		{537691FA-DAEC-47D2-B837-58172C47C048}.Debug|x86.Build.0 = Debug|x86
		{537691FA-DAEC-47D2-B837-58172C47C048}.Release|Any CPU.ActiveCfg = Release|Any CPU
		{537691FA-DAEC-47D2-B837-58172C47C048}.Release|Any CPU.Build.0 = Release|Any CPU
		{537691FA-DAEC-47D2-B837-58172C47C048}.Release|ARM.ActiveCfg = Release|ARM
		{537691FA-DAEC-47D2-B837-58172C47C048}.Release|ARM.Build.0 = Release|ARM
		{537691FA-DAEC-47D2-B837-58172C47C048}.Release|x64.ActiveCfg = Release|x64
		{537691FA-DAEC-47D2-B837-58172C47C048}.Release|x64.Build.0 = Release|x64
		{537691FA-DAEC-47D2-B837-58172C47C048}.Release|x86.ActiveCfg = Release|x86
		{537691FA-DAEC-47D2-B837-58172C47C048}.Release|x86.Build.0 = Release|x86
	EndGlobalSection
	GlobalSection(SolutionProperties) = preSolution
		HideSolutionNode = FALSE
	EndGlobalSection
	GlobalSection(NestedProjects) = preSolution
		{F5B18650-60CD-409F-9D64-63DE7B8BF0DA} = {1E4021E5-0B7F-47DF-B574-CB8DCFC3DC4B}
	EndGlobalSection
EndGlobal
