Microsoft Visual Studio Solution File, Format Version 12.00
# Visual Studio 2012
Project("{FAE04EC0-301F-11D3-BF4B-00C04F79EFBC}") = "Microsoft.PlayerFramework.Xaml", "Win8.Xaml\Microsoft.PlayerFramework.Xaml.csproj", "{81AE6F43-2BA7-4E89-8D7C-A78B152222BD}"
EndProject
Project("{FAE04EC0-301F-11D3-BF4B-00C04F79EFBC}") = "Microsoft.PlayerFramework.Xaml.CaptionMarkers", "Win8.Xaml.CaptionMarkers\Microsoft.PlayerFramework.Xaml.CaptionMarkers.csproj", "{46262466-50E8-4ACB-BB8D-6973AE6D00DD}"
EndProject
Project("{FAE04EC0-301F-11D3-BF4B-00C04F79EFBC}") = "Microsoft.PlayerFramework.Xaml.Adaptive", "Win8.Xaml.Adaptive\Microsoft.PlayerFramework.Xaml.Adaptive.csproj", "{66C646D5-855A-4CA9-91E2-190C6834F7C0}"
EndProject
Project("{FAE04EC0-301F-11D3-BF4B-00C04F79EFBC}") = "Microsoft.TimedText", "Win8.TimedText\Microsoft.TimedText.csproj", "{D1F1EA17-4A91-4F3B-A243-F2B41D6CBCE6}"
EndProject
Project("{FAE04EC0-301F-11D3-BF4B-00C04F79EFBC}") = "Microsoft.PlayerFramework.Xaml.TimedText", "Win8.Xaml.TimedText\Microsoft.PlayerFramework.Xaml.TimedText.csproj", "{54FB8BF9-02DF-490F-9837-0195AFD3F1AA}"
EndProject
Project("{FAE04EC0-301F-11D3-BF4B-00C04F79EFBC}") = "Microsoft.PlayerFramework.Xaml.Advertising", "Win8.Xaml.Advertising\Microsoft.PlayerFramework.Xaml.Advertising.csproj", "{2E19FE19-9B06-416D-8FFC-C432D6285CB9}"
EndProject
Project("{FAE04EC0-301F-11D3-BF4B-00C04F79EFBC}") = "Microsoft.AdaptiveStreaming", "Win8.AdaptiveStreaming\Microsoft.AdaptiveStreaming.csproj", "{B252FC20-5150-43D0-BB77-802DF3231EF1}"
EndProject
Project("{FAE04EC0-301F-11D3-BF4B-00C04F79EFBC}") = "Microsoft.VideoAdvertising", "Win8.VideoAdvertising\Microsoft.VideoAdvertising.csproj", "{F863EDC6-2886-4D39-A578-89F4FF729D82}"
EndProject
Project("{2150E333-8FDC-42A3-9474-1A3956D46DE8}") = "Samples", "Samples", "{AD2126A2-2949-439C-909C-AC42D1E82C3C}"
EndProject
Project("{FAE04EC0-301F-11D3-BF4B-00C04F79EFBC}") = "Microsoft.PlayerFramework.Xaml.Units.Advertising", "Win8.Xaml.Units.Advertising\Metro.Xaml.Units.Advertising\Microsoft.PlayerFramework.Xaml.Units.Advertising.csproj", "{011C62D0-A7D0-406A-AC21-BB7827832F99}"
EndProject
Project("{FAE04EC0-301F-11D3-BF4B-00C04F79EFBC}") = "Microsoft.PlayerFramework.Xaml.Samples", "Win8.Xaml.Samples\Microsoft.PlayerFramework.Xaml.Samples.csproj", "{0BD03CD2-8D1D-4BAC-8656-D3CF66274186}"
EndProject
Project("{2150E333-8FDC-42A3-9474-1A3956D46DE8}") = "Tests", "Tests", "{D3EFE0EF-816A-40EF-B156-4366234588F5}"
EndProject
Project("{FAE04EC0-301F-11D3-BF4B-00C04F79EFBC}") = "Microsoft.PlayerFramework.Xaml.Localize", "Win8.Xaml.Localize\Microsoft.PlayerFramework.Xaml.Localize.csproj", "{861FF007-D70F-41F8-800C-DDE9E600DCC4}"
EndProject
Project("{FAE04EC0-301F-11D3-BF4B-00C04F79EFBC}") = "Microsoft.VideoAnalytics", "Win8.VideoAnalytics\Microsoft.VideoAnalytics.csproj", "{961CE8EE-F4BE-403F-AC06-A53CE1C7CE4C}"
EndProject
Project("{FAE04EC0-301F-11D3-BF4B-00C04F79EFBC}") = "Microsoft.AdaptiveStreaming.Analytics", "Win8.AdaptiveStreaming.Analytics\Microsoft.AdaptiveStreaming.Analytics.csproj", "{BFD7F8CB-C154-43E8-9647-D1F8005F71AB}"
EndProject
Project("{FAE04EC0-301F-11D3-BF4B-00C04F79EFBC}") = "Microsoft.PlayerFramework.Xaml.Analytics", "Win8.Xaml.Analytics\Microsoft.PlayerFramework.Xaml.Analytics.csproj", "{DA1F6F23-4C7F-4E0C-8884-F283EE0F3633}"
EndProject
Project("{2150E333-8FDC-42A3-9474-1A3956D46DE8}") = "Lib", "Lib", "{68569401-D8C4-4AE5-A5AB-9301EBC6C061}"
EndProject
Project("{FAE04EC0-301F-11D3-BF4B-00C04F79EFBC}") = "Microsoft.WebVTT", "Win8.WebVTT\Microsoft.WebVTT.csproj", "{A3ABCCAA-B41B-4AB6-A1D9-A1E0D939B140}"
EndProject
Project("{FAE04EC0-301F-11D3-BF4B-00C04F79EFBC}") = "Microsoft.PlayerFramework.Xaml.WebVTT", "Win8.Xaml.WebVTT\Microsoft.PlayerFramework.Xaml.WebVTT.csproj", "{2BA82C57-A6FE-4B07-A2D9-FCEC84E8650D}"
EndProject
Project("{FAE04EC0-301F-11D3-BF4B-00C04F79EFBC}") = "Microsoft.Media.ISO", "Lib\Portable\Microsoft.Media.ISO\Microsoft.Media.ISO.csproj", "{F5B18650-60CD-409F-9D64-63DE7B8BF0DA}"
EndProject
Project("{FAE04EC0-301F-11D3-BF4B-00C04F79EFBC}") = "Microsoft.AdaptiveStreaming.Dash", "Win8.AdaptiveStreaming.Dash\Microsoft.AdaptiveStreaming.Dash.csproj", "{7DF397B9-FB55-42DB-A5B7-AD012D188953}"
EndProject
Project("{FAE04EC0-301F-11D3-BF4B-00C04F79EFBC}") = "Microsoft.PlayerFramework.Xaml.DashDemo", "Win8.Xaml.DashDemo\Microsoft.PlayerFramework.Xaml.DashDemo.csproj", "{D4F18C42-70E2-418D-B37A-1B70A43D8B80}"
EndProject
Project("{FAE04EC0-301F-11D3-BF4B-00C04F79EFBC}") = "Microsoft.VideoAnalytics.AudienceInsight", "Win8.VideoAnalytics.AudienceInsight\Microsoft.VideoAnalytics.AudienceInsight.csproj", "{AD0F55FE-D523-4BA0-9198-5CBA45DDCBCD}"
EndProject
Project("{FAE04EC0-301F-11D3-BF4B-00C04F79EFBC}") = "Microsoft.AudienceInsight", "Win8.AudienceInsight\Microsoft.AudienceInsight.csproj", "{8A4F6324-1C42-46FB-915A-057C8DEAEA4E}"
EndProject
Project("{FAE04EC0-301F-11D3-BF4B-00C04F79EFBC}") = "Microsoft.VideoAnalytics.VideoAdvertising", "Win8.VideoAnalytics.VideoAdvertising\Microsoft.VideoAnalytics.VideoAdvertising.csproj", "{95DFF5D9-BD94-494E-AD33-F20E45A339EB}"
EndProject
Project("{FAE04EC0-301F-11D3-BF4B-00C04F79EFBC}") = "Microsoft.PlayerFramework.Xaml.CaptionSettings", "Win8.Xaml.CaptionSettings\Microsoft.PlayerFramework.Xaml.CaptionSettings.csproj", "{CD917EE6-C9D9-44F8-AA67-2BFD7CD27F21}"
EndProject
Project("{FAE04EC0-301F-11D3-BF4B-00C04F79EFBC}") = "Microsoft.PlayerFramework.Xaml.TTML.CaptionSettings", "Win8.Xaml.TTML.CaptionSettings\Microsoft.PlayerFramework.Xaml.TTML.CaptionSettings.csproj", "{04DEB5FC-DE16-40B7-9490-36AB3FEC0F10}"
EndProject
Global
	GlobalSection(SolutionConfigurationPlatforms) = preSolution
		Debug|Any CPU = Debug|Any CPU
		Debug|ARM = Debug|ARM
		Debug|Mixed Platforms = Debug|Mixed Platforms
		Debug|x64 = Debug|x64
		Debug|x86 = Debug|x86
		Release|Any CPU = Release|Any CPU
		Release|ARM = Release|ARM
		Release|Mixed Platforms = Release|Mixed Platforms
		Release|x64 = Release|x64
		Release|x86 = Release|x86
	EndGlobalSection
	GlobalSection(ProjectConfigurationPlatforms) = postSolution
		{81AE6F43-2BA7-4E89-8D7C-A78B152222BD}.Debug|Any CPU.ActiveCfg = Debug|Any CPU
		{81AE6F43-2BA7-4E89-8D7C-A78B152222BD}.Debug|Any CPU.Build.0 = Debug|Any CPU
		{81AE6F43-2BA7-4E89-8D7C-A78B152222BD}.Debug|ARM.ActiveCfg = Debug|ARM
		{81AE6F43-2BA7-4E89-8D7C-A78B152222BD}.Debug|ARM.Build.0 = Debug|ARM
		{81AE6F43-2BA7-4E89-8D7C-A78B152222BD}.Debug|Mixed Platforms.ActiveCfg = Debug|x86
		{81AE6F43-2BA7-4E89-8D7C-A78B152222BD}.Debug|Mixed Platforms.Build.0 = Debug|x86
		{81AE6F43-2BA7-4E89-8D7C-A78B152222BD}.Debug|x64.ActiveCfg = Debug|x64
		{81AE6F43-2BA7-4E89-8D7C-A78B152222BD}.Debug|x64.Build.0 = Debug|x64
		{81AE6F43-2BA7-4E89-8D7C-A78B152222BD}.Debug|x86.ActiveCfg = Debug|x86
		{81AE6F43-2BA7-4E89-8D7C-A78B152222BD}.Debug|x86.Build.0 = Debug|x86
		{81AE6F43-2BA7-4E89-8D7C-A78B152222BD}.Release|Any CPU.ActiveCfg = Release|Any CPU
		{81AE6F43-2BA7-4E89-8D7C-A78B152222BD}.Release|Any CPU.Build.0 = Release|Any CPU
		{81AE6F43-2BA7-4E89-8D7C-A78B152222BD}.Release|ARM.ActiveCfg = Release|ARM
		{81AE6F43-2BA7-4E89-8D7C-A78B152222BD}.Release|ARM.Build.0 = Release|ARM
		{81AE6F43-2BA7-4E89-8D7C-A78B152222BD}.Release|Mixed Platforms.ActiveCfg = Release|x86
		{81AE6F43-2BA7-4E89-8D7C-A78B152222BD}.Release|Mixed Platforms.Build.0 = Release|x86
		{81AE6F43-2BA7-4E89-8D7C-A78B152222BD}.Release|x64.ActiveCfg = Release|x64
		{81AE6F43-2BA7-4E89-8D7C-A78B152222BD}.Release|x64.Build.0 = Release|x64
		{81AE6F43-2BA7-4E89-8D7C-A78B152222BD}.Release|x86.ActiveCfg = Release|x86
		{81AE6F43-2BA7-4E89-8D7C-A78B152222BD}.Release|x86.Build.0 = Release|x86
		{46262466-50E8-4ACB-BB8D-6973AE6D00DD}.Debug|Any CPU.ActiveCfg = Debug|Any CPU
		{46262466-50E8-4ACB-BB8D-6973AE6D00DD}.Debug|Any CPU.Build.0 = Debug|Any CPU
		{46262466-50E8-4ACB-BB8D-6973AE6D00DD}.Debug|ARM.ActiveCfg = Debug|ARM
		{46262466-50E8-4ACB-BB8D-6973AE6D00DD}.Debug|ARM.Build.0 = Debug|ARM
		{46262466-50E8-4ACB-BB8D-6973AE6D00DD}.Debug|Mixed Platforms.ActiveCfg = Debug|x86
		{46262466-50E8-4ACB-BB8D-6973AE6D00DD}.Debug|Mixed Platforms.Build.0 = Debug|x86
		{46262466-50E8-4ACB-BB8D-6973AE6D00DD}.Debug|x64.ActiveCfg = Debug|x64
		{46262466-50E8-4ACB-BB8D-6973AE6D00DD}.Debug|x64.Build.0 = Debug|x64
		{46262466-50E8-4ACB-BB8D-6973AE6D00DD}.Debug|x86.ActiveCfg = Debug|x86
		{46262466-50E8-4ACB-BB8D-6973AE6D00DD}.Debug|x86.Build.0 = Debug|x86
		{46262466-50E8-4ACB-BB8D-6973AE6D00DD}.Release|Any CPU.ActiveCfg = Release|Any CPU
		{46262466-50E8-4ACB-BB8D-6973AE6D00DD}.Release|Any CPU.Build.0 = Release|Any CPU
		{46262466-50E8-4ACB-BB8D-6973AE6D00DD}.Release|ARM.ActiveCfg = Release|ARM
		{46262466-50E8-4ACB-BB8D-6973AE6D00DD}.Release|ARM.Build.0 = Release|ARM
		{46262466-50E8-4ACB-BB8D-6973AE6D00DD}.Release|Mixed Platforms.ActiveCfg = Release|x86
		{46262466-50E8-4ACB-BB8D-6973AE6D00DD}.Release|Mixed Platforms.Build.0 = Release|x86
		{46262466-50E8-4ACB-BB8D-6973AE6D00DD}.Release|x64.ActiveCfg = Release|x64
		{46262466-50E8-4ACB-BB8D-6973AE6D00DD}.Release|x64.Build.0 = Release|x64
		{46262466-50E8-4ACB-BB8D-6973AE6D00DD}.Release|x86.ActiveCfg = Release|x86
		{46262466-50E8-4ACB-BB8D-6973AE6D00DD}.Release|x86.Build.0 = Release|x86
		{66C646D5-855A-4CA9-91E2-190C6834F7C0}.Debug|Any CPU.ActiveCfg = Debug|x64
		{66C646D5-855A-4CA9-91E2-190C6834F7C0}.Debug|Any CPU.Build.0 = Debug|x64
		{66C646D5-855A-4CA9-91E2-190C6834F7C0}.Debug|ARM.ActiveCfg = Debug|ARM
		{66C646D5-855A-4CA9-91E2-190C6834F7C0}.Debug|ARM.Build.0 = Debug|ARM
		{66C646D5-855A-4CA9-91E2-190C6834F7C0}.Debug|Mixed Platforms.ActiveCfg = Debug|x86
		{66C646D5-855A-4CA9-91E2-190C6834F7C0}.Debug|Mixed Platforms.Build.0 = Debug|x86
		{66C646D5-855A-4CA9-91E2-190C6834F7C0}.Debug|x64.ActiveCfg = Debug|x64
		{66C646D5-855A-4CA9-91E2-190C6834F7C0}.Debug|x64.Build.0 = Debug|x64
		{66C646D5-855A-4CA9-91E2-190C6834F7C0}.Debug|x86.ActiveCfg = Debug|x86
		{66C646D5-855A-4CA9-91E2-190C6834F7C0}.Debug|x86.Build.0 = Debug|x86
		{66C646D5-855A-4CA9-91E2-190C6834F7C0}.Release|Any CPU.ActiveCfg = Release|x86
		{66C646D5-855A-4CA9-91E2-190C6834F7C0}.Release|Any CPU.Build.0 = Release|x86
		{66C646D5-855A-4CA9-91E2-190C6834F7C0}.Release|ARM.ActiveCfg = Release|ARM
		{66C646D5-855A-4CA9-91E2-190C6834F7C0}.Release|ARM.Build.0 = Release|ARM
		{66C646D5-855A-4CA9-91E2-190C6834F7C0}.Release|Mixed Platforms.ActiveCfg = Release|x86
		{66C646D5-855A-4CA9-91E2-190C6834F7C0}.Release|Mixed Platforms.Build.0 = Release|x86
		{66C646D5-855A-4CA9-91E2-190C6834F7C0}.Release|x64.ActiveCfg = Release|x64
		{66C646D5-855A-4CA9-91E2-190C6834F7C0}.Release|x64.Build.0 = Release|x64
		{66C646D5-855A-4CA9-91E2-190C6834F7C0}.Release|x86.ActiveCfg = Release|x86
		{66C646D5-855A-4CA9-91E2-190C6834F7C0}.Release|x86.Build.0 = Release|x86
		{D1F1EA17-4A91-4F3B-A243-F2B41D6CBCE6}.Debug|Any CPU.ActiveCfg = Debug|Any CPU
		{D1F1EA17-4A91-4F3B-A243-F2B41D6CBCE6}.Debug|Any CPU.Build.0 = Debug|Any CPU
		{D1F1EA17-4A91-4F3B-A243-F2B41D6CBCE6}.Debug|ARM.ActiveCfg = Debug|ARM
		{D1F1EA17-4A91-4F3B-A243-F2B41D6CBCE6}.Debug|ARM.Build.0 = Debug|ARM
		{D1F1EA17-4A91-4F3B-A243-F2B41D6CBCE6}.Debug|Mixed Platforms.ActiveCfg = Debug|x86
		{D1F1EA17-4A91-4F3B-A243-F2B41D6CBCE6}.Debug|Mixed Platforms.Build.0 = Debug|x86
		{D1F1EA17-4A91-4F3B-A243-F2B41D6CBCE6}.Debug|x64.ActiveCfg = Debug|x64
		{D1F1EA17-4A91-4F3B-A243-F2B41D6CBCE6}.Debug|x64.Build.0 = Debug|x64
		{D1F1EA17-4A91-4F3B-A243-F2B41D6CBCE6}.Debug|x86.ActiveCfg = Debug|x86
		{D1F1EA17-4A91-4F3B-A243-F2B41D6CBCE6}.Debug|x86.Build.0 = Debug|x86
		{D1F1EA17-4A91-4F3B-A243-F2B41D6CBCE6}.Release|Any CPU.ActiveCfg = Release|Any CPU
		{D1F1EA17-4A91-4F3B-A243-F2B41D6CBCE6}.Release|Any CPU.Build.0 = Release|Any CPU
		{D1F1EA17-4A91-4F3B-A243-F2B41D6CBCE6}.Release|ARM.ActiveCfg = Release|ARM
		{D1F1EA17-4A91-4F3B-A243-F2B41D6CBCE6}.Release|ARM.Build.0 = Release|ARM
		{D1F1EA17-4A91-4F3B-A243-F2B41D6CBCE6}.Release|Mixed Platforms.ActiveCfg = Release|x86
		{D1F1EA17-4A91-4F3B-A243-F2B41D6CBCE6}.Release|Mixed Platforms.Build.0 = Release|x86
		{D1F1EA17-4A91-4F3B-A243-F2B41D6CBCE6}.Release|x64.ActiveCfg = Release|x64
		{D1F1EA17-4A91-4F3B-A243-F2B41D6CBCE6}.Release|x64.Build.0 = Release|x64
		{D1F1EA17-4A91-4F3B-A243-F2B41D6CBCE6}.Release|x86.ActiveCfg = Release|x86
		{D1F1EA17-4A91-4F3B-A243-F2B41D6CBCE6}.Release|x86.Build.0 = Release|x86
		{54FB8BF9-02DF-490F-9837-0195AFD3F1AA}.Debug|Any CPU.ActiveCfg = Debug|Any CPU
		{54FB8BF9-02DF-490F-9837-0195AFD3F1AA}.Debug|Any CPU.Build.0 = Debug|Any CPU
		{54FB8BF9-02DF-490F-9837-0195AFD3F1AA}.Debug|ARM.ActiveCfg = Debug|ARM
		{54FB8BF9-02DF-490F-9837-0195AFD3F1AA}.Debug|ARM.Build.0 = Debug|ARM
		{54FB8BF9-02DF-490F-9837-0195AFD3F1AA}.Debug|Mixed Platforms.ActiveCfg = Debug|x86
		{54FB8BF9-02DF-490F-9837-0195AFD3F1AA}.Debug|Mixed Platforms.Build.0 = Debug|x86
		{54FB8BF9-02DF-490F-9837-0195AFD3F1AA}.Debug|x64.ActiveCfg = Debug|x64
		{54FB8BF9-02DF-490F-9837-0195AFD3F1AA}.Debug|x64.Build.0 = Debug|x64
		{54FB8BF9-02DF-490F-9837-0195AFD3F1AA}.Debug|x86.ActiveCfg = Debug|x86
		{54FB8BF9-02DF-490F-9837-0195AFD3F1AA}.Debug|x86.Build.0 = Debug|x86
		{54FB8BF9-02DF-490F-9837-0195AFD3F1AA}.Release|Any CPU.ActiveCfg = Release|Any CPU
		{54FB8BF9-02DF-490F-9837-0195AFD3F1AA}.Release|Any CPU.Build.0 = Release|Any CPU
		{54FB8BF9-02DF-490F-9837-0195AFD3F1AA}.Release|ARM.ActiveCfg = Release|ARM
		{54FB8BF9-02DF-490F-9837-0195AFD3F1AA}.Release|ARM.Build.0 = Release|ARM
		{54FB8BF9-02DF-490F-9837-0195AFD3F1AA}.Release|Mixed Platforms.ActiveCfg = Release|x86
		{54FB8BF9-02DF-490F-9837-0195AFD3F1AA}.Release|Mixed Platforms.Build.0 = Release|x86
		{54FB8BF9-02DF-490F-9837-0195AFD3F1AA}.Release|x64.ActiveCfg = Release|x64
		{54FB8BF9-02DF-490F-9837-0195AFD3F1AA}.Release|x64.Build.0 = Release|x64
		{54FB8BF9-02DF-490F-9837-0195AFD3F1AA}.Release|x86.ActiveCfg = Release|x86
		{54FB8BF9-02DF-490F-9837-0195AFD3F1AA}.Release|x86.Build.0 = Release|x86
		{2E19FE19-9B06-416D-8FFC-C432D6285CB9}.Debug|Any CPU.ActiveCfg = Debug|Any CPU
		{2E19FE19-9B06-416D-8FFC-C432D6285CB9}.Debug|Any CPU.Build.0 = Debug|Any CPU
		{2E19FE19-9B06-416D-8FFC-C432D6285CB9}.Debug|ARM.ActiveCfg = Debug|ARM
		{2E19FE19-9B06-416D-8FFC-C432D6285CB9}.Debug|ARM.Build.0 = Debug|ARM
		{2E19FE19-9B06-416D-8FFC-C432D6285CB9}.Debug|Mixed Platforms.ActiveCfg = Debug|x86
		{2E19FE19-9B06-416D-8FFC-C432D6285CB9}.Debug|Mixed Platforms.Build.0 = Debug|x86
		{2E19FE19-9B06-416D-8FFC-C432D6285CB9}.Debug|x64.ActiveCfg = Debug|x64
		{2E19FE19-9B06-416D-8FFC-C432D6285CB9}.Debug|x64.Build.0 = Debug|x64
		{2E19FE19-9B06-416D-8FFC-C432D6285CB9}.Debug|x86.ActiveCfg = Debug|x86
		{2E19FE19-9B06-416D-8FFC-C432D6285CB9}.Debug|x86.Build.0 = Debug|x86
		{2E19FE19-9B06-416D-8FFC-C432D6285CB9}.Release|Any CPU.ActiveCfg = Release|Any CPU
		{2E19FE19-9B06-416D-8FFC-C432D6285CB9}.Release|Any CPU.Build.0 = Release|Any CPU
		{2E19FE19-9B06-416D-8FFC-C432D6285CB9}.Release|ARM.ActiveCfg = Release|ARM
		{2E19FE19-9B06-416D-8FFC-C432D6285CB9}.Release|ARM.Build.0 = Release|ARM
		{2E19FE19-9B06-416D-8FFC-C432D6285CB9}.Release|Mixed Platforms.ActiveCfg = Release|x86
		{2E19FE19-9B06-416D-8FFC-C432D6285CB9}.Release|Mixed Platforms.Build.0 = Release|x86
		{2E19FE19-9B06-416D-8FFC-C432D6285CB9}.Release|x64.ActiveCfg = Release|x64
		{2E19FE19-9B06-416D-8FFC-C432D6285CB9}.Release|x64.Build.0 = Release|x64
		{2E19FE19-9B06-416D-8FFC-C432D6285CB9}.Release|x86.ActiveCfg = Release|x86
		{2E19FE19-9B06-416D-8FFC-C432D6285CB9}.Release|x86.Build.0 = Release|x86
		{B252FC20-5150-43D0-BB77-802DF3231EF1}.Debug|Any CPU.ActiveCfg = Debug|x64
		{B252FC20-5150-43D0-BB77-802DF3231EF1}.Debug|Any CPU.Build.0 = Debug|x64
		{B252FC20-5150-43D0-BB77-802DF3231EF1}.Debug|ARM.ActiveCfg = Debug|ARM
		{B252FC20-5150-43D0-BB77-802DF3231EF1}.Debug|ARM.Build.0 = Debug|ARM
		{B252FC20-5150-43D0-BB77-802DF3231EF1}.Debug|Mixed Platforms.ActiveCfg = Debug|x86
		{B252FC20-5150-43D0-BB77-802DF3231EF1}.Debug|Mixed Platforms.Build.0 = Debug|x86
		{B252FC20-5150-43D0-BB77-802DF3231EF1}.Debug|x64.ActiveCfg = Debug|x64
		{B252FC20-5150-43D0-BB77-802DF3231EF1}.Debug|x64.Build.0 = Debug|x64
		{B252FC20-5150-43D0-BB77-802DF3231EF1}.Debug|x86.ActiveCfg = Debug|x86
		{B252FC20-5150-43D0-BB77-802DF3231EF1}.Debug|x86.Build.0 = Debug|x86
		{B252FC20-5150-43D0-BB77-802DF3231EF1}.Release|Any CPU.ActiveCfg = Release|x86
		{B252FC20-5150-43D0-BB77-802DF3231EF1}.Release|Any CPU.Build.0 = Release|x86
		{B252FC20-5150-43D0-BB77-802DF3231EF1}.Release|ARM.ActiveCfg = Release|ARM
		{B252FC20-5150-43D0-BB77-802DF3231EF1}.Release|ARM.Build.0 = Release|ARM
		{B252FC20-5150-43D0-BB77-802DF3231EF1}.Release|Mixed Platforms.ActiveCfg = Release|x86
		{B252FC20-5150-43D0-BB77-802DF3231EF1}.Release|Mixed Platforms.Build.0 = Release|x86
		{B252FC20-5150-43D0-BB77-802DF3231EF1}.Release|x64.ActiveCfg = Release|x64
		{B252FC20-5150-43D0-BB77-802DF3231EF1}.Release|x64.Build.0 = Release|x64
		{B252FC20-5150-43D0-BB77-802DF3231EF1}.Release|x86.ActiveCfg = Release|x86
		{B252FC20-5150-43D0-BB77-802DF3231EF1}.Release|x86.Build.0 = Release|x86
		{F863EDC6-2886-4D39-A578-89F4FF729D82}.Debug|Any CPU.ActiveCfg = Debug|Any CPU
		{F863EDC6-2886-4D39-A578-89F4FF729D82}.Debug|Any CPU.Build.0 = Debug|Any CPU
		{F863EDC6-2886-4D39-A578-89F4FF729D82}.Debug|ARM.ActiveCfg = Debug|ARM
		{F863EDC6-2886-4D39-A578-89F4FF729D82}.Debug|ARM.Build.0 = Debug|ARM
		{F863EDC6-2886-4D39-A578-89F4FF729D82}.Debug|Mixed Platforms.ActiveCfg = Debug|x86
		{F863EDC6-2886-4D39-A578-89F4FF729D82}.Debug|Mixed Platforms.Build.0 = Debug|x86
		{F863EDC6-2886-4D39-A578-89F4FF729D82}.Debug|x64.ActiveCfg = Debug|x64
		{F863EDC6-2886-4D39-A578-89F4FF729D82}.Debug|x64.Build.0 = Debug|x64
		{F863EDC6-2886-4D39-A578-89F4FF729D82}.Debug|x86.ActiveCfg = Debug|x86
		{F863EDC6-2886-4D39-A578-89F4FF729D82}.Debug|x86.Build.0 = Debug|x86
		{F863EDC6-2886-4D39-A578-89F4FF729D82}.Release|Any CPU.ActiveCfg = Release|Any CPU
		{F863EDC6-2886-4D39-A578-89F4FF729D82}.Release|Any CPU.Build.0 = Release|Any CPU
		{F863EDC6-2886-4D39-A578-89F4FF729D82}.Release|ARM.ActiveCfg = Release|ARM
		{F863EDC6-2886-4D39-A578-89F4FF729D82}.Release|ARM.Build.0 = Release|ARM
		{F863EDC6-2886-4D39-A578-89F4FF729D82}.Release|Mixed Platforms.ActiveCfg = Release|x86
		{F863EDC6-2886-4D39-A578-89F4FF729D82}.Release|Mixed Platforms.Build.0 = Release|x86
		{F863EDC6-2886-4D39-A578-89F4FF729D82}.Release|x64.ActiveCfg = Release|x64
		{F863EDC6-2886-4D39-A578-89F4FF729D82}.Release|x64.Build.0 = Release|x64
		{F863EDC6-2886-4D39-A578-89F4FF729D82}.Release|x86.ActiveCfg = Release|x86
		{F863EDC6-2886-4D39-A578-89F4FF729D82}.Release|x86.Build.0 = Release|x86
		{011C62D0-A7D0-406A-AC21-BB7827832F99}.Debug|Any CPU.ActiveCfg = Debug|Any CPU
		{011C62D0-A7D0-406A-AC21-BB7827832F99}.Debug|Any CPU.Build.0 = Debug|Any CPU
		{011C62D0-A7D0-406A-AC21-BB7827832F99}.Debug|Any CPU.Deploy.0 = Debug|Any CPU
		{011C62D0-A7D0-406A-AC21-BB7827832F99}.Debug|ARM.ActiveCfg = Debug|ARM
		{011C62D0-A7D0-406A-AC21-BB7827832F99}.Debug|ARM.Build.0 = Debug|ARM
		{011C62D0-A7D0-406A-AC21-BB7827832F99}.Debug|ARM.Deploy.0 = Debug|ARM
		{011C62D0-A7D0-406A-AC21-BB7827832F99}.Debug|Mixed Platforms.ActiveCfg = Debug|x86
		{011C62D0-A7D0-406A-AC21-BB7827832F99}.Debug|Mixed Platforms.Build.0 = Debug|x86
		{011C62D0-A7D0-406A-AC21-BB7827832F99}.Debug|Mixed Platforms.Deploy.0 = Debug|x86
		{011C62D0-A7D0-406A-AC21-BB7827832F99}.Debug|x64.ActiveCfg = Debug|x64
		{011C62D0-A7D0-406A-AC21-BB7827832F99}.Debug|x64.Build.0 = Debug|x64
		{011C62D0-A7D0-406A-AC21-BB7827832F99}.Debug|x64.Deploy.0 = Debug|x64
		{011C62D0-A7D0-406A-AC21-BB7827832F99}.Debug|x86.ActiveCfg = Debug|x86
		{011C62D0-A7D0-406A-AC21-BB7827832F99}.Debug|x86.Build.0 = Debug|x86
		{011C62D0-A7D0-406A-AC21-BB7827832F99}.Debug|x86.Deploy.0 = Debug|x86
		{011C62D0-A7D0-406A-AC21-BB7827832F99}.Release|Any CPU.ActiveCfg = Release|Any CPU
		{011C62D0-A7D0-406A-AC21-BB7827832F99}.Release|Any CPU.Build.0 = Release|Any CPU
		{011C62D0-A7D0-406A-AC21-BB7827832F99}.Release|Any CPU.Deploy.0 = Release|Any CPU
		{011C62D0-A7D0-406A-AC21-BB7827832F99}.Release|ARM.ActiveCfg = Release|ARM
		{011C62D0-A7D0-406A-AC21-BB7827832F99}.Release|ARM.Build.0 = Release|ARM
		{011C62D0-A7D0-406A-AC21-BB7827832F99}.Release|ARM.Deploy.0 = Release|ARM
		{011C62D0-A7D0-406A-AC21-BB7827832F99}.Release|Mixed Platforms.ActiveCfg = Release|x86
		{011C62D0-A7D0-406A-AC21-BB7827832F99}.Release|Mixed Platforms.Build.0 = Release|x86
		{011C62D0-A7D0-406A-AC21-BB7827832F99}.Release|Mixed Platforms.Deploy.0 = Release|x86
		{011C62D0-A7D0-406A-AC21-BB7827832F99}.Release|x64.ActiveCfg = Release|x64
		{011C62D0-A7D0-406A-AC21-BB7827832F99}.Release|x64.Build.0 = Release|x64
		{011C62D0-A7D0-406A-AC21-BB7827832F99}.Release|x64.Deploy.0 = Release|x64
		{011C62D0-A7D0-406A-AC21-BB7827832F99}.Release|x86.ActiveCfg = Release|x86
		{011C62D0-A7D0-406A-AC21-BB7827832F99}.Release|x86.Build.0 = Release|x86
		{011C62D0-A7D0-406A-AC21-BB7827832F99}.Release|x86.Deploy.0 = Release|x86
		{0BD03CD2-8D1D-4BAC-8656-D3CF66274186}.Debug|Any CPU.ActiveCfg = Debug|x64
		{0BD03CD2-8D1D-4BAC-8656-D3CF66274186}.Debug|Any CPU.Build.0 = Debug|x64
		{0BD03CD2-8D1D-4BAC-8656-D3CF66274186}.Debug|Any CPU.Deploy.0 = Debug|x64
		{0BD03CD2-8D1D-4BAC-8656-D3CF66274186}.Debug|ARM.ActiveCfg = Debug|ARM
		{0BD03CD2-8D1D-4BAC-8656-D3CF66274186}.Debug|ARM.Build.0 = Debug|ARM
		{0BD03CD2-8D1D-4BAC-8656-D3CF66274186}.Debug|ARM.Deploy.0 = Debug|ARM
		{0BD03CD2-8D1D-4BAC-8656-D3CF66274186}.Debug|Mixed Platforms.ActiveCfg = Debug|x86
		{0BD03CD2-8D1D-4BAC-8656-D3CF66274186}.Debug|Mixed Platforms.Build.0 = Debug|x86
		{0BD03CD2-8D1D-4BAC-8656-D3CF66274186}.Debug|Mixed Platforms.Deploy.0 = Debug|x86
		{0BD03CD2-8D1D-4BAC-8656-D3CF66274186}.Debug|x64.ActiveCfg = Debug|x64
		{0BD03CD2-8D1D-4BAC-8656-D3CF66274186}.Debug|x64.Build.0 = Debug|x64
		{0BD03CD2-8D1D-4BAC-8656-D3CF66274186}.Debug|x64.Deploy.0 = Debug|x64
		{0BD03CD2-8D1D-4BAC-8656-D3CF66274186}.Debug|x86.ActiveCfg = Debug|x86
		{0BD03CD2-8D1D-4BAC-8656-D3CF66274186}.Debug|x86.Build.0 = Debug|x86
		{0BD03CD2-8D1D-4BAC-8656-D3CF66274186}.Debug|x86.Deploy.0 = Debug|x86
		{0BD03CD2-8D1D-4BAC-8656-D3CF66274186}.Release|Any CPU.ActiveCfg = Release|x86
		{0BD03CD2-8D1D-4BAC-8656-D3CF66274186}.Release|Any CPU.Build.0 = Release|x86
		{0BD03CD2-8D1D-4BAC-8656-D3CF66274186}.Release|Any CPU.Deploy.0 = Release|x86
		{0BD03CD2-8D1D-4BAC-8656-D3CF66274186}.Release|ARM.ActiveCfg = Release|ARM
		{0BD03CD2-8D1D-4BAC-8656-D3CF66274186}.Release|ARM.Build.0 = Release|ARM
		{0BD03CD2-8D1D-4BAC-8656-D3CF66274186}.Release|ARM.Deploy.0 = Release|ARM
		{0BD03CD2-8D1D-4BAC-8656-D3CF66274186}.Release|Mixed Platforms.ActiveCfg = Release|x86
		{0BD03CD2-8D1D-4BAC-8656-D3CF66274186}.Release|Mixed Platforms.Build.0 = Release|x86
		{0BD03CD2-8D1D-4BAC-8656-D3CF66274186}.Release|Mixed Platforms.Deploy.0 = Release|x86
		{0BD03CD2-8D1D-4BAC-8656-D3CF66274186}.Release|x64.ActiveCfg = Release|x64
		{0BD03CD2-8D1D-4BAC-8656-D3CF66274186}.Release|x64.Build.0 = Release|x64
		{0BD03CD2-8D1D-4BAC-8656-D3CF66274186}.Release|x64.Deploy.0 = Release|x64
		{0BD03CD2-8D1D-4BAC-8656-D3CF66274186}.Release|x86.ActiveCfg = Release|x86
		{0BD03CD2-8D1D-4BAC-8656-D3CF66274186}.Release|x86.Build.0 = Release|x86
		{0BD03CD2-8D1D-4BAC-8656-D3CF66274186}.Release|x86.Deploy.0 = Release|x86
		{861FF007-D70F-41F8-800C-DDE9E600DCC4}.Debug|Any CPU.ActiveCfg = Debug|Any CPU
		{861FF007-D70F-41F8-800C-DDE9E600DCC4}.Debug|Any CPU.Build.0 = Debug|Any CPU
		{861FF007-D70F-41F8-800C-DDE9E600DCC4}.Debug|Any CPU.Deploy.0 = Debug|Any CPU
		{861FF007-D70F-41F8-800C-DDE9E600DCC4}.Debug|ARM.ActiveCfg = Debug|ARM
		{861FF007-D70F-41F8-800C-DDE9E600DCC4}.Debug|ARM.Build.0 = Debug|ARM
		{861FF007-D70F-41F8-800C-DDE9E600DCC4}.Debug|ARM.Deploy.0 = Debug|ARM
		{861FF007-D70F-41F8-800C-DDE9E600DCC4}.Debug|Mixed Platforms.ActiveCfg = Debug|x86
		{861FF007-D70F-41F8-800C-DDE9E600DCC4}.Debug|Mixed Platforms.Build.0 = Debug|x86
		{861FF007-D70F-41F8-800C-DDE9E600DCC4}.Debug|Mixed Platforms.Deploy.0 = Debug|x86
		{861FF007-D70F-41F8-800C-DDE9E600DCC4}.Debug|x64.ActiveCfg = Debug|x64
		{861FF007-D70F-41F8-800C-DDE9E600DCC4}.Debug|x64.Build.0 = Debug|x64
		{861FF007-D70F-41F8-800C-DDE9E600DCC4}.Debug|x64.Deploy.0 = Debug|x64
		{861FF007-D70F-41F8-800C-DDE9E600DCC4}.Debug|x86.ActiveCfg = Debug|x86
		{861FF007-D70F-41F8-800C-DDE9E600DCC4}.Debug|x86.Build.0 = Debug|x86
		{861FF007-D70F-41F8-800C-DDE9E600DCC4}.Debug|x86.Deploy.0 = Debug|x86
		{861FF007-D70F-41F8-800C-DDE9E600DCC4}.Release|Any CPU.ActiveCfg = Release|Any CPU
		{861FF007-D70F-41F8-800C-DDE9E600DCC4}.Release|Any CPU.Build.0 = Release|Any CPU
		{861FF007-D70F-41F8-800C-DDE9E600DCC4}.Release|Any CPU.Deploy.0 = Release|Any CPU
		{861FF007-D70F-41F8-800C-DDE9E600DCC4}.Release|ARM.ActiveCfg = Release|ARM
		{861FF007-D70F-41F8-800C-DDE9E600DCC4}.Release|ARM.Build.0 = Release|ARM
		{861FF007-D70F-41F8-800C-DDE9E600DCC4}.Release|ARM.Deploy.0 = Release|ARM
		{861FF007-D70F-41F8-800C-DDE9E600DCC4}.Release|Mixed Platforms.ActiveCfg = Release|x86
		{861FF007-D70F-41F8-800C-DDE9E600DCC4}.Release|Mixed Platforms.Build.0 = Release|x86
		{861FF007-D70F-41F8-800C-DDE9E600DCC4}.Release|Mixed Platforms.Deploy.0 = Release|x86
		{861FF007-D70F-41F8-800C-DDE9E600DCC4}.Release|x64.ActiveCfg = Release|x64
		{861FF007-D70F-41F8-800C-DDE9E600DCC4}.Release|x64.Build.0 = Release|x64
		{861FF007-D70F-41F8-800C-DDE9E600DCC4}.Release|x64.Deploy.0 = Release|x64
		{861FF007-D70F-41F8-800C-DDE9E600DCC4}.Release|x86.ActiveCfg = Release|x86
		{861FF007-D70F-41F8-800C-DDE9E600DCC4}.Release|x86.Build.0 = Release|x86
		{861FF007-D70F-41F8-800C-DDE9E600DCC4}.Release|x86.Deploy.0 = Release|x86
		{961CE8EE-F4BE-403F-AC06-A53CE1C7CE4C}.Debug|Any CPU.ActiveCfg = Debug|Any CPU
		{961CE8EE-F4BE-403F-AC06-A53CE1C7CE4C}.Debug|Any CPU.Build.0 = Debug|Any CPU
		{961CE8EE-F4BE-403F-AC06-A53CE1C7CE4C}.Debug|ARM.ActiveCfg = Debug|ARM
		{961CE8EE-F4BE-403F-AC06-A53CE1C7CE4C}.Debug|ARM.Build.0 = Debug|ARM
		{961CE8EE-F4BE-403F-AC06-A53CE1C7CE4C}.Debug|Mixed Platforms.ActiveCfg = Debug|x86
		{961CE8EE-F4BE-403F-AC06-A53CE1C7CE4C}.Debug|Mixed Platforms.Build.0 = Debug|x86
		{961CE8EE-F4BE-403F-AC06-A53CE1C7CE4C}.Debug|x64.ActiveCfg = Debug|x64
		{961CE8EE-F4BE-403F-AC06-A53CE1C7CE4C}.Debug|x64.Build.0 = Debug|x64
		{961CE8EE-F4BE-403F-AC06-A53CE1C7CE4C}.Debug|x86.ActiveCfg = Debug|x86
		{961CE8EE-F4BE-403F-AC06-A53CE1C7CE4C}.Debug|x86.Build.0 = Debug|x86
		{961CE8EE-F4BE-403F-AC06-A53CE1C7CE4C}.Release|Any CPU.ActiveCfg = Release|Any CPU
		{961CE8EE-F4BE-403F-AC06-A53CE1C7CE4C}.Release|Any CPU.Build.0 = Release|Any CPU
		{961CE8EE-F4BE-403F-AC06-A53CE1C7CE4C}.Release|ARM.ActiveCfg = Release|ARM
		{961CE8EE-F4BE-403F-AC06-A53CE1C7CE4C}.Release|ARM.Build.0 = Release|ARM
		{961CE8EE-F4BE-403F-AC06-A53CE1C7CE4C}.Release|Mixed Platforms.ActiveCfg = Release|x86
		{961CE8EE-F4BE-403F-AC06-A53CE1C7CE4C}.Release|Mixed Platforms.Build.0 = Release|x86
		{961CE8EE-F4BE-403F-AC06-A53CE1C7CE4C}.Release|x64.ActiveCfg = Release|x64
		{961CE8EE-F4BE-403F-AC06-A53CE1C7CE4C}.Release|x64.Build.0 = Release|x64
		{961CE8EE-F4BE-403F-AC06-A53CE1C7CE4C}.Release|x86.ActiveCfg = Release|x86
		{961CE8EE-F4BE-403F-AC06-A53CE1C7CE4C}.Release|x86.Build.0 = Release|x86
		{BFD7F8CB-C154-43E8-9647-D1F8005F71AB}.Debug|Any CPU.ActiveCfg = Debug|x64
		{BFD7F8CB-C154-43E8-9647-D1F8005F71AB}.Debug|Any CPU.Build.0 = Debug|x64
		{BFD7F8CB-C154-43E8-9647-D1F8005F71AB}.Debug|ARM.ActiveCfg = Debug|ARM
		{BFD7F8CB-C154-43E8-9647-D1F8005F71AB}.Debug|ARM.Build.0 = Debug|ARM
		{BFD7F8CB-C154-43E8-9647-D1F8005F71AB}.Debug|Mixed Platforms.ActiveCfg = Debug|x86
		{BFD7F8CB-C154-43E8-9647-D1F8005F71AB}.Debug|Mixed Platforms.Build.0 = Debug|x86
		{BFD7F8CB-C154-43E8-9647-D1F8005F71AB}.Debug|x64.ActiveCfg = Debug|x64
		{BFD7F8CB-C154-43E8-9647-D1F8005F71AB}.Debug|x64.Build.0 = Debug|x64
		{BFD7F8CB-C154-43E8-9647-D1F8005F71AB}.Debug|x86.ActiveCfg = Debug|x86
		{BFD7F8CB-C154-43E8-9647-D1F8005F71AB}.Debug|x86.Build.0 = Debug|x86
		{BFD7F8CB-C154-43E8-9647-D1F8005F71AB}.Release|Any CPU.ActiveCfg = Release|x86
		{BFD7F8CB-C154-43E8-9647-D1F8005F71AB}.Release|Any CPU.Build.0 = Release|x86
		{BFD7F8CB-C154-43E8-9647-D1F8005F71AB}.Release|ARM.ActiveCfg = Release|ARM
		{BFD7F8CB-C154-43E8-9647-D1F8005F71AB}.Release|ARM.Build.0 = Release|ARM
		{BFD7F8CB-C154-43E8-9647-D1F8005F71AB}.Release|Mixed Platforms.ActiveCfg = Release|x86
		{BFD7F8CB-C154-43E8-9647-D1F8005F71AB}.Release|Mixed Platforms.Build.0 = Release|x86
		{BFD7F8CB-C154-43E8-9647-D1F8005F71AB}.Release|x64.ActiveCfg = Release|x64
		{BFD7F8CB-C154-43E8-9647-D1F8005F71AB}.Release|x64.Build.0 = Release|x64
		{BFD7F8CB-C154-43E8-9647-D1F8005F71AB}.Release|x86.ActiveCfg = Release|x86
		{BFD7F8CB-C154-43E8-9647-D1F8005F71AB}.Release|x86.Build.0 = Release|x86
		{DA1F6F23-4C7F-4E0C-8884-F283EE0F3633}.Debug|Any CPU.ActiveCfg = Debug|Any CPU
		{DA1F6F23-4C7F-4E0C-8884-F283EE0F3633}.Debug|Any CPU.Build.0 = Debug|Any CPU
		{DA1F6F23-4C7F-4E0C-8884-F283EE0F3633}.Debug|ARM.ActiveCfg = Debug|ARM
		{DA1F6F23-4C7F-4E0C-8884-F283EE0F3633}.Debug|ARM.Build.0 = Debug|ARM
		{DA1F6F23-4C7F-4E0C-8884-F283EE0F3633}.Debug|Mixed Platforms.ActiveCfg = Debug|x86
		{DA1F6F23-4C7F-4E0C-8884-F283EE0F3633}.Debug|Mixed Platforms.Build.0 = Debug|x86
		{DA1F6F23-4C7F-4E0C-8884-F283EE0F3633}.Debug|x64.ActiveCfg = Debug|x64
		{DA1F6F23-4C7F-4E0C-8884-F283EE0F3633}.Debug|x64.Build.0 = Debug|x64
		{DA1F6F23-4C7F-4E0C-8884-F283EE0F3633}.Debug|x86.ActiveCfg = Debug|x86
		{DA1F6F23-4C7F-4E0C-8884-F283EE0F3633}.Debug|x86.Build.0 = Debug|x86
		{DA1F6F23-4C7F-4E0C-8884-F283EE0F3633}.Release|Any CPU.ActiveCfg = Release|Any CPU
		{DA1F6F23-4C7F-4E0C-8884-F283EE0F3633}.Release|Any CPU.Build.0 = Release|Any CPU
		{DA1F6F23-4C7F-4E0C-8884-F283EE0F3633}.Release|ARM.ActiveCfg = Release|ARM
		{DA1F6F23-4C7F-4E0C-8884-F283EE0F3633}.Release|ARM.Build.0 = Release|ARM
		{DA1F6F23-4C7F-4E0C-8884-F283EE0F3633}.Release|Mixed Platforms.ActiveCfg = Release|x86
		{DA1F6F23-4C7F-4E0C-8884-F283EE0F3633}.Release|Mixed Platforms.Build.0 = Release|x86
		{DA1F6F23-4C7F-4E0C-8884-F283EE0F3633}.Release|x64.ActiveCfg = Release|x64
		{DA1F6F23-4C7F-4E0C-8884-F283EE0F3633}.Release|x64.Build.0 = Release|x64
		{DA1F6F23-4C7F-4E0C-8884-F283EE0F3633}.Release|x86.ActiveCfg = Release|x86
		{DA1F6F23-4C7F-4E0C-8884-F283EE0F3633}.Release|x86.Build.0 = Release|x86
		{A3ABCCAA-B41B-4AB6-A1D9-A1E0D939B140}.Debug|Any CPU.ActiveCfg = Debug|Any CPU
		{A3ABCCAA-B41B-4AB6-A1D9-A1E0D939B140}.Debug|Any CPU.Build.0 = Debug|Any CPU
		{A3ABCCAA-B41B-4AB6-A1D9-A1E0D939B140}.Debug|ARM.ActiveCfg = Debug|ARM
		{A3ABCCAA-B41B-4AB6-A1D9-A1E0D939B140}.Debug|ARM.Build.0 = Debug|ARM
		{A3ABCCAA-B41B-4AB6-A1D9-A1E0D939B140}.Debug|Mixed Platforms.ActiveCfg = Debug|x86
		{A3ABCCAA-B41B-4AB6-A1D9-A1E0D939B140}.Debug|Mixed Platforms.Build.0 = Debug|x86
		{A3ABCCAA-B41B-4AB6-A1D9-A1E0D939B140}.Debug|x64.ActiveCfg = Debug|x64
		{A3ABCCAA-B41B-4AB6-A1D9-A1E0D939B140}.Debug|x64.Build.0 = Debug|x64
		{A3ABCCAA-B41B-4AB6-A1D9-A1E0D939B140}.Debug|x86.ActiveCfg = Debug|x86
		{A3ABCCAA-B41B-4AB6-A1D9-A1E0D939B140}.Debug|x86.Build.0 = Debug|x86
		{A3ABCCAA-B41B-4AB6-A1D9-A1E0D939B140}.Release|Any CPU.ActiveCfg = Release|Any CPU
		{A3ABCCAA-B41B-4AB6-A1D9-A1E0D939B140}.Release|Any CPU.Build.0 = Release|Any CPU
		{A3ABCCAA-B41B-4AB6-A1D9-A1E0D939B140}.Release|ARM.ActiveCfg = Release|ARM
		{A3ABCCAA-B41B-4AB6-A1D9-A1E0D939B140}.Release|ARM.Build.0 = Release|ARM
		{A3ABCCAA-B41B-4AB6-A1D9-A1E0D939B140}.Release|Mixed Platforms.ActiveCfg = Release|x86
		{A3ABCCAA-B41B-4AB6-A1D9-A1E0D939B140}.Release|Mixed Platforms.Build.0 = Release|x86
		{A3ABCCAA-B41B-4AB6-A1D9-A1E0D939B140}.Release|x64.ActiveCfg = Release|x64
		{A3ABCCAA-B41B-4AB6-A1D9-A1E0D939B140}.Release|x64.Build.0 = Release|x64
		{A3ABCCAA-B41B-4AB6-A1D9-A1E0D939B140}.Release|x86.ActiveCfg = Release|x86
		{A3ABCCAA-B41B-4AB6-A1D9-A1E0D939B140}.Release|x86.Build.0 = Release|x86
		{2BA82C57-A6FE-4B07-A2D9-FCEC84E8650D}.Debug|Any CPU.ActiveCfg = Debug|Any CPU
		{2BA82C57-A6FE-4B07-A2D9-FCEC84E8650D}.Debug|Any CPU.Build.0 = Debug|Any CPU
		{2BA82C57-A6FE-4B07-A2D9-FCEC84E8650D}.Debug|ARM.ActiveCfg = Debug|ARM
		{2BA82C57-A6FE-4B07-A2D9-FCEC84E8650D}.Debug|ARM.Build.0 = Debug|ARM
		{2BA82C57-A6FE-4B07-A2D9-FCEC84E8650D}.Debug|Mixed Platforms.ActiveCfg = Debug|x86
		{2BA82C57-A6FE-4B07-A2D9-FCEC84E8650D}.Debug|Mixed Platforms.Build.0 = Debug|x86
		{2BA82C57-A6FE-4B07-A2D9-FCEC84E8650D}.Debug|x64.ActiveCfg = Debug|x64
		{2BA82C57-A6FE-4B07-A2D9-FCEC84E8650D}.Debug|x64.Build.0 = Debug|x64
		{2BA82C57-A6FE-4B07-A2D9-FCEC84E8650D}.Debug|x86.ActiveCfg = Debug|x86
		{2BA82C57-A6FE-4B07-A2D9-FCEC84E8650D}.Debug|x86.Build.0 = Debug|x86
		{2BA82C57-A6FE-4B07-A2D9-FCEC84E8650D}.Release|Any CPU.ActiveCfg = Release|Any CPU
		{2BA82C57-A6FE-4B07-A2D9-FCEC84E8650D}.Release|Any CPU.Build.0 = Release|Any CPU
		{2BA82C57-A6FE-4B07-A2D9-FCEC84E8650D}.Release|ARM.ActiveCfg = Release|ARM
		{2BA82C57-A6FE-4B07-A2D9-FCEC84E8650D}.Release|ARM.Build.0 = Release|ARM
		{2BA82C57-A6FE-4B07-A2D9-FCEC84E8650D}.Release|Mixed Platforms.ActiveCfg = Release|x86
		{2BA82C57-A6FE-4B07-A2D9-FCEC84E8650D}.Release|Mixed Platforms.Build.0 = Release|x86
		{2BA82C57-A6FE-4B07-A2D9-FCEC84E8650D}.Release|x64.ActiveCfg = Release|x64
		{2BA82C57-A6FE-4B07-A2D9-FCEC84E8650D}.Release|x64.Build.0 = Release|x64
		{2BA82C57-A6FE-4B07-A2D9-FCEC84E8650D}.Release|x86.ActiveCfg = Release|x86
		{2BA82C57-A6FE-4B07-A2D9-FCEC84E8650D}.Release|x86.Build.0 = Release|x86
		{F5B18650-60CD-409F-9D64-63DE7B8BF0DA}.Debug|Any CPU.ActiveCfg = Debug|Any CPU
		{F5B18650-60CD-409F-9D64-63DE7B8BF0DA}.Debug|Any CPU.Build.0 = Debug|Any CPU
		{F5B18650-60CD-409F-9D64-63DE7B8BF0DA}.Debug|ARM.ActiveCfg = Debug|Any CPU
		{F5B18650-60CD-409F-9D64-63DE7B8BF0DA}.Debug|Mixed Platforms.ActiveCfg = Debug|Any CPU
		{F5B18650-60CD-409F-9D64-63DE7B8BF0DA}.Debug|Mixed Platforms.Build.0 = Debug|Any CPU
		{F5B18650-60CD-409F-9D64-63DE7B8BF0DA}.Debug|x64.ActiveCfg = Debug|Any CPU
		{F5B18650-60CD-409F-9D64-63DE7B8BF0DA}.Debug|x86.ActiveCfg = Debug|Any CPU
		{F5B18650-60CD-409F-9D64-63DE7B8BF0DA}.Release|Any CPU.ActiveCfg = Release|Any CPU
		{F5B18650-60CD-409F-9D64-63DE7B8BF0DA}.Release|Any CPU.Build.0 = Release|Any CPU
		{F5B18650-60CD-409F-9D64-63DE7B8BF0DA}.Release|ARM.ActiveCfg = Release|Any CPU
		{F5B18650-60CD-409F-9D64-63DE7B8BF0DA}.Release|Mixed Platforms.ActiveCfg = Release|Any CPU
		{F5B18650-60CD-409F-9D64-63DE7B8BF0DA}.Release|Mixed Platforms.Build.0 = Release|Any CPU
		{F5B18650-60CD-409F-9D64-63DE7B8BF0DA}.Release|x64.ActiveCfg = Release|Any CPU
		{F5B18650-60CD-409F-9D64-63DE7B8BF0DA}.Release|x64.Build.0 = Release|Any CPU
		{F5B18650-60CD-409F-9D64-63DE7B8BF0DA}.Release|x86.ActiveCfg = Release|Any CPU
		{7DF397B9-FB55-42DB-A5B7-AD012D188953}.Debug|Any CPU.ActiveCfg = Debug|x64
		{7DF397B9-FB55-42DB-A5B7-AD012D188953}.Debug|Any CPU.Build.0 = Debug|x64
		{7DF397B9-FB55-42DB-A5B7-AD012D188953}.Debug|ARM.ActiveCfg = Debug|ARM
		{7DF397B9-FB55-42DB-A5B7-AD012D188953}.Debug|ARM.Build.0 = Debug|ARM
		{7DF397B9-FB55-42DB-A5B7-AD012D188953}.Debug|Mixed Platforms.ActiveCfg = Debug|x86
		{7DF397B9-FB55-42DB-A5B7-AD012D188953}.Debug|Mixed Platforms.Build.0 = Debug|x86
		{7DF397B9-FB55-42DB-A5B7-AD012D188953}.Debug|x64.ActiveCfg = Debug|x64
		{7DF397B9-FB55-42DB-A5B7-AD012D188953}.Debug|x64.Build.0 = Debug|x64
		{7DF397B9-FB55-42DB-A5B7-AD012D188953}.Debug|x86.ActiveCfg = Debug|x86
		{7DF397B9-FB55-42DB-A5B7-AD012D188953}.Debug|x86.Build.0 = Debug|x86
		{7DF397B9-FB55-42DB-A5B7-AD012D188953}.Release|Any CPU.ActiveCfg = Release|x86
		{7DF397B9-FB55-42DB-A5B7-AD012D188953}.Release|Any CPU.Build.0 = Release|x86
		{7DF397B9-FB55-42DB-A5B7-AD012D188953}.Release|ARM.ActiveCfg = Release|ARM
		{7DF397B9-FB55-42DB-A5B7-AD012D188953}.Release|ARM.Build.0 = Release|ARM
		{7DF397B9-FB55-42DB-A5B7-AD012D188953}.Release|Mixed Platforms.ActiveCfg = Release|x86
		{7DF397B9-FB55-42DB-A5B7-AD012D188953}.Release|Mixed Platforms.Build.0 = Release|x86
		{7DF397B9-FB55-42DB-A5B7-AD012D188953}.Release|x64.ActiveCfg = Release|x64
		{7DF397B9-FB55-42DB-A5B7-AD012D188953}.Release|x64.Build.0 = Release|x64
		{7DF397B9-FB55-42DB-A5B7-AD012D188953}.Release|x86.ActiveCfg = Release|x86
		{7DF397B9-FB55-42DB-A5B7-AD012D188953}.Release|x86.Build.0 = Release|x86
		{D4F18C42-70E2-418D-B37A-1B70A43D8B80}.Debug|Any CPU.ActiveCfg = Debug|x64
		{D4F18C42-70E2-418D-B37A-1B70A43D8B80}.Debug|Any CPU.Build.0 = Debug|x64
		{D4F18C42-70E2-418D-B37A-1B70A43D8B80}.Debug|Any CPU.Deploy.0 = Debug|x64
		{D4F18C42-70E2-418D-B37A-1B70A43D8B80}.Debug|ARM.ActiveCfg = Debug|ARM
		{D4F18C42-70E2-418D-B37A-1B70A43D8B80}.Debug|ARM.Build.0 = Debug|ARM
		{D4F18C42-70E2-418D-B37A-1B70A43D8B80}.Debug|ARM.Deploy.0 = Debug|ARM
		{D4F18C42-70E2-418D-B37A-1B70A43D8B80}.Debug|Mixed Platforms.ActiveCfg = Debug|x86
		{D4F18C42-70E2-418D-B37A-1B70A43D8B80}.Debug|Mixed Platforms.Build.0 = Debug|x86
		{D4F18C42-70E2-418D-B37A-1B70A43D8B80}.Debug|Mixed Platforms.Deploy.0 = Debug|x86
		{D4F18C42-70E2-418D-B37A-1B70A43D8B80}.Debug|x64.ActiveCfg = Debug|x64
		{D4F18C42-70E2-418D-B37A-1B70A43D8B80}.Debug|x64.Build.0 = Debug|x64
		{D4F18C42-70E2-418D-B37A-1B70A43D8B80}.Debug|x64.Deploy.0 = Debug|x64
		{D4F18C42-70E2-418D-B37A-1B70A43D8B80}.Debug|x86.ActiveCfg = Debug|x86
		{D4F18C42-70E2-418D-B37A-1B70A43D8B80}.Debug|x86.Build.0 = Debug|x86
		{D4F18C42-70E2-418D-B37A-1B70A43D8B80}.Debug|x86.Deploy.0 = Debug|x86
		{D4F18C42-70E2-418D-B37A-1B70A43D8B80}.Release|Any CPU.ActiveCfg = Release|x86
		{D4F18C42-70E2-418D-B37A-1B70A43D8B80}.Release|Any CPU.Build.0 = Release|x86
		{D4F18C42-70E2-418D-B37A-1B70A43D8B80}.Release|Any CPU.Deploy.0 = Release|x86
		{D4F18C42-70E2-418D-B37A-1B70A43D8B80}.Release|ARM.ActiveCfg = Release|ARM
		{D4F18C42-70E2-418D-B37A-1B70A43D8B80}.Release|ARM.Build.0 = Release|ARM
		{D4F18C42-70E2-418D-B37A-1B70A43D8B80}.Release|ARM.Deploy.0 = Release|ARM
		{D4F18C42-70E2-418D-B37A-1B70A43D8B80}.Release|Mixed Platforms.ActiveCfg = Release|x86
		{D4F18C42-70E2-418D-B37A-1B70A43D8B80}.Release|Mixed Platforms.Build.0 = Release|x86
		{D4F18C42-70E2-418D-B37A-1B70A43D8B80}.Release|Mixed Platforms.Deploy.0 = Release|x86
		{D4F18C42-70E2-418D-B37A-1B70A43D8B80}.Release|x64.ActiveCfg = Release|x64
		{D4F18C42-70E2-418D-B37A-1B70A43D8B80}.Release|x64.Build.0 = Release|x64
		{D4F18C42-70E2-418D-B37A-1B70A43D8B80}.Release|x64.Deploy.0 = Release|x64
		{D4F18C42-70E2-418D-B37A-1B70A43D8B80}.Release|x86.ActiveCfg = Release|x86
		{D4F18C42-70E2-418D-B37A-1B70A43D8B80}.Release|x86.Build.0 = Release|x86
		{D4F18C42-70E2-418D-B37A-1B70A43D8B80}.Release|x86.Deploy.0 = Release|x86
		{AD0F55FE-D523-4BA0-9198-5CBA45DDCBCD}.Debug|Any CPU.ActiveCfg = Debug|Any CPU
		{AD0F55FE-D523-4BA0-9198-5CBA45DDCBCD}.Debug|Any CPU.Build.0 = Debug|Any CPU
		{AD0F55FE-D523-4BA0-9198-5CBA45DDCBCD}.Debug|ARM.ActiveCfg = Debug|ARM
		{AD0F55FE-D523-4BA0-9198-5CBA45DDCBCD}.Debug|ARM.Build.0 = Debug|ARM
		{AD0F55FE-D523-4BA0-9198-5CBA45DDCBCD}.Debug|Mixed Platforms.ActiveCfg = Debug|x86
		{AD0F55FE-D523-4BA0-9198-5CBA45DDCBCD}.Debug|Mixed Platforms.Build.0 = Debug|x86
		{AD0F55FE-D523-4BA0-9198-5CBA45DDCBCD}.Debug|x64.ActiveCfg = Debug|x64
		{AD0F55FE-D523-4BA0-9198-5CBA45DDCBCD}.Debug|x64.Build.0 = Debug|x64
		{AD0F55FE-D523-4BA0-9198-5CBA45DDCBCD}.Debug|x86.ActiveCfg = Debug|x86
		{AD0F55FE-D523-4BA0-9198-5CBA45DDCBCD}.Debug|x86.Build.0 = Debug|x86
		{AD0F55FE-D523-4BA0-9198-5CBA45DDCBCD}.Release|Any CPU.ActiveCfg = Release|Any CPU
		{AD0F55FE-D523-4BA0-9198-5CBA45DDCBCD}.Release|Any CPU.Build.0 = Release|Any CPU
		{AD0F55FE-D523-4BA0-9198-5CBA45DDCBCD}.Release|ARM.ActiveCfg = Release|ARM
		{AD0F55FE-D523-4BA0-9198-5CBA45DDCBCD}.Release|ARM.Build.0 = Release|ARM
		{AD0F55FE-D523-4BA0-9198-5CBA45DDCBCD}.Release|Mixed Platforms.ActiveCfg = Release|x86
		{AD0F55FE-D523-4BA0-9198-5CBA45DDCBCD}.Release|Mixed Platforms.Build.0 = Release|x86
		{AD0F55FE-D523-4BA0-9198-5CBA45DDCBCD}.Release|x64.ActiveCfg = Release|x64
		{AD0F55FE-D523-4BA0-9198-5CBA45DDCBCD}.Release|x64.Build.0 = Release|x64
		{AD0F55FE-D523-4BA0-9198-5CBA45DDCBCD}.Release|x86.ActiveCfg = Release|x86
		{AD0F55FE-D523-4BA0-9198-5CBA45DDCBCD}.Release|x86.Build.0 = Release|x86
		{8A4F6324-1C42-46FB-915A-057C8DEAEA4E}.Debug|Any CPU.ActiveCfg = Debug|Any CPU
		{8A4F6324-1C42-46FB-915A-057C8DEAEA4E}.Debug|Any CPU.Build.0 = Debug|Any CPU
		{8A4F6324-1C42-46FB-915A-057C8DEAEA4E}.Debug|ARM.ActiveCfg = Debug|ARM
		{8A4F6324-1C42-46FB-915A-057C8DEAEA4E}.Debug|ARM.Build.0 = Debug|ARM
		{8A4F6324-1C42-46FB-915A-057C8DEAEA4E}.Debug|Mixed Platforms.ActiveCfg = Debug|x86
		{8A4F6324-1C42-46FB-915A-057C8DEAEA4E}.Debug|Mixed Platforms.Build.0 = Debug|x86
		{8A4F6324-1C42-46FB-915A-057C8DEAEA4E}.Debug|x64.ActiveCfg = Debug|x64
		{8A4F6324-1C42-46FB-915A-057C8DEAEA4E}.Debug|x64.Build.0 = Debug|x64
		{8A4F6324-1C42-46FB-915A-057C8DEAEA4E}.Debug|x86.ActiveCfg = Debug|x86
		{8A4F6324-1C42-46FB-915A-057C8DEAEA4E}.Debug|x86.Build.0 = Debug|x86
		{8A4F6324-1C42-46FB-915A-057C8DEAEA4E}.Release|Any CPU.ActiveCfg = Release|Any CPU
		{8A4F6324-1C42-46FB-915A-057C8DEAEA4E}.Release|Any CPU.Build.0 = Release|Any CPU
		{8A4F6324-1C42-46FB-915A-057C8DEAEA4E}.Release|ARM.ActiveCfg = Release|ARM
		{8A4F6324-1C42-46FB-915A-057C8DEAEA4E}.Release|ARM.Build.0 = Release|ARM
		{8A4F6324-1C42-46FB-915A-057C8DEAEA4E}.Release|Mixed Platforms.ActiveCfg = Release|x86
		{8A4F6324-1C42-46FB-915A-057C8DEAEA4E}.Release|Mixed Platforms.Build.0 = Release|x86
		{8A4F6324-1C42-46FB-915A-057C8DEAEA4E}.Release|x64.ActiveCfg = Release|x64
		{8A4F6324-1C42-46FB-915A-057C8DEAEA4E}.Release|x64.Build.0 = Release|x64
		{8A4F6324-1C42-46FB-915A-057C8DEAEA4E}.Release|x86.ActiveCfg = Release|x86
		{8A4F6324-1C42-46FB-915A-057C8DEAEA4E}.Release|x86.Build.0 = Release|x86
		{95DFF5D9-BD94-494E-AD33-F20E45A339EB}.Debug|Any CPU.ActiveCfg = Debug|Any CPU
		{95DFF5D9-BD94-494E-AD33-F20E45A339EB}.Debug|Any CPU.Build.0 = Debug|Any CPU
		{95DFF5D9-BD94-494E-AD33-F20E45A339EB}.Debug|ARM.ActiveCfg = Debug|ARM
		{95DFF5D9-BD94-494E-AD33-F20E45A339EB}.Debug|ARM.Build.0 = Debug|ARM
		{95DFF5D9-BD94-494E-AD33-F20E45A339EB}.Debug|Mixed Platforms.ActiveCfg = Debug|x86
		{95DFF5D9-BD94-494E-AD33-F20E45A339EB}.Debug|Mixed Platforms.Build.0 = Debug|x86
		{95DFF5D9-BD94-494E-AD33-F20E45A339EB}.Debug|x64.ActiveCfg = Debug|x64
		{95DFF5D9-BD94-494E-AD33-F20E45A339EB}.Debug|x64.Build.0 = Debug|x64
		{95DFF5D9-BD94-494E-AD33-F20E45A339EB}.Debug|x86.ActiveCfg = Debug|x86
		{95DFF5D9-BD94-494E-AD33-F20E45A339EB}.Debug|x86.Build.0 = Debug|x86
		{95DFF5D9-BD94-494E-AD33-F20E45A339EB}.Release|Any CPU.ActiveCfg = Release|Any CPU
		{95DFF5D9-BD94-494E-AD33-F20E45A339EB}.Release|Any CPU.Build.0 = Release|Any CPU
		{95DFF5D9-BD94-494E-AD33-F20E45A339EB}.Release|ARM.ActiveCfg = Release|ARM
		{95DFF5D9-BD94-494E-AD33-F20E45A339EB}.Release|ARM.Build.0 = Release|ARM
		{95DFF5D9-BD94-494E-AD33-F20E45A339EB}.Release|Mixed Platforms.ActiveCfg = Release|x86
		{95DFF5D9-BD94-494E-AD33-F20E45A339EB}.Release|Mixed Platforms.Build.0 = Release|x86
		{95DFF5D9-BD94-494E-AD33-F20E45A339EB}.Release|x64.ActiveCfg = Release|x64
		{95DFF5D9-BD94-494E-AD33-F20E45A339EB}.Release|x64.Build.0 = Release|x64
		{95DFF5D9-BD94-494E-AD33-F20E45A339EB}.Release|x86.ActiveCfg = Release|x86
		{95DFF5D9-BD94-494E-AD33-F20E45A339EB}.Release|x86.Build.0 = Release|x86
		{CD917EE6-C9D9-44F8-AA67-2BFD7CD27F21}.Debug|Any CPU.ActiveCfg = Debug|Any CPU
		{CD917EE6-C9D9-44F8-AA67-2BFD7CD27F21}.Debug|Any CPU.Build.0 = Debug|Any CPU
		{CD917EE6-C9D9-44F8-AA67-2BFD7CD27F21}.Debug|ARM.ActiveCfg = Debug|ARM
		{CD917EE6-C9D9-44F8-AA67-2BFD7CD27F21}.Debug|ARM.Build.0 = Debug|ARM
		{CD917EE6-C9D9-44F8-AA67-2BFD7CD27F21}.Debug|Mixed Platforms.ActiveCfg = Debug|x86
		{CD917EE6-C9D9-44F8-AA67-2BFD7CD27F21}.Debug|Mixed Platforms.Build.0 = Debug|x86
		{CD917EE6-C9D9-44F8-AA67-2BFD7CD27F21}.Debug|x64.ActiveCfg = Debug|x64
		{CD917EE6-C9D9-44F8-AA67-2BFD7CD27F21}.Debug|x64.Build.0 = Debug|x64
		{CD917EE6-C9D9-44F8-AA67-2BFD7CD27F21}.Debug|x86.ActiveCfg = Debug|x86
		{CD917EE6-C9D9-44F8-AA67-2BFD7CD27F21}.Debug|x86.Build.0 = Debug|x86
		{CD917EE6-C9D9-44F8-AA67-2BFD7CD27F21}.Release|Any CPU.ActiveCfg = Release|Any CPU
		{CD917EE6-C9D9-44F8-AA67-2BFD7CD27F21}.Release|Any CPU.Build.0 = Release|Any CPU
		{CD917EE6-C9D9-44F8-AA67-2BFD7CD27F21}.Release|ARM.ActiveCfg = Release|ARM
		{CD917EE6-C9D9-44F8-AA67-2BFD7CD27F21}.Release|ARM.Build.0 = Release|ARM
		{CD917EE6-C9D9-44F8-AA67-2BFD7CD27F21}.Release|Mixed Platforms.ActiveCfg = Release|x86
		{CD917EE6-C9D9-44F8-AA67-2BFD7CD27F21}.Release|Mixed Platforms.Build.0 = Release|x86
		{CD917EE6-C9D9-44F8-AA67-2BFD7CD27F21}.Release|x64.ActiveCfg = Release|x64
		{CD917EE6-C9D9-44F8-AA67-2BFD7CD27F21}.Release|x64.Build.0 = Release|x64
		{CD917EE6-C9D9-44F8-AA67-2BFD7CD27F21}.Release|x86.ActiveCfg = Release|x86
		{CD917EE6-C9D9-44F8-AA67-2BFD7CD27F21}.Release|x86.Build.0 = Release|x86
		{04DEB5FC-DE16-40B7-9490-36AB3FEC0F10}.Debug|Any CPU.ActiveCfg = Debug|Any CPU
		{04DEB5FC-DE16-40B7-9490-36AB3FEC0F10}.Debug|Any CPU.Build.0 = Debug|Any CPU
		{04DEB5FC-DE16-40B7-9490-36AB3FEC0F10}.Debug|ARM.ActiveCfg = Debug|ARM
		{04DEB5FC-DE16-40B7-9490-36AB3FEC0F10}.Debug|ARM.Build.0 = Debug|ARM
		{04DEB5FC-DE16-40B7-9490-36AB3FEC0F10}.Debug|Mixed Platforms.ActiveCfg = Debug|x86
		{04DEB5FC-DE16-40B7-9490-36AB3FEC0F10}.Debug|Mixed Platforms.Build.0 = Debug|x86
		{04DEB5FC-DE16-40B7-9490-36AB3FEC0F10}.Debug|x64.ActiveCfg = Debug|x64
		{04DEB5FC-DE16-40B7-9490-36AB3FEC0F10}.Debug|x64.Build.0 = Debug|x64
		{04DEB5FC-DE16-40B7-9490-36AB3FEC0F10}.Debug|x86.ActiveCfg = Debug|x86
		{04DEB5FC-DE16-40B7-9490-36AB3FEC0F10}.Debug|x86.Build.0 = Debug|x86
		{04DEB5FC-DE16-40B7-9490-36AB3FEC0F10}.Release|Any CPU.ActiveCfg = Release|Any CPU
		{04DEB5FC-DE16-40B7-9490-36AB3FEC0F10}.Release|Any CPU.Build.0 = Release|Any CPU
		{04DEB5FC-DE16-40B7-9490-36AB3FEC0F10}.Release|ARM.ActiveCfg = Release|ARM
		{04DEB5FC-DE16-40B7-9490-36AB3FEC0F10}.Release|ARM.Build.0 = Release|ARM
		{04DEB5FC-DE16-40B7-9490-36AB3FEC0F10}.Release|Mixed Platforms.ActiveCfg = Release|x86
		{04DEB5FC-DE16-40B7-9490-36AB3FEC0F10}.Release|Mixed Platforms.Build.0 = Release|x86
		{04DEB5FC-DE16-40B7-9490-36AB3FEC0F10}.Release|x64.ActiveCfg = Release|x64
		{04DEB5FC-DE16-40B7-9490-36AB3FEC0F10}.Release|x64.Build.0 = Release|x64
		{04DEB5FC-DE16-40B7-9490-36AB3FEC0F10}.Release|x86.ActiveCfg = Release|x86
		{04DEB5FC-DE16-40B7-9490-36AB3FEC0F10}.Release|x86.Build.0 = Release|x86
	EndGlobalSection
	GlobalSection(SolutionProperties) = preSolution
		HideSolutionNode = FALSE
	EndGlobalSection
	GlobalSection(NestedProjects) = preSolution
		{0BD03CD2-8D1D-4BAC-8656-D3CF66274186} = {AD2126A2-2949-439C-909C-AC42D1E82C3C}
		{861FF007-D70F-41F8-800C-DDE9E600DCC4} = {AD2126A2-2949-439C-909C-AC42D1E82C3C}
		{D4F18C42-70E2-418D-B37A-1B70A43D8B80} = {AD2126A2-2949-439C-909C-AC42D1E82C3C}
		{011C62D0-A7D0-406A-AC21-BB7827832F99} = {D3EFE0EF-816A-40EF-B156-4366234588F5}
		{F5B18650-60CD-409F-9D64-63DE7B8BF0DA} = {68569401-D8C4-4AE5-A5AB-9301EBC6C061}
	EndGlobalSection
EndGlobal
