
Microsoft Visual Studio Solution File, Format Version 12.00
# Visual Studio 2013
VisualStudioVersion = 12.0.30312.1
MinimumVisualStudioVersion = 10.0.40219.1
Project("{FAE04EC0-301F-11D3-BF4B-00C04F79EFBC}") = "Microsoft.PlayerFramework.Universal.Core", "Universal.Xaml.Core\Microsoft.PlayerFramework.Universal.Core.csproj", "{66FB4CAC-C1D3-4756-978A-2ECF8A7AA1B4}"
EndProject
Project("{FAE04EC0-301F-11D3-BF4B-00C04F79EFBC}") = "Microsoft.Media.Universal.Advertising", "Universal.WinRT.Advertising\Microsoft.Media.Universal.Advertising.csproj", "{F863EDC6-2886-4D39-A578-89F4FF729D82}"
EndProject
Project("{FAE04EC0-301F-11D3-BF4B-00C04F79EFBC}") = "Microsoft.PlayerFramework.Universal.Advertising", "Universal.Xaml.Advertising\Microsoft.PlayerFramework.Universal.Advertising.csproj", "{2E19FE19-9B06-416D-8FFC-C432D6285CB9}"
EndProject
Project("{FAE04EC0-301F-11D3-BF4B-00C04F79EFBC}") = "Microsoft.Media.Universal.Analytics", "Universal.WinRT.Analytics\Microsoft.Media.Universal.Analytics.csproj", "{961CE8EE-F4BE-403F-AC06-A53CE1C7CE4C}"
EndProject
Project("{FAE04EC0-301F-11D3-BF4B-00C04F79EFBC}") = "Microsoft.Media.Universal.AudienceInsight", "Universal.WinRT.AudienceInsight\Microsoft.Media.Universal.AudienceInsight.csproj", "{8A4F6324-1C42-46FB-915A-057C8DEAEA4E}"
EndProject
Project("{FAE04EC0-301F-11D3-BF4B-00C04F79EFBC}") = "Microsoft.Media.Universal.WebVTT", "Universal.WinRT.WebVTT\Microsoft.Media.Universal.WebVTT.csproj", "{A3ABCCAA-B41B-4AB6-A1D9-A1E0D939B140}"
EndProject
Project("{FAE04EC0-301F-11D3-BF4B-00C04F79EFBC}") = "Microsoft.Media.Universal.TimedText", "Universal.WinRT.TimedText\Microsoft.Media.Universal.TimedText.csproj", "{D1F1EA17-4A91-4F3B-A243-F2B41D6CBCE6}"
EndProject
Project("{FAE04EC0-301F-11D3-BF4B-00C04F79EFBC}") = "Microsoft.Media.Universal.Analytics.AudienceInsight", "Universal.WinRT.Analytics.AudienceInsight\Microsoft.Media.Universal.Analytics.AudienceInsight.csproj", "{AD0F55FE-D523-4BA0-9198-5CBA45DDCBCD}"
EndProject
Project("{FAE04EC0-301F-11D3-BF4B-00C04F79EFBC}") = "Microsoft.Media.Universal.Analytics.Advertising", "Universal.WinRT.Analytics.Advertising\Microsoft.Media.Universal.Analytics.Advertising.csproj", "{95DFF5D9-BD94-494E-AD33-F20E45A339EB}"
EndProject
Project("{FAE04EC0-301F-11D3-BF4B-00C04F79EFBC}") = "Microsoft.PlayerFramework.Universal.Analytics", "Universal.Xaml.Analytics\Microsoft.PlayerFramework.Universal.Analytics.csproj", "{DA1F6F23-4C7F-4E0C-8884-F283EE0F3633}"
EndProject
Project("{FAE04EC0-301F-11D3-BF4B-00C04F79EFBC}") = "Microsoft.PlayerFramework.Universal.TimedText", "Universal.Xaml.TimedText\Microsoft.PlayerFramework.Universal.TimedText.csproj", "{54FB8BF9-02DF-490F-9837-0195AFD3F1AA}"
EndProject
Project("{FAE04EC0-301F-11D3-BF4B-00C04F79EFBC}") = "Microsoft.PlayerFramework.Universal.WebVTT", "Universal.Xaml.WebVTT\Microsoft.PlayerFramework.Universal.WebVTT.csproj", "{2BA82C57-A6FE-4B07-A2D9-FCEC84E8650D}"
EndProject
Project("{2150E333-8FDC-42A3-9474-1A3956D46DE8}") = "Lib", "Lib", "{209E2A63-3133-45B7-8381-F52588C3B1CD}"
EndProject
Project("{FAE04EC0-301F-11D3-BF4B-00C04F79EFBC}") = "Microsoft.Media.ISO", "Lib\Portable\Microsoft.Media.ISO\Microsoft.Media.ISO.csproj", "{F5B18650-60CD-409F-9D64-63DE7B8BF0DA}"
EndProject
Project("{FAE04EC0-301F-11D3-BF4B-00C04F79EFBC}") = "Microsoft.Media.Windows.AdaptiveStreaming.Helper", "Win81.WinRT.AdaptiveStreaming.Helper\Microsoft.Media.Windows.AdaptiveStreaming.Helper.csproj", "{850994BC-8687-4461-AAAC-EBD3FF9866FC}"
EndProject
Project("{FAE04EC0-301F-11D3-BF4B-00C04F79EFBC}") = "Microsoft.PlayerFramework.Windows.Adaptive", "Win81.Xaml.Adaptive\Microsoft.PlayerFramework.Windows.Adaptive.csproj", "{576887B5-A159-49F0-8DC8-CD64CCD9929E}"
EndProject
Project("{FAE04EC0-301F-11D3-BF4B-00C04F79EFBC}") = "Microsoft.Media.Windows.AdaptiveStreaming.Analytics", "Win81.WinRT.AdaptiveStreaming.Analytics\Microsoft.Media.Windows.AdaptiveStreaming.Analytics.csproj", "{16E66944-A6AC-4777-B46C-551004E68D3B}"
EndProject
Project("{FAE04EC0-301F-11D3-BF4B-00C04F79EFBC}") = "Microsoft.Media.Windows.AdaptiveStreaming.Dash", "Win81.WinRT.AdaptiveStreaming.Dash\Microsoft.Media.Windows.AdaptiveStreaming.Dash.csproj", "{2629BEBC-8158-418B-AA7D-B0A2F47095A5}"
EndProject
Project("{2150E333-8FDC-42A3-9474-1A3956D46DE8}") = "Samples", "Samples", "{FC50942B-A0B3-45AA-B0C9-69F0000D54C3}"
EndProject
Project("{D954291E-2A0B-460D-934E-DC6B0785DB48}") = "Microsoft.PlayerFramework.Samples.Shared", "Universal.Xaml.Samples\Universal.Xaml.Samples.Shared\Microsoft.PlayerFramework.Samples.Shared.shproj", "{DB3111A5-6D33-4127-A797-88263B062B8F}"
EndProject
Project("{FAE04EC0-301F-11D3-BF4B-00C04F79EFBC}") = "Microsoft.PlayerFramework.Samples.Windows", "Universal.Xaml.Samples\Universal.Xaml.Samples.Windows\Microsoft.PlayerFramework.Samples.Windows.csproj", "{3DAFBF4C-7798-4020-8812-49DEB30911D4}"
EndProject
Project("{FAE04EC0-301F-11D3-BF4B-00C04F79EFBC}") = "Microsoft.PlayerFramework.Samples.WindowsPhone", "Universal.Xaml.Samples\Universal.Xaml.Samples.WindowsPhone\Microsoft.PlayerFramework.Samples.WindowsPhone.csproj", "{C9B83844-6192-4645-9B2D-1F19A7B65DDF}"
EndProject
Project("{FAE04EC0-301F-11D3-BF4B-00C04F79EFBC}") = "Microsoft.PlayerFramework.Windows.CaptionSettings", "Win81.Xaml.CaptionSettings\Microsoft.PlayerFramework.Windows.CaptionSettings.csproj", "{806AEC1E-8775-4597-91C0-E2177BB0616F}"
EndProject
Project("{FAE04EC0-301F-11D3-BF4B-00C04F79EFBC}") = "Microsoft.PlayerFramework.Phone.CaptionSettings", "WP81.Xaml.CaptionSettings\Microsoft.PlayerFramework.Phone.CaptionSettings.csproj", "{3A4715D1-EFE0-4C7E-98C7-E3AFE945288F}"
EndProject
Project("{FAE04EC0-301F-11D3-BF4B-00C04F79EFBC}") = "Microsoft.PlayerFramework.Phone.WebVTT.Settings", "WP81.Xaml.WebVTT.Settings\Microsoft.PlayerFramework.Phone.WebVTT.Settings.csproj", "{6996061C-F935-4E27-B811-F61AA625283A}"
EndProject
Project("{FAE04EC0-301F-11D3-BF4B-00C04F79EFBC}") = "Microsoft.PlayerFramework.Windows.WebVTT.Settings", "Win81.Xaml.WebVTT.Settings\Microsoft.PlayerFramework.Windows.WebVTT.Settings.csproj", "{CDCF5B4B-0B80-4BC8-B3CB-B04390B81F0B}"
EndProject
Project("{FAE04EC0-301F-11D3-BF4B-00C04F79EFBC}") = "Microsoft.PlayerFramework.Windows.TTML.Settings", "Win81.Xaml.TTML.Settings\Microsoft.PlayerFramework.Windows.TTML.Settings.csproj", "{6AB0C295-8FC9-43BB-91B8-5AC9968BE593}"
EndProject
Project("{FAE04EC0-301F-11D3-BF4B-00C04F79EFBC}") = "Microsoft.PlayerFramework.Phone.TTML.Settings", "WP81.Xaml.TTML.Settings\Microsoft.PlayerFramework.Phone.TTML.Settings.csproj", "{D1B3836F-157E-434A-ABBD-12B908EF1C1F}"
EndProject
Global
	GlobalSection(SharedMSBuildProjectFiles) = preSolution
		Universal.Xaml.Samples\Universal.Xaml.Samples.Shared\Universal.Xaml.Samples.Shared.projitems*{c9b83844-6192-4645-9b2d-1f19a7b65ddf}*SharedItemsImports = 4
		Universal.Xaml.Samples\Universal.Xaml.Samples.Shared\Universal.Xaml.Samples.Shared.projitems*{3dafbf4c-7798-4020-8812-49deb30911d4}*SharedItemsImports = 4
		Universal.Xaml.Samples\Universal.Xaml.Samples.Shared\Universal.Xaml.Samples.Shared.projitems*{db3111a5-6d33-4127-a797-88263b062b8f}*SharedItemsImports = 13
	EndGlobalSection
	GlobalSection(SolutionConfigurationPlatforms) = preSolution
		Debug|Any CPU = Debug|Any CPU
		Debug|ARM = Debug|ARM
		Debug|x64 = Debug|x64
		Debug|x86 = Debug|x86
		Release|Any CPU = Release|Any CPU
		Release|ARM = Release|ARM
		Release|x64 = Release|x64
		Release|x86 = Release|x86
	EndGlobalSection
	GlobalSection(ProjectConfigurationPlatforms) = postSolution
		{66FB4CAC-C1D3-4756-978A-2ECF8A7AA1B4}.Debug|Any CPU.ActiveCfg = Debug|Any CPU
		{66FB4CAC-C1D3-4756-978A-2ECF8A7AA1B4}.Debug|Any CPU.Build.0 = Debug|Any CPU
		{66FB4CAC-C1D3-4756-978A-2ECF8A7AA1B4}.Debug|ARM.ActiveCfg = Debug|Any CPU
		{66FB4CAC-C1D3-4756-978A-2ECF8A7AA1B4}.Debug|x64.ActiveCfg = Debug|Any CPU
		{66FB4CAC-C1D3-4756-978A-2ECF8A7AA1B4}.Debug|x86.ActiveCfg = Debug|Any CPU
		{66FB4CAC-C1D3-4756-978A-2ECF8A7AA1B4}.Release|Any CPU.ActiveCfg = Release|Any CPU
		{66FB4CAC-C1D3-4756-978A-2ECF8A7AA1B4}.Release|Any CPU.Build.0 = Release|Any CPU
		{66FB4CAC-C1D3-4756-978A-2ECF8A7AA1B4}.Release|ARM.ActiveCfg = Release|Any CPU
		{66FB4CAC-C1D3-4756-978A-2ECF8A7AA1B4}.Release|x64.ActiveCfg = Release|Any CPU
		{66FB4CAC-C1D3-4756-978A-2ECF8A7AA1B4}.Release|x86.ActiveCfg = Release|Any CPU
		{F863EDC6-2886-4D39-A578-89F4FF729D82}.Debug|Any CPU.ActiveCfg = Debug|Any CPU
		{F863EDC6-2886-4D39-A578-89F4FF729D82}.Debug|Any CPU.Build.0 = Debug|Any CPU
		{F863EDC6-2886-4D39-A578-89F4FF729D82}.Debug|ARM.ActiveCfg = Debug|ARM
		{F863EDC6-2886-4D39-A578-89F4FF729D82}.Debug|ARM.Build.0 = Debug|ARM
		{F863EDC6-2886-4D39-A578-89F4FF729D82}.Debug|x64.ActiveCfg = Debug|x64
		{F863EDC6-2886-4D39-A578-89F4FF729D82}.Debug|x64.Build.0 = Debug|x64
		{F863EDC6-2886-4D39-A578-89F4FF729D82}.Debug|x86.ActiveCfg = Debug|x86
		{F863EDC6-2886-4D39-A578-89F4FF729D82}.Debug|x86.Build.0 = Debug|x86
		{F863EDC6-2886-4D39-A578-89F4FF729D82}.Release|Any CPU.ActiveCfg = Release|Any CPU
		{F863EDC6-2886-4D39-A578-89F4FF729D82}.Release|Any CPU.Build.0 = Release|Any CPU
		{F863EDC6-2886-4D39-A578-89F4FF729D82}.Release|ARM.ActiveCfg = Release|ARM
		{F863EDC6-2886-4D39-A578-89F4FF729D82}.Release|ARM.Build.0 = Release|ARM
		{F863EDC6-2886-4D39-A578-89F4FF729D82}.Release|x64.ActiveCfg = Release|x64
		{F863EDC6-2886-4D39-A578-89F4FF729D82}.Release|x64.Build.0 = Release|x64
		{F863EDC6-2886-4D39-A578-89F4FF729D82}.Release|x86.ActiveCfg = Release|x86
		{F863EDC6-2886-4D39-A578-89F4FF729D82}.Release|x86.Build.0 = Release|x86
		{2E19FE19-9B06-416D-8FFC-C432D6285CB9}.Debug|Any CPU.ActiveCfg = Debug|Any CPU
		{2E19FE19-9B06-416D-8FFC-C432D6285CB9}.Debug|Any CPU.Build.0 = Debug|Any CPU
		{2E19FE19-9B06-416D-8FFC-C432D6285CB9}.Debug|ARM.ActiveCfg = Debug|ARM
		{2E19FE19-9B06-416D-8FFC-C432D6285CB9}.Debug|ARM.Build.0 = Debug|ARM
		{2E19FE19-9B06-416D-8FFC-C432D6285CB9}.Debug|x64.ActiveCfg = Debug|x64
		{2E19FE19-9B06-416D-8FFC-C432D6285CB9}.Debug|x64.Build.0 = Debug|x64
		{2E19FE19-9B06-416D-8FFC-C432D6285CB9}.Debug|x86.ActiveCfg = Debug|x86
		{2E19FE19-9B06-416D-8FFC-C432D6285CB9}.Debug|x86.Build.0 = Debug|x86
		{2E19FE19-9B06-416D-8FFC-C432D6285CB9}.Release|Any CPU.ActiveCfg = Release|Any CPU
		{2E19FE19-9B06-416D-8FFC-C432D6285CB9}.Release|Any CPU.Build.0 = Release|Any CPU
		{2E19FE19-9B06-416D-8FFC-C432D6285CB9}.Release|ARM.ActiveCfg = Release|ARM
		{2E19FE19-9B06-416D-8FFC-C432D6285CB9}.Release|ARM.Build.0 = Release|ARM
		{2E19FE19-9B06-416D-8FFC-C432D6285CB9}.Release|x64.ActiveCfg = Release|x64
		{2E19FE19-9B06-416D-8FFC-C432D6285CB9}.Release|x64.Build.0 = Release|x64
		{2E19FE19-9B06-416D-8FFC-C432D6285CB9}.Release|x86.ActiveCfg = Release|x86
		{2E19FE19-9B06-416D-8FFC-C432D6285CB9}.Release|x86.Build.0 = Release|x86
		{961CE8EE-F4BE-403F-AC06-A53CE1C7CE4C}.Debug|Any CPU.ActiveCfg = Debug|Any CPU
		{961CE8EE-F4BE-403F-AC06-A53CE1C7CE4C}.Debug|Any CPU.Build.0 = Debug|Any CPU
		{961CE8EE-F4BE-403F-AC06-A53CE1C7CE4C}.Debug|ARM.ActiveCfg = Debug|ARM
		{961CE8EE-F4BE-403F-AC06-A53CE1C7CE4C}.Debug|ARM.Build.0 = Debug|ARM
		{961CE8EE-F4BE-403F-AC06-A53CE1C7CE4C}.Debug|x64.ActiveCfg = Debug|x64
		{961CE8EE-F4BE-403F-AC06-A53CE1C7CE4C}.Debug|x64.Build.0 = Debug|x64
		{961CE8EE-F4BE-403F-AC06-A53CE1C7CE4C}.Debug|x86.ActiveCfg = Debug|x86
		{961CE8EE-F4BE-403F-AC06-A53CE1C7CE4C}.Debug|x86.Build.0 = Debug|x86
		{961CE8EE-F4BE-403F-AC06-A53CE1C7CE4C}.Release|Any CPU.ActiveCfg = Release|Any CPU
		{961CE8EE-F4BE-403F-AC06-A53CE1C7CE4C}.Release|Any CPU.Build.0 = Release|Any CPU
		{961CE8EE-F4BE-403F-AC06-A53CE1C7CE4C}.Release|ARM.ActiveCfg = Release|ARM
		{961CE8EE-F4BE-403F-AC06-A53CE1C7CE4C}.Release|ARM.Build.0 = Release|ARM
		{961CE8EE-F4BE-403F-AC06-A53CE1C7CE4C}.Release|x64.ActiveCfg = Release|x64
		{961CE8EE-F4BE-403F-AC06-A53CE1C7CE4C}.Release|x64.Build.0 = Release|x64
		{961CE8EE-F4BE-403F-AC06-A53CE1C7CE4C}.Release|x86.ActiveCfg = Release|x86
		{961CE8EE-F4BE-403F-AC06-A53CE1C7CE4C}.Release|x86.Build.0 = Release|x86
		{8A4F6324-1C42-46FB-915A-057C8DEAEA4E}.Debug|Any CPU.ActiveCfg = Debug|Any CPU
		{8A4F6324-1C42-46FB-915A-057C8DEAEA4E}.Debug|Any CPU.Build.0 = Debug|Any CPU
		{8A4F6324-1C42-46FB-915A-057C8DEAEA4E}.Debug|ARM.ActiveCfg = Debug|ARM
		{8A4F6324-1C42-46FB-915A-057C8DEAEA4E}.Debug|ARM.Build.0 = Debug|ARM
		{8A4F6324-1C42-46FB-915A-057C8DEAEA4E}.Debug|x64.ActiveCfg = Debug|x64
		{8A4F6324-1C42-46FB-915A-057C8DEAEA4E}.Debug|x64.Build.0 = Debug|x64
		{8A4F6324-1C42-46FB-915A-057C8DEAEA4E}.Debug|x86.ActiveCfg = Debug|x86
		{8A4F6324-1C42-46FB-915A-057C8DEAEA4E}.Debug|x86.Build.0 = Debug|x86
		{8A4F6324-1C42-46FB-915A-057C8DEAEA4E}.Release|Any CPU.ActiveCfg = Release|Any CPU
		{8A4F6324-1C42-46FB-915A-057C8DEAEA4E}.Release|Any CPU.Build.0 = Release|Any CPU
		{8A4F6324-1C42-46FB-915A-057C8DEAEA4E}.Release|ARM.ActiveCfg = Release|ARM
		{8A4F6324-1C42-46FB-915A-057C8DEAEA4E}.Release|ARM.Build.0 = Release|ARM
		{8A4F6324-1C42-46FB-915A-057C8DEAEA4E}.Release|x64.ActiveCfg = Release|x64
		{8A4F6324-1C42-46FB-915A-057C8DEAEA4E}.Release|x64.Build.0 = Release|x64
		{8A4F6324-1C42-46FB-915A-057C8DEAEA4E}.Release|x86.ActiveCfg = Release|x86
		{8A4F6324-1C42-46FB-915A-057C8DEAEA4E}.Release|x86.Build.0 = Release|x86
		{A3ABCCAA-B41B-4AB6-A1D9-A1E0D939B140}.Debug|Any CPU.ActiveCfg = Debug|Any CPU
		{A3ABCCAA-B41B-4AB6-A1D9-A1E0D939B140}.Debug|Any CPU.Build.0 = Debug|Any CPU
		{A3ABCCAA-B41B-4AB6-A1D9-A1E0D939B140}.Debug|ARM.ActiveCfg = Debug|ARM
		{A3ABCCAA-B41B-4AB6-A1D9-A1E0D939B140}.Debug|ARM.Build.0 = Debug|ARM
		{A3ABCCAA-B41B-4AB6-A1D9-A1E0D939B140}.Debug|x64.ActiveCfg = Debug|x64
		{A3ABCCAA-B41B-4AB6-A1D9-A1E0D939B140}.Debug|x64.Build.0 = Debug|x64
		{A3ABCCAA-B41B-4AB6-A1D9-A1E0D939B140}.Debug|x86.ActiveCfg = Debug|x86
		{A3ABCCAA-B41B-4AB6-A1D9-A1E0D939B140}.Debug|x86.Build.0 = Debug|x86
		{A3ABCCAA-B41B-4AB6-A1D9-A1E0D939B140}.Release|Any CPU.ActiveCfg = Release|Any CPU
		{A3ABCCAA-B41B-4AB6-A1D9-A1E0D939B140}.Release|Any CPU.Build.0 = Release|Any CPU
		{A3ABCCAA-B41B-4AB6-A1D9-A1E0D939B140}.Release|ARM.ActiveCfg = Release|ARM
		{A3ABCCAA-B41B-4AB6-A1D9-A1E0D939B140}.Release|ARM.Build.0 = Release|ARM
		{A3ABCCAA-B41B-4AB6-A1D9-A1E0D939B140}.Release|x64.ActiveCfg = Release|x64
		{A3ABCCAA-B41B-4AB6-A1D9-A1E0D939B140}.Release|x64.Build.0 = Release|x64
		{A3ABCCAA-B41B-4AB6-A1D9-A1E0D939B140}.Release|x86.ActiveCfg = Release|x86
		{A3ABCCAA-B41B-4AB6-A1D9-A1E0D939B140}.Release|x86.Build.0 = Release|x86
		{D1F1EA17-4A91-4F3B-A243-F2B41D6CBCE6}.Debug|Any CPU.ActiveCfg = Debug|Any CPU
		{D1F1EA17-4A91-4F3B-A243-F2B41D6CBCE6}.Debug|Any CPU.Build.0 = Debug|Any CPU
		{D1F1EA17-4A91-4F3B-A243-F2B41D6CBCE6}.Debug|ARM.ActiveCfg = Debug|ARM
		{D1F1EA17-4A91-4F3B-A243-F2B41D6CBCE6}.Debug|ARM.Build.0 = Debug|ARM
		{D1F1EA17-4A91-4F3B-A243-F2B41D6CBCE6}.Debug|x64.ActiveCfg = Debug|x64
		{D1F1EA17-4A91-4F3B-A243-F2B41D6CBCE6}.Debug|x64.Build.0 = Debug|x64
		{D1F1EA17-4A91-4F3B-A243-F2B41D6CBCE6}.Debug|x86.ActiveCfg = Debug|x86
		{D1F1EA17-4A91-4F3B-A243-F2B41D6CBCE6}.Debug|x86.Build.0 = Debug|x86
		{D1F1EA17-4A91-4F3B-A243-F2B41D6CBCE6}.Release|Any CPU.ActiveCfg = Release|Any CPU
		{D1F1EA17-4A91-4F3B-A243-F2B41D6CBCE6}.Release|Any CPU.Build.0 = Release|Any CPU
		{D1F1EA17-4A91-4F3B-A243-F2B41D6CBCE6}.Release|ARM.ActiveCfg = Release|ARM
		{D1F1EA17-4A91-4F3B-A243-F2B41D6CBCE6}.Release|ARM.Build.0 = Release|ARM
		{D1F1EA17-4A91-4F3B-A243-F2B41D6CBCE6}.Release|x64.ActiveCfg = Release|x64
		{D1F1EA17-4A91-4F3B-A243-F2B41D6CBCE6}.Release|x64.Build.0 = Release|x64
		{D1F1EA17-4A91-4F3B-A243-F2B41D6CBCE6}.Release|x86.ActiveCfg = Release|x86
		{D1F1EA17-4A91-4F3B-A243-F2B41D6CBCE6}.Release|x86.Build.0 = Release|x86
		{AD0F55FE-D523-4BA0-9198-5CBA45DDCBCD}.Debug|Any CPU.ActiveCfg = Debug|Any CPU
		{AD0F55FE-D523-4BA0-9198-5CBA45DDCBCD}.Debug|Any CPU.Build.0 = Debug|Any CPU
		{AD0F55FE-D523-4BA0-9198-5CBA45DDCBCD}.Debug|ARM.ActiveCfg = Debug|ARM
		{AD0F55FE-D523-4BA0-9198-5CBA45DDCBCD}.Debug|ARM.Build.0 = Debug|ARM
		{AD0F55FE-D523-4BA0-9198-5CBA45DDCBCD}.Debug|x64.ActiveCfg = Debug|x64
		{AD0F55FE-D523-4BA0-9198-5CBA45DDCBCD}.Debug|x64.Build.0 = Debug|x64
		{AD0F55FE-D523-4BA0-9198-5CBA45DDCBCD}.Debug|x86.ActiveCfg = Debug|x86
		{AD0F55FE-D523-4BA0-9198-5CBA45DDCBCD}.Debug|x86.Build.0 = Debug|x86
		{AD0F55FE-D523-4BA0-9198-5CBA45DDCBCD}.Release|Any CPU.ActiveCfg = Release|Any CPU
		{AD0F55FE-D523-4BA0-9198-5CBA45DDCBCD}.Release|Any CPU.Build.0 = Release|Any CPU
		{AD0F55FE-D523-4BA0-9198-5CBA45DDCBCD}.Release|ARM.ActiveCfg = Release|ARM
		{AD0F55FE-D523-4BA0-9198-5CBA45DDCBCD}.Release|ARM.Build.0 = Release|ARM
		{AD0F55FE-D523-4BA0-9198-5CBA45DDCBCD}.Release|x64.ActiveCfg = Release|x64
		{AD0F55FE-D523-4BA0-9198-5CBA45DDCBCD}.Release|x64.Build.0 = Release|x64
		{AD0F55FE-D523-4BA0-9198-5CBA45DDCBCD}.Release|x86.ActiveCfg = Release|x86
		{AD0F55FE-D523-4BA0-9198-5CBA45DDCBCD}.Release|x86.Build.0 = Release|x86
		{95DFF5D9-BD94-494E-AD33-F20E45A339EB}.Debug|Any CPU.ActiveCfg = Debug|Any CPU
		{95DFF5D9-BD94-494E-AD33-F20E45A339EB}.Debug|Any CPU.Build.0 = Debug|Any CPU
		{95DFF5D9-BD94-494E-AD33-F20E45A339EB}.Debug|ARM.ActiveCfg = Debug|ARM
		{95DFF5D9-BD94-494E-AD33-F20E45A339EB}.Debug|ARM.Build.0 = Debug|ARM
		{95DFF5D9-BD94-494E-AD33-F20E45A339EB}.Debug|x64.ActiveCfg = Debug|x64
		{95DFF5D9-BD94-494E-AD33-F20E45A339EB}.Debug|x64.Build.0 = Debug|x64
		{95DFF5D9-BD94-494E-AD33-F20E45A339EB}.Debug|x86.ActiveCfg = Debug|x86
		{95DFF5D9-BD94-494E-AD33-F20E45A339EB}.Debug|x86.Build.0 = Debug|x86
		{95DFF5D9-BD94-494E-AD33-F20E45A339EB}.Release|Any CPU.ActiveCfg = Release|Any CPU
		{95DFF5D9-BD94-494E-AD33-F20E45A339EB}.Release|Any CPU.Build.0 = Release|Any CPU
		{95DFF5D9-BD94-494E-AD33-F20E45A339EB}.Release|ARM.ActiveCfg = Release|ARM
		{95DFF5D9-BD94-494E-AD33-F20E45A339EB}.Release|ARM.Build.0 = Release|ARM
		{95DFF5D9-BD94-494E-AD33-F20E45A339EB}.Release|x64.ActiveCfg = Release|x64
		{95DFF5D9-BD94-494E-AD33-F20E45A339EB}.Release|x64.Build.0 = Release|x64
		{95DFF5D9-BD94-494E-AD33-F20E45A339EB}.Release|x86.ActiveCfg = Release|x86
		{95DFF5D9-BD94-494E-AD33-F20E45A339EB}.Release|x86.Build.0 = Release|x86
		{DA1F6F23-4C7F-4E0C-8884-F283EE0F3633}.Debug|Any CPU.ActiveCfg = Debug|Any CPU
		{DA1F6F23-4C7F-4E0C-8884-F283EE0F3633}.Debug|Any CPU.Build.0 = Debug|Any CPU
		{DA1F6F23-4C7F-4E0C-8884-F283EE0F3633}.Debug|ARM.ActiveCfg = Debug|ARM
		{DA1F6F23-4C7F-4E0C-8884-F283EE0F3633}.Debug|ARM.Build.0 = Debug|ARM
		{DA1F6F23-4C7F-4E0C-8884-F283EE0F3633}.Debug|x64.ActiveCfg = Debug|x64
		{DA1F6F23-4C7F-4E0C-8884-F283EE0F3633}.Debug|x64.Build.0 = Debug|x64
		{DA1F6F23-4C7F-4E0C-8884-F283EE0F3633}.Debug|x86.ActiveCfg = Debug|x86
		{DA1F6F23-4C7F-4E0C-8884-F283EE0F3633}.Debug|x86.Build.0 = Debug|x86
		{DA1F6F23-4C7F-4E0C-8884-F283EE0F3633}.Release|Any CPU.ActiveCfg = Release|Any CPU
		{DA1F6F23-4C7F-4E0C-8884-F283EE0F3633}.Release|Any CPU.Build.0 = Release|Any CPU
		{DA1F6F23-4C7F-4E0C-8884-F283EE0F3633}.Release|ARM.ActiveCfg = Release|ARM
		{DA1F6F23-4C7F-4E0C-8884-F283EE0F3633}.Release|ARM.Build.0 = Release|ARM
		{DA1F6F23-4C7F-4E0C-8884-F283EE0F3633}.Release|x64.ActiveCfg = Release|x64
		{DA1F6F23-4C7F-4E0C-8884-F283EE0F3633}.Release|x64.Build.0 = Release|x64
		{DA1F6F23-4C7F-4E0C-8884-F283EE0F3633}.Release|x86.ActiveCfg = Release|x86
		{DA1F6F23-4C7F-4E0C-8884-F283EE0F3633}.Release|x86.Build.0 = Release|x86
		{54FB8BF9-02DF-490F-9837-0195AFD3F1AA}.Debug|Any CPU.ActiveCfg = Debug|Any CPU
		{54FB8BF9-02DF-490F-9837-0195AFD3F1AA}.Debug|Any CPU.Build.0 = Debug|Any CPU
		{54FB8BF9-02DF-490F-9837-0195AFD3F1AA}.Debug|ARM.ActiveCfg = Debug|ARM
		{54FB8BF9-02DF-490F-9837-0195AFD3F1AA}.Debug|ARM.Build.0 = Debug|ARM
		{54FB8BF9-02DF-490F-9837-0195AFD3F1AA}.Debug|x64.ActiveCfg = Debug|x64
		{54FB8BF9-02DF-490F-9837-0195AFD3F1AA}.Debug|x64.Build.0 = Debug|x64
		{54FB8BF9-02DF-490F-9837-0195AFD3F1AA}.Debug|x86.ActiveCfg = Debug|x86
		{54FB8BF9-02DF-490F-9837-0195AFD3F1AA}.Debug|x86.Build.0 = Debug|x86
		{54FB8BF9-02DF-490F-9837-0195AFD3F1AA}.Release|Any CPU.ActiveCfg = Release|Any CPU
		{54FB8BF9-02DF-490F-9837-0195AFD3F1AA}.Release|Any CPU.Build.0 = Release|Any CPU
		{54FB8BF9-02DF-490F-9837-0195AFD3F1AA}.Release|ARM.ActiveCfg = Release|ARM
		{54FB8BF9-02DF-490F-9837-0195AFD3F1AA}.Release|ARM.Build.0 = Release|ARM
		{54FB8BF9-02DF-490F-9837-0195AFD3F1AA}.Release|x64.ActiveCfg = Release|x64
		{54FB8BF9-02DF-490F-9837-0195AFD3F1AA}.Release|x64.Build.0 = Release|x64
		{54FB8BF9-02DF-490F-9837-0195AFD3F1AA}.Release|x86.ActiveCfg = Release|x86
		{54FB8BF9-02DF-490F-9837-0195AFD3F1AA}.Release|x86.Build.0 = Release|x86
		{2BA82C57-A6FE-4B07-A2D9-FCEC84E8650D}.Debug|Any CPU.ActiveCfg = Debug|Any CPU
		{2BA82C57-A6FE-4B07-A2D9-FCEC84E8650D}.Debug|Any CPU.Build.0 = Debug|Any CPU
		{2BA82C57-A6FE-4B07-A2D9-FCEC84E8650D}.Debug|ARM.ActiveCfg = Debug|ARM
		{2BA82C57-A6FE-4B07-A2D9-FCEC84E8650D}.Debug|ARM.Build.0 = Debug|ARM
		{2BA82C57-A6FE-4B07-A2D9-FCEC84E8650D}.Debug|x64.ActiveCfg = Debug|x64
		{2BA82C57-A6FE-4B07-A2D9-FCEC84E8650D}.Debug|x64.Build.0 = Debug|x64
		{2BA82C57-A6FE-4B07-A2D9-FCEC84E8650D}.Debug|x86.ActiveCfg = Debug|x86
		{2BA82C57-A6FE-4B07-A2D9-FCEC84E8650D}.Debug|x86.Build.0 = Debug|x86
		{2BA82C57-A6FE-4B07-A2D9-FCEC84E8650D}.Release|Any CPU.ActiveCfg = Release|Any CPU
		{2BA82C57-A6FE-4B07-A2D9-FCEC84E8650D}.Release|Any CPU.Build.0 = Release|Any CPU
		{2BA82C57-A6FE-4B07-A2D9-FCEC84E8650D}.Release|ARM.ActiveCfg = Release|ARM
		{2BA82C57-A6FE-4B07-A2D9-FCEC84E8650D}.Release|ARM.Build.0 = Release|ARM
		{2BA82C57-A6FE-4B07-A2D9-FCEC84E8650D}.Release|x64.ActiveCfg = Release|x64
		{2BA82C57-A6FE-4B07-A2D9-FCEC84E8650D}.Release|x64.Build.0 = Release|x64
		{2BA82C57-A6FE-4B07-A2D9-FCEC84E8650D}.Release|x86.ActiveCfg = Release|x86
		{2BA82C57-A6FE-4B07-A2D9-FCEC84E8650D}.Release|x86.Build.0 = Release|x86
		{F5B18650-60CD-409F-9D64-63DE7B8BF0DA}.Debug|Any CPU.ActiveCfg = Debug|Any CPU
		{F5B18650-60CD-409F-9D64-63DE7B8BF0DA}.Debug|Any CPU.Build.0 = Debug|Any CPU
		{F5B18650-60CD-409F-9D64-63DE7B8BF0DA}.Debug|ARM.ActiveCfg = Debug|Any CPU
		{F5B18650-60CD-409F-9D64-63DE7B8BF0DA}.Debug|x64.ActiveCfg = Debug|Any CPU
		{F5B18650-60CD-409F-9D64-63DE7B8BF0DA}.Debug|x86.ActiveCfg = Debug|Any CPU
		{F5B18650-60CD-409F-9D64-63DE7B8BF0DA}.Release|Any CPU.ActiveCfg = Release|Any CPU
		{F5B18650-60CD-409F-9D64-63DE7B8BF0DA}.Release|Any CPU.Build.0 = Release|Any CPU
		{F5B18650-60CD-409F-9D64-63DE7B8BF0DA}.Release|ARM.ActiveCfg = Release|Any CPU
		{F5B18650-60CD-409F-9D64-63DE7B8BF0DA}.Release|x64.ActiveCfg = Release|Any CPU
		{F5B18650-60CD-409F-9D64-63DE7B8BF0DA}.Release|x86.ActiveCfg = Release|Any CPU
		{850994BC-8687-4461-AAAC-EBD3FF9866FC}.Debug|Any CPU.ActiveCfg = Debug|x86
		{850994BC-8687-4461-AAAC-EBD3FF9866FC}.Debug|Any CPU.Build.0 = Debug|x86
		{850994BC-8687-4461-AAAC-EBD3FF9866FC}.Debug|ARM.ActiveCfg = Debug|ARM
		{850994BC-8687-4461-AAAC-EBD3FF9866FC}.Debug|ARM.Build.0 = Debug|ARM
		{850994BC-8687-4461-AAAC-EBD3FF9866FC}.Debug|x64.ActiveCfg = Debug|x64
		{850994BC-8687-4461-AAAC-EBD3FF9866FC}.Debug|x64.Build.0 = Debug|x64
		{850994BC-8687-4461-AAAC-EBD3FF9866FC}.Debug|x86.ActiveCfg = Debug|x86
		{850994BC-8687-4461-AAAC-EBD3FF9866FC}.Debug|x86.Build.0 = Debug|x86
		{850994BC-8687-4461-AAAC-EBD3FF9866FC}.Release|Any CPU.ActiveCfg = Release|x86
		{850994BC-8687-4461-AAAC-EBD3FF9866FC}.Release|Any CPU.Build.0 = Release|x86
		{850994BC-8687-4461-AAAC-EBD3FF9866FC}.Release|ARM.ActiveCfg = Release|ARM
		{850994BC-8687-4461-AAAC-EBD3FF9866FC}.Release|ARM.Build.0 = Release|ARM
		{850994BC-8687-4461-AAAC-EBD3FF9866FC}.Release|x64.ActiveCfg = Release|x64
		{850994BC-8687-4461-AAAC-EBD3FF9866FC}.Release|x64.Build.0 = Release|x64
		{850994BC-8687-4461-AAAC-EBD3FF9866FC}.Release|x86.ActiveCfg = Release|x86
		{850994BC-8687-4461-AAAC-EBD3FF9866FC}.Release|x86.Build.0 = Release|x86
		{576887B5-A159-49F0-8DC8-CD64CCD9929E}.Debug|Any CPU.ActiveCfg = Debug|x86
		{576887B5-A159-49F0-8DC8-CD64CCD9929E}.Debug|Any CPU.Build.0 = Debug|x86
		{576887B5-A159-49F0-8DC8-CD64CCD9929E}.Debug|ARM.ActiveCfg = Debug|ARM
		{576887B5-A159-49F0-8DC8-CD64CCD9929E}.Debug|ARM.Build.0 = Debug|ARM
		{576887B5-A159-49F0-8DC8-CD64CCD9929E}.Debug|x64.ActiveCfg = Debug|x64
		{576887B5-A159-49F0-8DC8-CD64CCD9929E}.Debug|x64.Build.0 = Debug|x64
		{576887B5-A159-49F0-8DC8-CD64CCD9929E}.Debug|x86.ActiveCfg = Debug|x86
		{576887B5-A159-49F0-8DC8-CD64CCD9929E}.Debug|x86.Build.0 = Debug|x86
		{576887B5-A159-49F0-8DC8-CD64CCD9929E}.Release|Any CPU.ActiveCfg = Release|x86
		{576887B5-A159-49F0-8DC8-CD64CCD9929E}.Release|Any CPU.Build.0 = Release|x86
		{576887B5-A159-49F0-8DC8-CD64CCD9929E}.Release|ARM.ActiveCfg = Release|ARM
		{576887B5-A159-49F0-8DC8-CD64CCD9929E}.Release|ARM.Build.0 = Release|ARM
		{576887B5-A159-49F0-8DC8-CD64CCD9929E}.Release|x64.ActiveCfg = Release|x64
		{576887B5-A159-49F0-8DC8-CD64CCD9929E}.Release|x64.Build.0 = Release|x64
		{576887B5-A159-49F0-8DC8-CD64CCD9929E}.Release|x86.ActiveCfg = Release|x86
		{576887B5-A159-49F0-8DC8-CD64CCD9929E}.Release|x86.Build.0 = Release|x86
		{16E66944-A6AC-4777-B46C-551004E68D3B}.Debug|Any CPU.ActiveCfg = Debug|x86
		{16E66944-A6AC-4777-B46C-551004E68D3B}.Debug|Any CPU.Build.0 = Debug|x86
		{16E66944-A6AC-4777-B46C-551004E68D3B}.Debug|ARM.ActiveCfg = Debug|ARM
		{16E66944-A6AC-4777-B46C-551004E68D3B}.Debug|ARM.Build.0 = Debug|ARM
		{16E66944-A6AC-4777-B46C-551004E68D3B}.Debug|x64.ActiveCfg = Debug|x64
		{16E66944-A6AC-4777-B46C-551004E68D3B}.Debug|x64.Build.0 = Debug|x64
		{16E66944-A6AC-4777-B46C-551004E68D3B}.Debug|x86.ActiveCfg = Debug|x86
		{16E66944-A6AC-4777-B46C-551004E68D3B}.Debug|x86.Build.0 = Debug|x86
		{16E66944-A6AC-4777-B46C-551004E68D3B}.Release|Any CPU.ActiveCfg = Release|x86
		{16E66944-A6AC-4777-B46C-551004E68D3B}.Release|Any CPU.Build.0 = Release|x86
		{16E66944-A6AC-4777-B46C-551004E68D3B}.Release|ARM.ActiveCfg = Release|ARM
		{16E66944-A6AC-4777-B46C-551004E68D3B}.Release|ARM.Build.0 = Release|ARM
		{16E66944-A6AC-4777-B46C-551004E68D3B}.Release|x64.ActiveCfg = Release|x64
		{16E66944-A6AC-4777-B46C-551004E68D3B}.Release|x64.Build.0 = Release|x64
		{16E66944-A6AC-4777-B46C-551004E68D3B}.Release|x86.ActiveCfg = Release|x86
		{16E66944-A6AC-4777-B46C-551004E68D3B}.Release|x86.Build.0 = Release|x86
		{2629BEBC-8158-418B-AA7D-B0A2F47095A5}.Debug|Any CPU.ActiveCfg = Debug|x86
		{2629BEBC-8158-418B-AA7D-B0A2F47095A5}.Debug|Any CPU.Build.0 = Debug|x86
		{2629BEBC-8158-418B-AA7D-B0A2F47095A5}.Debug|ARM.ActiveCfg = Debug|ARM
		{2629BEBC-8158-418B-AA7D-B0A2F47095A5}.Debug|ARM.Build.0 = Debug|ARM
		{2629BEBC-8158-418B-AA7D-B0A2F47095A5}.Debug|x64.ActiveCfg = Debug|x64
		{2629BEBC-8158-418B-AA7D-B0A2F47095A5}.Debug|x64.Build.0 = Debug|x64
		{2629BEBC-8158-418B-AA7D-B0A2F47095A5}.Debug|x86.ActiveCfg = Debug|x86
		{2629BEBC-8158-418B-AA7D-B0A2F47095A5}.Debug|x86.Build.0 = Debug|x86
		{2629BEBC-8158-418B-AA7D-B0A2F47095A5}.Release|Any CPU.ActiveCfg = Release|x86
		{2629BEBC-8158-418B-AA7D-B0A2F47095A5}.Release|Any CPU.Build.0 = Release|x86
		{2629BEBC-8158-418B-AA7D-B0A2F47095A5}.Release|ARM.ActiveCfg = Release|ARM
		{2629BEBC-8158-418B-AA7D-B0A2F47095A5}.Release|ARM.Build.0 = Release|ARM
		{2629BEBC-8158-418B-AA7D-B0A2F47095A5}.Release|x64.ActiveCfg = Release|x64
		{2629BEBC-8158-418B-AA7D-B0A2F47095A5}.Release|x64.Build.0 = Release|x64
		{2629BEBC-8158-418B-AA7D-B0A2F47095A5}.Release|x86.ActiveCfg = Release|x86
		{2629BEBC-8158-418B-AA7D-B0A2F47095A5}.Release|x86.Build.0 = Release|x86
		{3DAFBF4C-7798-4020-8812-49DEB30911D4}.Debug|Any CPU.ActiveCfg = Debug|x86
		{3DAFBF4C-7798-4020-8812-49DEB30911D4}.Debug|Any CPU.Build.0 = Debug|x86
		{3DAFBF4C-7798-4020-8812-49DEB30911D4}.Debug|Any CPU.Deploy.0 = Debug|x86
		{3DAFBF4C-7798-4020-8812-49DEB30911D4}.Debug|ARM.ActiveCfg = Debug|ARM
		{3DAFBF4C-7798-4020-8812-49DEB30911D4}.Debug|ARM.Build.0 = Debug|ARM
		{3DAFBF4C-7798-4020-8812-49DEB30911D4}.Debug|ARM.Deploy.0 = Debug|ARM
		{3DAFBF4C-7798-4020-8812-49DEB30911D4}.Debug|x64.ActiveCfg = Debug|x64
		{3DAFBF4C-7798-4020-8812-49DEB30911D4}.Debug|x64.Build.0 = Debug|x64
		{3DAFBF4C-7798-4020-8812-49DEB30911D4}.Debug|x64.Deploy.0 = Debug|x64
		{3DAFBF4C-7798-4020-8812-49DEB30911D4}.Debug|x86.ActiveCfg = Debug|x86
		{3DAFBF4C-7798-4020-8812-49DEB30911D4}.Debug|x86.Build.0 = Debug|x86
		{3DAFBF4C-7798-4020-8812-49DEB30911D4}.Debug|x86.Deploy.0 = Debug|x86
		{3DAFBF4C-7798-4020-8812-49DEB30911D4}.Release|Any CPU.ActiveCfg = Release|x86
		{3DAFBF4C-7798-4020-8812-49DEB30911D4}.Release|Any CPU.Build.0 = Release|x86
		{3DAFBF4C-7798-4020-8812-49DEB30911D4}.Release|Any CPU.Deploy.0 = Release|x86
		{3DAFBF4C-7798-4020-8812-49DEB30911D4}.Release|ARM.ActiveCfg = Release|ARM
		{3DAFBF4C-7798-4020-8812-49DEB30911D4}.Release|ARM.Build.0 = Release|ARM
		{3DAFBF4C-7798-4020-8812-49DEB30911D4}.Release|ARM.Deploy.0 = Release|ARM
		{3DAFBF4C-7798-4020-8812-49DEB30911D4}.Release|x64.ActiveCfg = Release|x64
		{3DAFBF4C-7798-4020-8812-49DEB30911D4}.Release|x64.Build.0 = Release|x64
		{3DAFBF4C-7798-4020-8812-49DEB30911D4}.Release|x64.Deploy.0 = Release|x64
		{3DAFBF4C-7798-4020-8812-49DEB30911D4}.Release|x86.ActiveCfg = Release|x86
		{3DAFBF4C-7798-4020-8812-49DEB30911D4}.Release|x86.Build.0 = Release|x86
		{3DAFBF4C-7798-4020-8812-49DEB30911D4}.Release|x86.Deploy.0 = Release|x86
		{C9B83844-6192-4645-9B2D-1F19A7B65DDF}.Debug|Any CPU.ActiveCfg = Debug|Any CPU
		{C9B83844-6192-4645-9B2D-1F19A7B65DDF}.Debug|Any CPU.Build.0 = Debug|Any CPU
		{C9B83844-6192-4645-9B2D-1F19A7B65DDF}.Debug|Any CPU.Deploy.0 = Debug|Any CPU
		{C9B83844-6192-4645-9B2D-1F19A7B65DDF}.Debug|ARM.ActiveCfg = Debug|ARM
		{C9B83844-6192-4645-9B2D-1F19A7B65DDF}.Debug|ARM.Build.0 = Debug|ARM
		{C9B83844-6192-4645-9B2D-1F19A7B65DDF}.Debug|ARM.Deploy.0 = Debug|ARM
		{C9B83844-6192-4645-9B2D-1F19A7B65DDF}.Debug|x64.ActiveCfg = Debug|Any CPU
		{C9B83844-6192-4645-9B2D-1F19A7B65DDF}.Debug|x86.ActiveCfg = Debug|x86
		{C9B83844-6192-4645-9B2D-1F19A7B65DDF}.Debug|x86.Build.0 = Debug|x86
		{C9B83844-6192-4645-9B2D-1F19A7B65DDF}.Debug|x86.Deploy.0 = Debug|x86
		{C9B83844-6192-4645-9B2D-1F19A7B65DDF}.Release|Any CPU.ActiveCfg = Release|x86
		{C9B83844-6192-4645-9B2D-1F19A7B65DDF}.Release|Any CPU.Build.0 = Release|x86
		{C9B83844-6192-4645-9B2D-1F19A7B65DDF}.Release|Any CPU.Deploy.0 = Release|x86
		{C9B83844-6192-4645-9B2D-1F19A7B65DDF}.Release|ARM.ActiveCfg = Release|ARM
		{C9B83844-6192-4645-9B2D-1F19A7B65DDF}.Release|ARM.Build.0 = Release|ARM
		{C9B83844-6192-4645-9B2D-1F19A7B65DDF}.Release|ARM.Deploy.0 = Release|ARM
		{C9B83844-6192-4645-9B2D-1F19A7B65DDF}.Release|x64.ActiveCfg = Release|Any CPU
		{C9B83844-6192-4645-9B2D-1F19A7B65DDF}.Release|x86.ActiveCfg = Release|x86
		{C9B83844-6192-4645-9B2D-1F19A7B65DDF}.Release|x86.Build.0 = Release|x86
		{C9B83844-6192-4645-9B2D-1F19A7B65DDF}.Release|x86.Deploy.0 = Release|x86
		{806AEC1E-8775-4597-91C0-E2177BB0616F}.Debug|Any CPU.ActiveCfg = Debug|Any CPU
		{806AEC1E-8775-4597-91C0-E2177BB0616F}.Debug|Any CPU.Build.0 = Debug|Any CPU
		{806AEC1E-8775-4597-91C0-E2177BB0616F}.Debug|ARM.ActiveCfg = Debug|ARM
		{806AEC1E-8775-4597-91C0-E2177BB0616F}.Debug|ARM.Build.0 = Debug|ARM
		{806AEC1E-8775-4597-91C0-E2177BB0616F}.Debug|x64.ActiveCfg = Debug|x64
		{806AEC1E-8775-4597-91C0-E2177BB0616F}.Debug|x64.Build.0 = Debug|x64
		{806AEC1E-8775-4597-91C0-E2177BB0616F}.Debug|x86.ActiveCfg = Debug|x86
		{806AEC1E-8775-4597-91C0-E2177BB0616F}.Debug|x86.Build.0 = Debug|x86
		{806AEC1E-8775-4597-91C0-E2177BB0616F}.Release|Any CPU.ActiveCfg = Release|Any CPU
		{806AEC1E-8775-4597-91C0-E2177BB0616F}.Release|Any CPU.Build.0 = Release|Any CPU
		{806AEC1E-8775-4597-91C0-E2177BB0616F}.Release|ARM.ActiveCfg = Release|ARM
		{806AEC1E-8775-4597-91C0-E2177BB0616F}.Release|ARM.Build.0 = Release|ARM
		{806AEC1E-8775-4597-91C0-E2177BB0616F}.Release|x64.ActiveCfg = Release|x64
		{806AEC1E-8775-4597-91C0-E2177BB0616F}.Release|x64.Build.0 = Release|x64
		{806AEC1E-8775-4597-91C0-E2177BB0616F}.Release|x86.ActiveCfg = Release|x86
		{806AEC1E-8775-4597-91C0-E2177BB0616F}.Release|x86.Build.0 = Release|x86
		{3A4715D1-EFE0-4C7E-98C7-E3AFE945288F}.Debug|Any CPU.ActiveCfg = Debug|Any CPU
		{3A4715D1-EFE0-4C7E-98C7-E3AFE945288F}.Debug|Any CPU.Build.0 = Debug|Any CPU
		{3A4715D1-EFE0-4C7E-98C7-E3AFE945288F}.Debug|ARM.ActiveCfg = Debug|ARM
		{3A4715D1-EFE0-4C7E-98C7-E3AFE945288F}.Debug|ARM.Build.0 = Debug|ARM
		{3A4715D1-EFE0-4C7E-98C7-E3AFE945288F}.Debug|x64.ActiveCfg = Debug|Any CPU
		{3A4715D1-EFE0-4C7E-98C7-E3AFE945288F}.Debug|x86.ActiveCfg = Debug|x86
		{3A4715D1-EFE0-4C7E-98C7-E3AFE945288F}.Debug|x86.Build.0 = Debug|x86
		{3A4715D1-EFE0-4C7E-98C7-E3AFE945288F}.Release|Any CPU.ActiveCfg = Release|Any CPU
		{3A4715D1-EFE0-4C7E-98C7-E3AFE945288F}.Release|Any CPU.Build.0 = Release|Any CPU
		{3A4715D1-EFE0-4C7E-98C7-E3AFE945288F}.Release|ARM.ActiveCfg = Release|ARM
		{3A4715D1-EFE0-4C7E-98C7-E3AFE945288F}.Release|ARM.Build.0 = Release|ARM
		{3A4715D1-EFE0-4C7E-98C7-E3AFE945288F}.Release|x64.ActiveCfg = Release|Any CPU
		{3A4715D1-EFE0-4C7E-98C7-E3AFE945288F}.Release|x86.ActiveCfg = Release|x86
		{3A4715D1-EFE0-4C7E-98C7-E3AFE945288F}.Release|x86.Build.0 = Release|x86
		{6996061C-F935-4E27-B811-F61AA625283A}.Debug|Any CPU.ActiveCfg = Debug|Any CPU
		{6996061C-F935-4E27-B811-F61AA625283A}.Debug|Any CPU.Build.0 = Debug|Any CPU
		{6996061C-F935-4E27-B811-F61AA625283A}.Debug|ARM.ActiveCfg = Debug|ARM
		{6996061C-F935-4E27-B811-F61AA625283A}.Debug|ARM.Build.0 = Debug|ARM
		{6996061C-F935-4E27-B811-F61AA625283A}.Debug|x64.ActiveCfg = Debug|Any CPU
		{6996061C-F935-4E27-B811-F61AA625283A}.Debug|x86.ActiveCfg = Debug|x86
		{6996061C-F935-4E27-B811-F61AA625283A}.Debug|x86.Build.0 = Debug|x86
		{6996061C-F935-4E27-B811-F61AA625283A}.Release|Any CPU.ActiveCfg = Release|Any CPU
		{6996061C-F935-4E27-B811-F61AA625283A}.Release|Any CPU.Build.0 = Release|Any CPU
		{6996061C-F935-4E27-B811-F61AA625283A}.Release|ARM.ActiveCfg = Release|ARM
		{6996061C-F935-4E27-B811-F61AA625283A}.Release|ARM.Build.0 = Release|ARM
		{6996061C-F935-4E27-B811-F61AA625283A}.Release|x64.ActiveCfg = Release|Any CPU
		{6996061C-F935-4E27-B811-F61AA625283A}.Release|x86.ActiveCfg = Release|x86
		{6996061C-F935-4E27-B811-F61AA625283A}.Release|x86.Build.0 = Release|x86
		{CDCF5B4B-0B80-4BC8-B3CB-B04390B81F0B}.Debug|Any CPU.ActiveCfg = Debug|Any CPU
		{CDCF5B4B-0B80-4BC8-B3CB-B04390B81F0B}.Debug|Any CPU.Build.0 = Debug|Any CPU
		{CDCF5B4B-0B80-4BC8-B3CB-B04390B81F0B}.Debug|ARM.ActiveCfg = Debug|ARM
		{CDCF5B4B-0B80-4BC8-B3CB-B04390B81F0B}.Debug|ARM.Build.0 = Debug|ARM
		{CDCF5B4B-0B80-4BC8-B3CB-B04390B81F0B}.Debug|x64.ActiveCfg = Debug|x64
		{CDCF5B4B-0B80-4BC8-B3CB-B04390B81F0B}.Debug|x64.Build.0 = Debug|x64
		{CDCF5B4B-0B80-4BC8-B3CB-B04390B81F0B}.Debug|x86.ActiveCfg = Debug|x86
		{CDCF5B4B-0B80-4BC8-B3CB-B04390B81F0B}.Debug|x86.Build.0 = Debug|x86
		{CDCF5B4B-0B80-4BC8-B3CB-B04390B81F0B}.Release|Any CPU.ActiveCfg = Release|Any CPU
		{CDCF5B4B-0B80-4BC8-B3CB-B04390B81F0B}.Release|Any CPU.Build.0 = Release|Any CPU
		{CDCF5B4B-0B80-4BC8-B3CB-B04390B81F0B}.Release|ARM.ActiveCfg = Release|ARM
		{CDCF5B4B-0B80-4BC8-B3CB-B04390B81F0B}.Release|ARM.Build.0 = Release|ARM
		{CDCF5B4B-0B80-4BC8-B3CB-B04390B81F0B}.Release|x64.ActiveCfg = Release|x64
		{CDCF5B4B-0B80-4BC8-B3CB-B04390B81F0B}.Release|x64.Build.0 = Release|x64
		{CDCF5B4B-0B80-4BC8-B3CB-B04390B81F0B}.Release|x86.ActiveCfg = Release|x86
		{CDCF5B4B-0B80-4BC8-B3CB-B04390B81F0B}.Release|x86.Build.0 = Release|x86
		{6AB0C295-8FC9-43BB-91B8-5AC9968BE593}.Debug|Any CPU.ActiveCfg = Debug|Any CPU
		{6AB0C295-8FC9-43BB-91B8-5AC9968BE593}.Debug|Any CPU.Build.0 = Debug|Any CPU
		{6AB0C295-8FC9-43BB-91B8-5AC9968BE593}.Debug|ARM.ActiveCfg = Debug|ARM
		{6AB0C295-8FC9-43BB-91B8-5AC9968BE593}.Debug|ARM.Build.0 = Debug|ARM
		{6AB0C295-8FC9-43BB-91B8-5AC9968BE593}.Debug|x64.ActiveCfg = Debug|x64
		{6AB0C295-8FC9-43BB-91B8-5AC9968BE593}.Debug|x64.Build.0 = Debug|x64
		{6AB0C295-8FC9-43BB-91B8-5AC9968BE593}.Debug|x86.ActiveCfg = Debug|x86
		{6AB0C295-8FC9-43BB-91B8-5AC9968BE593}.Debug|x86.Build.0 = Debug|x86
		{6AB0C295-8FC9-43BB-91B8-5AC9968BE593}.Release|Any CPU.ActiveCfg = Release|Any CPU
		{6AB0C295-8FC9-43BB-91B8-5AC9968BE593}.Release|Any CPU.Build.0 = Release|Any CPU
		{6AB0C295-8FC9-43BB-91B8-5AC9968BE593}.Release|ARM.ActiveCfg = Release|ARM
		{6AB0C295-8FC9-43BB-91B8-5AC9968BE593}.Release|ARM.Build.0 = Release|ARM
		{6AB0C295-8FC9-43BB-91B8-5AC9968BE593}.Release|x64.ActiveCfg = Release|x64
		{6AB0C295-8FC9-43BB-91B8-5AC9968BE593}.Release|x64.Build.0 = Release|x64
		{6AB0C295-8FC9-43BB-91B8-5AC9968BE593}.Release|x86.ActiveCfg = Release|x86
		{6AB0C295-8FC9-43BB-91B8-5AC9968BE593}.Release|x86.Build.0 = Release|x86
		{D1B3836F-157E-434A-ABBD-12B908EF1C1F}.Debug|Any CPU.ActiveCfg = Debug|Any CPU
		{D1B3836F-157E-434A-ABBD-12B908EF1C1F}.Debug|Any CPU.Build.0 = Debug|Any CPU
		{D1B3836F-157E-434A-ABBD-12B908EF1C1F}.Debug|ARM.ActiveCfg = Debug|ARM
		{D1B3836F-157E-434A-ABBD-12B908EF1C1F}.Debug|ARM.Build.0 = Debug|ARM
		{D1B3836F-157E-434A-ABBD-12B908EF1C1F}.Debug|x64.ActiveCfg = Debug|Any CPU
		{D1B3836F-157E-434A-ABBD-12B908EF1C1F}.Debug|x86.ActiveCfg = Debug|x86
		{D1B3836F-157E-434A-ABBD-12B908EF1C1F}.Debug|x86.Build.0 = Debug|x86
		{D1B3836F-157E-434A-ABBD-12B908EF1C1F}.Release|Any CPU.ActiveCfg = Release|Any CPU
		{D1B3836F-157E-434A-ABBD-12B908EF1C1F}.Release|Any CPU.Build.0 = Release|Any CPU
		{D1B3836F-157E-434A-ABBD-12B908EF1C1F}.Release|ARM.ActiveCfg = Release|ARM
		{D1B3836F-157E-434A-ABBD-12B908EF1C1F}.Release|ARM.Build.0 = Release|ARM
		{D1B3836F-157E-434A-ABBD-12B908EF1C1F}.Release|x64.ActiveCfg = Release|Any CPU
		{D1B3836F-157E-434A-ABBD-12B908EF1C1F}.Release|x86.ActiveCfg = Release|x86
		{D1B3836F-157E-434A-ABBD-12B908EF1C1F}.Release|x86.Build.0 = Release|x86
	EndGlobalSection
	GlobalSection(SolutionProperties) = preSolution
		HideSolutionNode = FALSE
	EndGlobalSection
	GlobalSection(NestedProjects) = preSolution
		{F5B18650-60CD-409F-9D64-63DE7B8BF0DA} = {209E2A63-3133-45B7-8381-F52588C3B1CD}
		{DB3111A5-6D33-4127-A797-88263B062B8F} = {FC50942B-A0B3-45AA-B0C9-69F0000D54C3}
		{3DAFBF4C-7798-4020-8812-49DEB30911D4} = {FC50942B-A0B3-45AA-B0C9-69F0000D54C3}
		{C9B83844-6192-4645-9B2D-1F19A7B65DDF} = {FC50942B-A0B3-45AA-B0C9-69F0000D54C3}
	EndGlobalSection
EndGlobal
