
Microsoft Visual Studio Solution File, Format Version 12.00
# Visual Studio 2013
VisualStudioVersion = 12.0.30312.1
MinimumVisualStudioVersion = 10.0.40219.1
Project("{2150E333-8FDC-42A3-9474-1A3956D46DE8}") = "Test.Universal.Xaml", "Test.Universal.Xaml", "{EE0AA15C-8ABB-4C81-9A62-265B2AA1DC58}"
EndProject
Project("{D954291E-2A0B-460D-934E-DC6B0785DB48}") = "Test.Universal.Xaml.Shared", "Universal.Xaml.Samples\Test.Universal.Xaml.Shared\Test.Universal.Xaml.Shared.shproj", "{9FD2F5F6-096F-41E7-87D7-942ACF779071}"
EndProject
Project("{FAE04EC0-301F-11D3-BF4B-00C04F79EFBC}") = "Test.Universal.Xaml.Windows", "Universal.Xaml.Samples\Test.Universal.Xaml.Windows\Test.Universal.Xaml.Windows.csproj", "{C6CA8BA8-B753-4F55-A602-70D397B91BA4}"
EndProject
Project("{FAE04EC0-301F-11D3-BF4B-00C04F79EFBC}") = "Test.Universal.Xaml.WindowsPhone", "Universal.Xaml.Samples\Test.Universal.Xaml.WindowsPhone\Test.Universal.Xaml.WindowsPhone.csproj", "{E9361AD7-79BC-4050-A65B-DCEEDCEABDBE}"
EndProject
Project("{FAE04EC0-301F-11D3-BF4B-00C04F79EFBC}") = "Microsoft.PlayerFramework.Xaml.Core", "Universal.Xaml.Core\Microsoft.PlayerFramework.Xaml.Core.csproj", "{66FB4CAC-C1D3-4756-978A-2ECF8A7AA1B4}"
EndProject
Project("{FAE04EC0-301F-11D3-BF4B-00C04F79EFBC}") = "Microsoft.Media.WinRT.Advertising", "Universal.WinRT.Advertising\Microsoft.Media.WinRT.Advertising.csproj", "{F863EDC6-2886-4D39-A578-89F4FF729D82}"
EndProject
Project("{FAE04EC0-301F-11D3-BF4B-00C04F79EFBC}") = "Microsoft.PlayerFramework.Xaml.Advertising", "Universal.Xaml.Advertising\Microsoft.PlayerFramework.Xaml.Advertising.csproj", "{2E19FE19-9B06-416D-8FFC-C432D6285CB9}"
EndProject
Project("{FAE04EC0-301F-11D3-BF4B-00C04F79EFBC}") = "Microsoft.Media.WinRT.Analytics", "Universal.WinRT.Analytics\Microsoft.Media.WinRT.Analytics.csproj", "{961CE8EE-F4BE-403F-AC06-A53CE1C7CE4C}"
EndProject
Project("{FAE04EC0-301F-11D3-BF4B-00C04F79EFBC}") = "Microsoft.Media.WinRT.AudienceInsight", "Universal.WinRT.AudienceInsight\Microsoft.Media.WinRT.AudienceInsight.csproj", "{8A4F6324-1C42-46FB-915A-057C8DEAEA4E}"
EndProject
Project("{FAE04EC0-301F-11D3-BF4B-00C04F79EFBC}") = "Microsoft.Media.WinRT.WebVTT", "Universal.WinRT.WebVTT\Microsoft.Media.WinRT.WebVTT.csproj", "{A3ABCCAA-B41B-4AB6-A1D9-A1E0D939B140}"
EndProject
Project("{FAE04EC0-301F-11D3-BF4B-00C04F79EFBC}") = "Microsoft.Media.WinRT.TimedText", "Universal.WinRT.TimedText\Microsoft.Media.WinRT.TimedText.csproj", "{D1F1EA17-4A91-4F3B-A243-F2B41D6CBCE6}"
EndProject
Project("{FAE04EC0-301F-11D3-BF4B-00C04F79EFBC}") = "Microsoft.Media.WinRT.Analytics.AudienceInsight", "Universal.WinRT.Analytics.AudienceInsight\Microsoft.Media.WinRT.Analytics.AudienceInsight.csproj", "{AD0F55FE-D523-4BA0-9198-5CBA45DDCBCD}"
EndProject
Project("{FAE04EC0-301F-11D3-BF4B-00C04F79EFBC}") = "Microsoft.Media.WinRT.Analytics.Advertising", "Universal.WinRT.Analytics.Advertising\Microsoft.Media.WinRT.Analytics.Advertising.csproj", "{95DFF5D9-BD94-494E-AD33-F20E45A339EB}"
EndProject
Project("{FAE04EC0-301F-11D3-BF4B-00C04F79EFBC}") = "Microsoft.PlayerFramework.Xaml.Analytics", "Universal.Xaml.Analytics\Microsoft.PlayerFramework.Xaml.Analytics.csproj", "{DA1F6F23-4C7F-4E0C-8884-F283EE0F3633}"
EndProject
Project("{FAE04EC0-301F-11D3-BF4B-00C04F79EFBC}") = "Microsoft.PlayerFramework.Xaml.CaptionSettings", "Universal.Xaml.CaptionSettings\Microsoft.PlayerFramework.Xaml.CaptionSettings.csproj", "{00C65BE5-8806-4AD5-A350-D48120E22028}"
EndProject
Project("{FAE04EC0-301F-11D3-BF4B-00C04F79EFBC}") = "Microsoft.PlayerFramework.Xaml.TimedText", "Universal.Xaml.TimedText\Microsoft.PlayerFramework.Xaml.TimedText.csproj", "{54FB8BF9-02DF-490F-9837-0195AFD3F1AA}"
EndProject
Project("{FAE04EC0-301F-11D3-BF4B-00C04F79EFBC}") = "Microsoft.PlayerFramework.Xaml.WebVTT", "Universal.Xaml.WebVTT\Microsoft.PlayerFramework.Xaml.WebVTT.csproj", "{2BA82C57-A6FE-4B07-A2D9-FCEC84E8650D}"
EndProject
Project("{FAE04EC0-301F-11D3-BF4B-00C04F79EFBC}") = "Microsoft.PlayerFramework.Xaml.WebVTT.Settings", "Universal.Xaml.WebVTT.Settings\Microsoft.PlayerFramework.Xaml.WebVTT.Settings.csproj", "{673ADD5B-89F2-403E-A655-365CC925D65E}"
EndProject
Project("{FAE04EC0-301F-11D3-BF4B-00C04F79EFBC}") = "Microsoft.PlayerFramework.Xaml.TTML.Settings", "Universal.Xaml.TTML.Settings\Microsoft.PlayerFramework.Xaml.TTML.Settings.csproj", "{664D44A9-0A3A-4C37-A668-68240004BB55}"
EndProject
Project("{2150E333-8FDC-42A3-9474-1A3956D46DE8}") = "Lib", "Lib", "{209E2A63-3133-45B7-8381-F52588C3B1CD}"
EndProject
Project("{FAE04EC0-301F-11D3-BF4B-00C04F79EFBC}") = "Microsoft.Media.ISO", "Lib\Portable\Microsoft.Media.ISO\Microsoft.Media.ISO.csproj", "{F5B18650-60CD-409F-9D64-63DE7B8BF0DA}"
EndProject
Project("{FAE04EC0-301F-11D3-BF4B-00C04F79EFBC}") = "Microsoft.Media.Win81.AdaptiveStreaming.Helper", "Win81.WinRT.AdaptiveStreaming.Helper\Microsoft.Media.Win81.AdaptiveStreaming.Helper.csproj", "{850994BC-8687-4461-AAAC-EBD3FF9866FC}"
EndProject
Project("{FAE04EC0-301F-11D3-BF4B-00C04F79EFBC}") = "Microsoft.Media.WP81.AdaptiveStreaming.Helper", "WP81.WinRT.AdaptiveStreaming.Helper\Microsoft.Media.WP81.AdaptiveStreaming.Helper.csproj", "{CC90CA7E-E976-4C9D-AA26-38E4787CB9A8}"
EndProject
Project("{FAE04EC0-301F-11D3-BF4B-00C04F79EFBC}") = "Microsoft.PlayerFramework.Xaml.Win81.Adaptive", "Win81.Xaml.Adaptive\Microsoft.PlayerFramework.Xaml.Win81.Adaptive.csproj", "{576887B5-A159-49F0-8DC8-CD64CCD9929E}"
EndProject
Project("{FAE04EC0-301F-11D3-BF4B-00C04F79EFBC}") = "Microsoft.PlayerFramework.Xaml.WP81.Adaptive", "WP81.Xaml.Adaptive\Microsoft.PlayerFramework.Xaml.WP81.Adaptive.csproj", "{5CB6145C-87A6-4AA0-ADC6-1BE1D2344986}"
EndProject
Project("{FAE04EC0-301F-11D3-BF4B-00C04F79EFBC}") = "Microsoft.Media.WP81.AdaptiveStreaming.Analytics", "WP81.WinRT.AdaptiveStreaming.Analytics\Microsoft.Media.WP81.AdaptiveStreaming.Analytics.csproj", "{FDDA472F-3579-4DF8-830D-5EA18848DE33}"
EndProject
Project("{FAE04EC0-301F-11D3-BF4B-00C04F79EFBC}") = "Microsoft.Media.Win81.AdaptiveStreaming.Analytics", "Win81.WinRT.AdaptiveStreaming.Analytics\Microsoft.Media.Win81.AdaptiveStreaming.Analytics.csproj", "{16E66944-A6AC-4777-B46C-551004E68D3B}"
EndProject
Project("{FAE04EC0-301F-11D3-BF4B-00C04F79EFBC}") = "Microsoft.Media.WP81.AdaptiveStreaming.Dash", "WP81.WinRT.AdaptiveStreaming.Dash\Microsoft.Media.WP81.AdaptiveStreaming.Dash.csproj", "{6AC6FE63-157B-4B94-A178-663A576FD349}"
EndProject
Project("{FAE04EC0-301F-11D3-BF4B-00C04F79EFBC}") = "Microsoft.Media.Win81.AdaptiveStreaming.Dash", "Win81.WinRT.AdaptiveStreaming.Dash\Microsoft.Media.Win81.AdaptiveStreaming.Dash.csproj", "{2629BEBC-8158-418B-AA7D-B0A2F47095A5}"
EndProject
Global
	GlobalSection(SharedMSBuildProjectFiles) = preSolution
		Universal.Xaml.Samples\Test.Universal.Xaml.Shared\Test.Universal.Xaml.Shared.projitems*{c6ca8ba8-b753-4f55-a602-70d397b91ba4}*SharedItemsImports = 4
		Universal.Xaml.Samples\Test.Universal.Xaml.Shared\Test.Universal.Xaml.Shared.projitems*{9fd2f5f6-096f-41e7-87d7-942acf779071}*SharedItemsImports = 13
		Universal.Xaml.Samples\Test.Universal.Xaml.Shared\Test.Universal.Xaml.Shared.projitems*{e9361ad7-79bc-4050-a65b-dceedceabdbe}*SharedItemsImports = 4
	EndGlobalSection
	GlobalSection(SolutionConfigurationPlatforms) = preSolution
		Debug|Any CPU = Debug|Any CPU
		Debug|ARM = Debug|ARM
		Debug|x64 = Debug|x64
		Debug|x86 = Debug|x86
		Release|Any CPU = Release|Any CPU
		Release|ARM = Release|ARM
		Release|x64 = Release|x64
		Release|x86 = Release|x86
	EndGlobalSection
	GlobalSection(ProjectConfigurationPlatforms) = postSolution
		{C6CA8BA8-B753-4F55-A602-70D397B91BA4}.Debug|Any CPU.ActiveCfg = Debug|Any CPU
		{C6CA8BA8-B753-4F55-A602-70D397B91BA4}.Debug|Any CPU.Build.0 = Debug|Any CPU
		{C6CA8BA8-B753-4F55-A602-70D397B91BA4}.Debug|Any CPU.Deploy.0 = Debug|Any CPU
		{C6CA8BA8-B753-4F55-A602-70D397B91BA4}.Debug|ARM.ActiveCfg = Debug|ARM
		{C6CA8BA8-B753-4F55-A602-70D397B91BA4}.Debug|ARM.Build.0 = Debug|ARM
		{C6CA8BA8-B753-4F55-A602-70D397B91BA4}.Debug|ARM.Deploy.0 = Debug|ARM
		{C6CA8BA8-B753-4F55-A602-70D397B91BA4}.Debug|x64.ActiveCfg = Debug|x64
		{C6CA8BA8-B753-4F55-A602-70D397B91BA4}.Debug|x64.Build.0 = Debug|x64
		{C6CA8BA8-B753-4F55-A602-70D397B91BA4}.Debug|x64.Deploy.0 = Debug|x64
		{C6CA8BA8-B753-4F55-A602-70D397B91BA4}.Debug|x86.ActiveCfg = Debug|x86
		{C6CA8BA8-B753-4F55-A602-70D397B91BA4}.Debug|x86.Build.0 = Debug|x86
		{C6CA8BA8-B753-4F55-A602-70D397B91BA4}.Debug|x86.Deploy.0 = Debug|x86
		{C6CA8BA8-B753-4F55-A602-70D397B91BA4}.Release|Any CPU.ActiveCfg = Release|Any CPU
		{C6CA8BA8-B753-4F55-A602-70D397B91BA4}.Release|Any CPU.Build.0 = Release|Any CPU
		{C6CA8BA8-B753-4F55-A602-70D397B91BA4}.Release|Any CPU.Deploy.0 = Release|Any CPU
		{C6CA8BA8-B753-4F55-A602-70D397B91BA4}.Release|ARM.ActiveCfg = Release|ARM
		{C6CA8BA8-B753-4F55-A602-70D397B91BA4}.Release|ARM.Build.0 = Release|ARM
		{C6CA8BA8-B753-4F55-A602-70D397B91BA4}.Release|ARM.Deploy.0 = Release|ARM
		{C6CA8BA8-B753-4F55-A602-70D397B91BA4}.Release|x64.ActiveCfg = Release|x64
		{C6CA8BA8-B753-4F55-A602-70D397B91BA4}.Release|x64.Build.0 = Release|x64
		{C6CA8BA8-B753-4F55-A602-70D397B91BA4}.Release|x64.Deploy.0 = Release|x64
		{C6CA8BA8-B753-4F55-A602-70D397B91BA4}.Release|x86.ActiveCfg = Release|x86
		{C6CA8BA8-B753-4F55-A602-70D397B91BA4}.Release|x86.Build.0 = Release|x86
		{C6CA8BA8-B753-4F55-A602-70D397B91BA4}.Release|x86.Deploy.0 = Release|x86
		{E9361AD7-79BC-4050-A65B-DCEEDCEABDBE}.Debug|Any CPU.ActiveCfg = Debug|Any CPU
		{E9361AD7-79BC-4050-A65B-DCEEDCEABDBE}.Debug|Any CPU.Build.0 = Debug|Any CPU
		{E9361AD7-79BC-4050-A65B-DCEEDCEABDBE}.Debug|Any CPU.Deploy.0 = Debug|Any CPU
		{E9361AD7-79BC-4050-A65B-DCEEDCEABDBE}.Debug|ARM.ActiveCfg = Debug|ARM
		{E9361AD7-79BC-4050-A65B-DCEEDCEABDBE}.Debug|ARM.Build.0 = Debug|ARM
		{E9361AD7-79BC-4050-A65B-DCEEDCEABDBE}.Debug|ARM.Deploy.0 = Debug|ARM
		{E9361AD7-79BC-4050-A65B-DCEEDCEABDBE}.Debug|x64.ActiveCfg = Debug|Any CPU
		{E9361AD7-79BC-4050-A65B-DCEEDCEABDBE}.Debug|x86.ActiveCfg = Debug|x86
		{E9361AD7-79BC-4050-A65B-DCEEDCEABDBE}.Debug|x86.Build.0 = Debug|x86
		{E9361AD7-79BC-4050-A65B-DCEEDCEABDBE}.Debug|x86.Deploy.0 = Debug|x86
		{E9361AD7-79BC-4050-A65B-DCEEDCEABDBE}.Release|Any CPU.ActiveCfg = Release|Any CPU
		{E9361AD7-79BC-4050-A65B-DCEEDCEABDBE}.Release|Any CPU.Build.0 = Release|Any CPU
		{E9361AD7-79BC-4050-A65B-DCEEDCEABDBE}.Release|Any CPU.Deploy.0 = Release|Any CPU
		{E9361AD7-79BC-4050-A65B-DCEEDCEABDBE}.Release|ARM.ActiveCfg = Release|ARM
		{E9361AD7-79BC-4050-A65B-DCEEDCEABDBE}.Release|ARM.Build.0 = Release|ARM
		{E9361AD7-79BC-4050-A65B-DCEEDCEABDBE}.Release|ARM.Deploy.0 = Release|ARM
		{E9361AD7-79BC-4050-A65B-DCEEDCEABDBE}.Release|x64.ActiveCfg = Release|Any CPU
		{E9361AD7-79BC-4050-A65B-DCEEDCEABDBE}.Release|x86.ActiveCfg = Release|x86
		{E9361AD7-79BC-4050-A65B-DCEEDCEABDBE}.Release|x86.Build.0 = Release|x86
		{E9361AD7-79BC-4050-A65B-DCEEDCEABDBE}.Release|x86.Deploy.0 = Release|x86
		{66FB4CAC-C1D3-4756-978A-2ECF8A7AA1B4}.Debug|Any CPU.ActiveCfg = Debug|Any CPU
		{66FB4CAC-C1D3-4756-978A-2ECF8A7AA1B4}.Debug|Any CPU.Build.0 = Debug|Any CPU
		{66FB4CAC-C1D3-4756-978A-2ECF8A7AA1B4}.Debug|ARM.ActiveCfg = Debug|Any CPU
		{66FB4CAC-C1D3-4756-978A-2ECF8A7AA1B4}.Debug|x64.ActiveCfg = Debug|Any CPU
		{66FB4CAC-C1D3-4756-978A-2ECF8A7AA1B4}.Debug|x86.ActiveCfg = Debug|Any CPU
		{66FB4CAC-C1D3-4756-978A-2ECF8A7AA1B4}.Release|Any CPU.ActiveCfg = Release|Any CPU
		{66FB4CAC-C1D3-4756-978A-2ECF8A7AA1B4}.Release|Any CPU.Build.0 = Release|Any CPU
		{66FB4CAC-C1D3-4756-978A-2ECF8A7AA1B4}.Release|ARM.ActiveCfg = Release|Any CPU
		{66FB4CAC-C1D3-4756-978A-2ECF8A7AA1B4}.Release|x64.ActiveCfg = Release|Any CPU
		{66FB4CAC-C1D3-4756-978A-2ECF8A7AA1B4}.Release|x86.ActiveCfg = Release|Any CPU
		{F863EDC6-2886-4D39-A578-89F4FF729D82}.Debug|Any CPU.ActiveCfg = Debug|Any CPU
		{F863EDC6-2886-4D39-A578-89F4FF729D82}.Debug|Any CPU.Build.0 = Debug|Any CPU
		{F863EDC6-2886-4D39-A578-89F4FF729D82}.Debug|ARM.ActiveCfg = Debug|ARM
		{F863EDC6-2886-4D39-A578-89F4FF729D82}.Debug|ARM.Build.0 = Debug|ARM
		{F863EDC6-2886-4D39-A578-89F4FF729D82}.Debug|x64.ActiveCfg = Debug|x64
		{F863EDC6-2886-4D39-A578-89F4FF729D82}.Debug|x64.Build.0 = Debug|x64
		{F863EDC6-2886-4D39-A578-89F4FF729D82}.Debug|x86.ActiveCfg = Debug|x86
		{F863EDC6-2886-4D39-A578-89F4FF729D82}.Debug|x86.Build.0 = Debug|x86
		{F863EDC6-2886-4D39-A578-89F4FF729D82}.Release|Any CPU.ActiveCfg = Release|Any CPU
		{F863EDC6-2886-4D39-A578-89F4FF729D82}.Release|Any CPU.Build.0 = Release|Any CPU
		{F863EDC6-2886-4D39-A578-89F4FF729D82}.Release|ARM.ActiveCfg = Release|ARM
		{F863EDC6-2886-4D39-A578-89F4FF729D82}.Release|ARM.Build.0 = Release|ARM
		{F863EDC6-2886-4D39-A578-89F4FF729D82}.Release|x64.ActiveCfg = Release|x64
		{F863EDC6-2886-4D39-A578-89F4FF729D82}.Release|x64.Build.0 = Release|x64
		{F863EDC6-2886-4D39-A578-89F4FF729D82}.Release|x86.ActiveCfg = Release|x86
		{F863EDC6-2886-4D39-A578-89F4FF729D82}.Release|x86.Build.0 = Release|x86
		{2E19FE19-9B06-416D-8FFC-C432D6285CB9}.Debug|Any CPU.ActiveCfg = Debug|Any CPU
		{2E19FE19-9B06-416D-8FFC-C432D6285CB9}.Debug|Any CPU.Build.0 = Debug|Any CPU
		{2E19FE19-9B06-416D-8FFC-C432D6285CB9}.Debug|ARM.ActiveCfg = Debug|ARM
		{2E19FE19-9B06-416D-8FFC-C432D6285CB9}.Debug|ARM.Build.0 = Debug|ARM
		{2E19FE19-9B06-416D-8FFC-C432D6285CB9}.Debug|x64.ActiveCfg = Debug|x64
		{2E19FE19-9B06-416D-8FFC-C432D6285CB9}.Debug|x64.Build.0 = Debug|x64
		{2E19FE19-9B06-416D-8FFC-C432D6285CB9}.Debug|x86.ActiveCfg = Debug|x86
		{2E19FE19-9B06-416D-8FFC-C432D6285CB9}.Debug|x86.Build.0 = Debug|x86
		{2E19FE19-9B06-416D-8FFC-C432D6285CB9}.Release|Any CPU.ActiveCfg = Release|Any CPU
		{2E19FE19-9B06-416D-8FFC-C432D6285CB9}.Release|Any CPU.Build.0 = Release|Any CPU
		{2E19FE19-9B06-416D-8FFC-C432D6285CB9}.Release|ARM.ActiveCfg = Release|ARM
		{2E19FE19-9B06-416D-8FFC-C432D6285CB9}.Release|ARM.Build.0 = Release|ARM
		{2E19FE19-9B06-416D-8FFC-C432D6285CB9}.Release|x64.ActiveCfg = Release|x64
		{2E19FE19-9B06-416D-8FFC-C432D6285CB9}.Release|x64.Build.0 = Release|x64
		{2E19FE19-9B06-416D-8FFC-C432D6285CB9}.Release|x86.ActiveCfg = Release|x86
		{2E19FE19-9B06-416D-8FFC-C432D6285CB9}.Release|x86.Build.0 = Release|x86
		{961CE8EE-F4BE-403F-AC06-A53CE1C7CE4C}.Debug|Any CPU.ActiveCfg = Debug|Any CPU
		{961CE8EE-F4BE-403F-AC06-A53CE1C7CE4C}.Debug|Any CPU.Build.0 = Debug|Any CPU
		{961CE8EE-F4BE-403F-AC06-A53CE1C7CE4C}.Debug|ARM.ActiveCfg = Debug|ARM
		{961CE8EE-F4BE-403F-AC06-A53CE1C7CE4C}.Debug|ARM.Build.0 = Debug|ARM
		{961CE8EE-F4BE-403F-AC06-A53CE1C7CE4C}.Debug|x64.ActiveCfg = Debug|x64
		{961CE8EE-F4BE-403F-AC06-A53CE1C7CE4C}.Debug|x64.Build.0 = Debug|x64
		{961CE8EE-F4BE-403F-AC06-A53CE1C7CE4C}.Debug|x86.ActiveCfg = Debug|x86
		{961CE8EE-F4BE-403F-AC06-A53CE1C7CE4C}.Debug|x86.Build.0 = Debug|x86
		{961CE8EE-F4BE-403F-AC06-A53CE1C7CE4C}.Release|Any CPU.ActiveCfg = Release|Any CPU
		{961CE8EE-F4BE-403F-AC06-A53CE1C7CE4C}.Release|Any CPU.Build.0 = Release|Any CPU
		{961CE8EE-F4BE-403F-AC06-A53CE1C7CE4C}.Release|ARM.ActiveCfg = Release|ARM
		{961CE8EE-F4BE-403F-AC06-A53CE1C7CE4C}.Release|ARM.Build.0 = Release|ARM
		{961CE8EE-F4BE-403F-AC06-A53CE1C7CE4C}.Release|x64.ActiveCfg = Release|x64
		{961CE8EE-F4BE-403F-AC06-A53CE1C7CE4C}.Release|x64.Build.0 = Release|x64
		{961CE8EE-F4BE-403F-AC06-A53CE1C7CE4C}.Release|x86.ActiveCfg = Release|x86
		{961CE8EE-F4BE-403F-AC06-A53CE1C7CE4C}.Release|x86.Build.0 = Release|x86
		{8A4F6324-1C42-46FB-915A-057C8DEAEA4E}.Debug|Any CPU.ActiveCfg = Debug|Any CPU
		{8A4F6324-1C42-46FB-915A-057C8DEAEA4E}.Debug|Any CPU.Build.0 = Debug|Any CPU
		{8A4F6324-1C42-46FB-915A-057C8DEAEA4E}.Debug|ARM.ActiveCfg = Debug|ARM
		{8A4F6324-1C42-46FB-915A-057C8DEAEA4E}.Debug|ARM.Build.0 = Debug|ARM
		{8A4F6324-1C42-46FB-915A-057C8DEAEA4E}.Debug|x64.ActiveCfg = Debug|x64
		{8A4F6324-1C42-46FB-915A-057C8DEAEA4E}.Debug|x64.Build.0 = Debug|x64
		{8A4F6324-1C42-46FB-915A-057C8DEAEA4E}.Debug|x86.ActiveCfg = Debug|x86
		{8A4F6324-1C42-46FB-915A-057C8DEAEA4E}.Debug|x86.Build.0 = Debug|x86
		{8A4F6324-1C42-46FB-915A-057C8DEAEA4E}.Release|Any CPU.ActiveCfg = Release|Any CPU
		{8A4F6324-1C42-46FB-915A-057C8DEAEA4E}.Release|Any CPU.Build.0 = Release|Any CPU
		{8A4F6324-1C42-46FB-915A-057C8DEAEA4E}.Release|ARM.ActiveCfg = Release|ARM
		{8A4F6324-1C42-46FB-915A-057C8DEAEA4E}.Release|ARM.Build.0 = Release|ARM
		{8A4F6324-1C42-46FB-915A-057C8DEAEA4E}.Release|x64.ActiveCfg = Release|x64
		{8A4F6324-1C42-46FB-915A-057C8DEAEA4E}.Release|x64.Build.0 = Release|x64
		{8A4F6324-1C42-46FB-915A-057C8DEAEA4E}.Release|x86.ActiveCfg = Release|x86
		{8A4F6324-1C42-46FB-915A-057C8DEAEA4E}.Release|x86.Build.0 = Release|x86
		{A3ABCCAA-B41B-4AB6-A1D9-A1E0D939B140}.Debug|Any CPU.ActiveCfg = Debug|Any CPU
		{A3ABCCAA-B41B-4AB6-A1D9-A1E0D939B140}.Debug|Any CPU.Build.0 = Debug|Any CPU
		{A3ABCCAA-B41B-4AB6-A1D9-A1E0D939B140}.Debug|ARM.ActiveCfg = Debug|ARM
		{A3ABCCAA-B41B-4AB6-A1D9-A1E0D939B140}.Debug|ARM.Build.0 = Debug|ARM
		{A3ABCCAA-B41B-4AB6-A1D9-A1E0D939B140}.Debug|x64.ActiveCfg = Debug|x64
		{A3ABCCAA-B41B-4AB6-A1D9-A1E0D939B140}.Debug|x64.Build.0 = Debug|x64
		{A3ABCCAA-B41B-4AB6-A1D9-A1E0D939B140}.Debug|x86.ActiveCfg = Debug|x86
		{A3ABCCAA-B41B-4AB6-A1D9-A1E0D939B140}.Debug|x86.Build.0 = Debug|x86
		{A3ABCCAA-B41B-4AB6-A1D9-A1E0D939B140}.Release|Any CPU.ActiveCfg = Release|Any CPU
		{A3ABCCAA-B41B-4AB6-A1D9-A1E0D939B140}.Release|Any CPU.Build.0 = Release|Any CPU
		{A3ABCCAA-B41B-4AB6-A1D9-A1E0D939B140}.Release|ARM.ActiveCfg = Release|ARM
		{A3ABCCAA-B41B-4AB6-A1D9-A1E0D939B140}.Release|ARM.Build.0 = Release|ARM
		{A3ABCCAA-B41B-4AB6-A1D9-A1E0D939B140}.Release|x64.ActiveCfg = Release|x64
		{A3ABCCAA-B41B-4AB6-A1D9-A1E0D939B140}.Release|x64.Build.0 = Release|x64
		{A3ABCCAA-B41B-4AB6-A1D9-A1E0D939B140}.Release|x86.ActiveCfg = Release|x86
		{A3ABCCAA-B41B-4AB6-A1D9-A1E0D939B140}.Release|x86.Build.0 = Release|x86
		{D1F1EA17-4A91-4F3B-A243-F2B41D6CBCE6}.Debug|Any CPU.ActiveCfg = Debug|Any CPU
		{D1F1EA17-4A91-4F3B-A243-F2B41D6CBCE6}.Debug|Any CPU.Build.0 = Debug|Any CPU
		{D1F1EA17-4A91-4F3B-A243-F2B41D6CBCE6}.Debug|ARM.ActiveCfg = Debug|ARM
		{D1F1EA17-4A91-4F3B-A243-F2B41D6CBCE6}.Debug|ARM.Build.0 = Debug|ARM
		{D1F1EA17-4A91-4F3B-A243-F2B41D6CBCE6}.Debug|x64.ActiveCfg = Debug|x64
		{D1F1EA17-4A91-4F3B-A243-F2B41D6CBCE6}.Debug|x64.Build.0 = Debug|x64
		{D1F1EA17-4A91-4F3B-A243-F2B41D6CBCE6}.Debug|x86.ActiveCfg = Debug|x86
		{D1F1EA17-4A91-4F3B-A243-F2B41D6CBCE6}.Debug|x86.Build.0 = Debug|x86
		{D1F1EA17-4A91-4F3B-A243-F2B41D6CBCE6}.Release|Any CPU.ActiveCfg = Release|Any CPU
		{D1F1EA17-4A91-4F3B-A243-F2B41D6CBCE6}.Release|Any CPU.Build.0 = Release|Any CPU
		{D1F1EA17-4A91-4F3B-A243-F2B41D6CBCE6}.Release|ARM.ActiveCfg = Release|ARM
		{D1F1EA17-4A91-4F3B-A243-F2B41D6CBCE6}.Release|ARM.Build.0 = Release|ARM
		{D1F1EA17-4A91-4F3B-A243-F2B41D6CBCE6}.Release|x64.ActiveCfg = Release|x64
		{D1F1EA17-4A91-4F3B-A243-F2B41D6CBCE6}.Release|x64.Build.0 = Release|x64
		{D1F1EA17-4A91-4F3B-A243-F2B41D6CBCE6}.Release|x86.ActiveCfg = Release|x86
		{D1F1EA17-4A91-4F3B-A243-F2B41D6CBCE6}.Release|x86.Build.0 = Release|x86
		{AD0F55FE-D523-4BA0-9198-5CBA45DDCBCD}.Debug|Any CPU.ActiveCfg = Debug|Any CPU
		{AD0F55FE-D523-4BA0-9198-5CBA45DDCBCD}.Debug|Any CPU.Build.0 = Debug|Any CPU
		{AD0F55FE-D523-4BA0-9198-5CBA45DDCBCD}.Debug|ARM.ActiveCfg = Debug|ARM
		{AD0F55FE-D523-4BA0-9198-5CBA45DDCBCD}.Debug|ARM.Build.0 = Debug|ARM
		{AD0F55FE-D523-4BA0-9198-5CBA45DDCBCD}.Debug|x64.ActiveCfg = Debug|x64
		{AD0F55FE-D523-4BA0-9198-5CBA45DDCBCD}.Debug|x64.Build.0 = Debug|x64
		{AD0F55FE-D523-4BA0-9198-5CBA45DDCBCD}.Debug|x86.ActiveCfg = Debug|x86
		{AD0F55FE-D523-4BA0-9198-5CBA45DDCBCD}.Debug|x86.Build.0 = Debug|x86
		{AD0F55FE-D523-4BA0-9198-5CBA45DDCBCD}.Release|Any CPU.ActiveCfg = Release|Any CPU
		{AD0F55FE-D523-4BA0-9198-5CBA45DDCBCD}.Release|Any CPU.Build.0 = Release|Any CPU
		{AD0F55FE-D523-4BA0-9198-5CBA45DDCBCD}.Release|ARM.ActiveCfg = Release|ARM
		{AD0F55FE-D523-4BA0-9198-5CBA45DDCBCD}.Release|ARM.Build.0 = Release|ARM
		{AD0F55FE-D523-4BA0-9198-5CBA45DDCBCD}.Release|x64.ActiveCfg = Release|x64
		{AD0F55FE-D523-4BA0-9198-5CBA45DDCBCD}.Release|x64.Build.0 = Release|x64
		{AD0F55FE-D523-4BA0-9198-5CBA45DDCBCD}.Release|x86.ActiveCfg = Release|x86
		{AD0F55FE-D523-4BA0-9198-5CBA45DDCBCD}.Release|x86.Build.0 = Release|x86
		{95DFF5D9-BD94-494E-AD33-F20E45A339EB}.Debug|Any CPU.ActiveCfg = Debug|Any CPU
		{95DFF5D9-BD94-494E-AD33-F20E45A339EB}.Debug|Any CPU.Build.0 = Debug|Any CPU
		{95DFF5D9-BD94-494E-AD33-F20E45A339EB}.Debug|ARM.ActiveCfg = Debug|ARM
		{95DFF5D9-BD94-494E-AD33-F20E45A339EB}.Debug|ARM.Build.0 = Debug|ARM
		{95DFF5D9-BD94-494E-AD33-F20E45A339EB}.Debug|x64.ActiveCfg = Debug|x64
		{95DFF5D9-BD94-494E-AD33-F20E45A339EB}.Debug|x64.Build.0 = Debug|x64
		{95DFF5D9-BD94-494E-AD33-F20E45A339EB}.Debug|x86.ActiveCfg = Debug|x86
		{95DFF5D9-BD94-494E-AD33-F20E45A339EB}.Debug|x86.Build.0 = Debug|x86
		{95DFF5D9-BD94-494E-AD33-F20E45A339EB}.Release|Any CPU.ActiveCfg = Release|Any CPU
		{95DFF5D9-BD94-494E-AD33-F20E45A339EB}.Release|Any CPU.Build.0 = Release|Any CPU
		{95DFF5D9-BD94-494E-AD33-F20E45A339EB}.Release|ARM.ActiveCfg = Release|ARM
		{95DFF5D9-BD94-494E-AD33-F20E45A339EB}.Release|ARM.Build.0 = Release|ARM
		{95DFF5D9-BD94-494E-AD33-F20E45A339EB}.Release|x64.ActiveCfg = Release|x64
		{95DFF5D9-BD94-494E-AD33-F20E45A339EB}.Release|x64.Build.0 = Release|x64
		{95DFF5D9-BD94-494E-AD33-F20E45A339EB}.Release|x86.ActiveCfg = Release|x86
		{95DFF5D9-BD94-494E-AD33-F20E45A339EB}.Release|x86.Build.0 = Release|x86
		{DA1F6F23-4C7F-4E0C-8884-F283EE0F3633}.Debug|Any CPU.ActiveCfg = Debug|Any CPU
		{DA1F6F23-4C7F-4E0C-8884-F283EE0F3633}.Debug|Any CPU.Build.0 = Debug|Any CPU
		{DA1F6F23-4C7F-4E0C-8884-F283EE0F3633}.Debug|ARM.ActiveCfg = Debug|ARM
		{DA1F6F23-4C7F-4E0C-8884-F283EE0F3633}.Debug|ARM.Build.0 = Debug|ARM
		{DA1F6F23-4C7F-4E0C-8884-F283EE0F3633}.Debug|x64.ActiveCfg = Debug|x64
		{DA1F6F23-4C7F-4E0C-8884-F283EE0F3633}.Debug|x64.Build.0 = Debug|x64
		{DA1F6F23-4C7F-4E0C-8884-F283EE0F3633}.Debug|x86.ActiveCfg = Debug|x86
		{DA1F6F23-4C7F-4E0C-8884-F283EE0F3633}.Debug|x86.Build.0 = Debug|x86
		{DA1F6F23-4C7F-4E0C-8884-F283EE0F3633}.Release|Any CPU.ActiveCfg = Release|Any CPU
		{DA1F6F23-4C7F-4E0C-8884-F283EE0F3633}.Release|Any CPU.Build.0 = Release|Any CPU
		{DA1F6F23-4C7F-4E0C-8884-F283EE0F3633}.Release|ARM.ActiveCfg = Release|ARM
		{DA1F6F23-4C7F-4E0C-8884-F283EE0F3633}.Release|ARM.Build.0 = Release|ARM
		{DA1F6F23-4C7F-4E0C-8884-F283EE0F3633}.Release|x64.ActiveCfg = Release|x64
		{DA1F6F23-4C7F-4E0C-8884-F283EE0F3633}.Release|x64.Build.0 = Release|x64
		{DA1F6F23-4C7F-4E0C-8884-F283EE0F3633}.Release|x86.ActiveCfg = Release|x86
		{DA1F6F23-4C7F-4E0C-8884-F283EE0F3633}.Release|x86.Build.0 = Release|x86
		{00C65BE5-8806-4AD5-A350-D48120E22028}.Debug|Any CPU.ActiveCfg = Debug|Any CPU
		{00C65BE5-8806-4AD5-A350-D48120E22028}.Debug|Any CPU.Build.0 = Debug|Any CPU
		{00C65BE5-8806-4AD5-A350-D48120E22028}.Debug|ARM.ActiveCfg = Debug|ARM
		{00C65BE5-8806-4AD5-A350-D48120E22028}.Debug|ARM.Build.0 = Debug|ARM
		{00C65BE5-8806-4AD5-A350-D48120E22028}.Debug|x64.ActiveCfg = Debug|x64
		{00C65BE5-8806-4AD5-A350-D48120E22028}.Debug|x64.Build.0 = Debug|x64
		{00C65BE5-8806-4AD5-A350-D48120E22028}.Debug|x86.ActiveCfg = Debug|x86
		{00C65BE5-8806-4AD5-A350-D48120E22028}.Debug|x86.Build.0 = Debug|x86
		{00C65BE5-8806-4AD5-A350-D48120E22028}.Release|Any CPU.ActiveCfg = Release|Any CPU
		{00C65BE5-8806-4AD5-A350-D48120E22028}.Release|Any CPU.Build.0 = Release|Any CPU
		{00C65BE5-8806-4AD5-A350-D48120E22028}.Release|ARM.ActiveCfg = Release|ARM
		{00C65BE5-8806-4AD5-A350-D48120E22028}.Release|ARM.Build.0 = Release|ARM
		{00C65BE5-8806-4AD5-A350-D48120E22028}.Release|x64.ActiveCfg = Release|x64
		{00C65BE5-8806-4AD5-A350-D48120E22028}.Release|x64.Build.0 = Release|x64
		{00C65BE5-8806-4AD5-A350-D48120E22028}.Release|x86.ActiveCfg = Release|x86
		{00C65BE5-8806-4AD5-A350-D48120E22028}.Release|x86.Build.0 = Release|x86
		{54FB8BF9-02DF-490F-9837-0195AFD3F1AA}.Debug|Any CPU.ActiveCfg = Debug|Any CPU
		{54FB8BF9-02DF-490F-9837-0195AFD3F1AA}.Debug|Any CPU.Build.0 = Debug|Any CPU
		{54FB8BF9-02DF-490F-9837-0195AFD3F1AA}.Debug|ARM.ActiveCfg = Debug|ARM
		{54FB8BF9-02DF-490F-9837-0195AFD3F1AA}.Debug|ARM.Build.0 = Debug|ARM
		{54FB8BF9-02DF-490F-9837-0195AFD3F1AA}.Debug|x64.ActiveCfg = Debug|x64
		{54FB8BF9-02DF-490F-9837-0195AFD3F1AA}.Debug|x64.Build.0 = Debug|x64
		{54FB8BF9-02DF-490F-9837-0195AFD3F1AA}.Debug|x86.ActiveCfg = Debug|x86
		{54FB8BF9-02DF-490F-9837-0195AFD3F1AA}.Debug|x86.Build.0 = Debug|x86
		{54FB8BF9-02DF-490F-9837-0195AFD3F1AA}.Release|Any CPU.ActiveCfg = Release|Any CPU
		{54FB8BF9-02DF-490F-9837-0195AFD3F1AA}.Release|Any CPU.Build.0 = Release|Any CPU
		{54FB8BF9-02DF-490F-9837-0195AFD3F1AA}.Release|ARM.ActiveCfg = Release|ARM
		{54FB8BF9-02DF-490F-9837-0195AFD3F1AA}.Release|ARM.Build.0 = Release|ARM
		{54FB8BF9-02DF-490F-9837-0195AFD3F1AA}.Release|x64.ActiveCfg = Release|x64
		{54FB8BF9-02DF-490F-9837-0195AFD3F1AA}.Release|x64.Build.0 = Release|x64
		{54FB8BF9-02DF-490F-9837-0195AFD3F1AA}.Release|x86.ActiveCfg = Release|x86
		{54FB8BF9-02DF-490F-9837-0195AFD3F1AA}.Release|x86.Build.0 = Release|x86
		{2BA82C57-A6FE-4B07-A2D9-FCEC84E8650D}.Debug|Any CPU.ActiveCfg = Debug|Any CPU
		{2BA82C57-A6FE-4B07-A2D9-FCEC84E8650D}.Debug|Any CPU.Build.0 = Debug|Any CPU
		{2BA82C57-A6FE-4B07-A2D9-FCEC84E8650D}.Debug|ARM.ActiveCfg = Debug|ARM
		{2BA82C57-A6FE-4B07-A2D9-FCEC84E8650D}.Debug|ARM.Build.0 = Debug|ARM
		{2BA82C57-A6FE-4B07-A2D9-FCEC84E8650D}.Debug|x64.ActiveCfg = Debug|x64
		{2BA82C57-A6FE-4B07-A2D9-FCEC84E8650D}.Debug|x64.Build.0 = Debug|x64
		{2BA82C57-A6FE-4B07-A2D9-FCEC84E8650D}.Debug|x86.ActiveCfg = Debug|x86
		{2BA82C57-A6FE-4B07-A2D9-FCEC84E8650D}.Debug|x86.Build.0 = Debug|x86
		{2BA82C57-A6FE-4B07-A2D9-FCEC84E8650D}.Release|Any CPU.ActiveCfg = Release|Any CPU
		{2BA82C57-A6FE-4B07-A2D9-FCEC84E8650D}.Release|Any CPU.Build.0 = Release|Any CPU
		{2BA82C57-A6FE-4B07-A2D9-FCEC84E8650D}.Release|ARM.ActiveCfg = Release|ARM
		{2BA82C57-A6FE-4B07-A2D9-FCEC84E8650D}.Release|ARM.Build.0 = Release|ARM
		{2BA82C57-A6FE-4B07-A2D9-FCEC84E8650D}.Release|x64.ActiveCfg = Release|x64
		{2BA82C57-A6FE-4B07-A2D9-FCEC84E8650D}.Release|x64.Build.0 = Release|x64
		{2BA82C57-A6FE-4B07-A2D9-FCEC84E8650D}.Release|x86.ActiveCfg = Release|x86
		{2BA82C57-A6FE-4B07-A2D9-FCEC84E8650D}.Release|x86.Build.0 = Release|x86
		{673ADD5B-89F2-403E-A655-365CC925D65E}.Debug|Any CPU.ActiveCfg = Debug|Any CPU
		{673ADD5B-89F2-403E-A655-365CC925D65E}.Debug|Any CPU.Build.0 = Debug|Any CPU
		{673ADD5B-89F2-403E-A655-365CC925D65E}.Debug|ARM.ActiveCfg = Debug|ARM
		{673ADD5B-89F2-403E-A655-365CC925D65E}.Debug|ARM.Build.0 = Debug|ARM
		{673ADD5B-89F2-403E-A655-365CC925D65E}.Debug|x64.ActiveCfg = Debug|x64
		{673ADD5B-89F2-403E-A655-365CC925D65E}.Debug|x64.Build.0 = Debug|x64
		{673ADD5B-89F2-403E-A655-365CC925D65E}.Debug|x86.ActiveCfg = Debug|x86
		{673ADD5B-89F2-403E-A655-365CC925D65E}.Debug|x86.Build.0 = Debug|x86
		{673ADD5B-89F2-403E-A655-365CC925D65E}.Release|Any CPU.ActiveCfg = Release|Any CPU
		{673ADD5B-89F2-403E-A655-365CC925D65E}.Release|Any CPU.Build.0 = Release|Any CPU
		{673ADD5B-89F2-403E-A655-365CC925D65E}.Release|ARM.ActiveCfg = Release|ARM
		{673ADD5B-89F2-403E-A655-365CC925D65E}.Release|ARM.Build.0 = Release|ARM
		{673ADD5B-89F2-403E-A655-365CC925D65E}.Release|x64.ActiveCfg = Release|x64
		{673ADD5B-89F2-403E-A655-365CC925D65E}.Release|x64.Build.0 = Release|x64
		{673ADD5B-89F2-403E-A655-365CC925D65E}.Release|x86.ActiveCfg = Release|x86
		{673ADD5B-89F2-403E-A655-365CC925D65E}.Release|x86.Build.0 = Release|x86
		{664D44A9-0A3A-4C37-A668-68240004BB55}.Debug|Any CPU.ActiveCfg = Debug|Any CPU
		{664D44A9-0A3A-4C37-A668-68240004BB55}.Debug|Any CPU.Build.0 = Debug|Any CPU
		{664D44A9-0A3A-4C37-A668-68240004BB55}.Debug|ARM.ActiveCfg = Debug|ARM
		{664D44A9-0A3A-4C37-A668-68240004BB55}.Debug|ARM.Build.0 = Debug|ARM
		{664D44A9-0A3A-4C37-A668-68240004BB55}.Debug|x64.ActiveCfg = Debug|x64
		{664D44A9-0A3A-4C37-A668-68240004BB55}.Debug|x64.Build.0 = Debug|x64
		{664D44A9-0A3A-4C37-A668-68240004BB55}.Debug|x86.ActiveCfg = Debug|x86
		{664D44A9-0A3A-4C37-A668-68240004BB55}.Debug|x86.Build.0 = Debug|x86
		{664D44A9-0A3A-4C37-A668-68240004BB55}.Release|Any CPU.ActiveCfg = Release|Any CPU
		{664D44A9-0A3A-4C37-A668-68240004BB55}.Release|Any CPU.Build.0 = Release|Any CPU
		{664D44A9-0A3A-4C37-A668-68240004BB55}.Release|ARM.ActiveCfg = Release|ARM
		{664D44A9-0A3A-4C37-A668-68240004BB55}.Release|ARM.Build.0 = Release|ARM
		{664D44A9-0A3A-4C37-A668-68240004BB55}.Release|x64.ActiveCfg = Release|x64
		{664D44A9-0A3A-4C37-A668-68240004BB55}.Release|x64.Build.0 = Release|x64
		{664D44A9-0A3A-4C37-A668-68240004BB55}.Release|x86.ActiveCfg = Release|x86
		{664D44A9-0A3A-4C37-A668-68240004BB55}.Release|x86.Build.0 = Release|x86
		{F5B18650-60CD-409F-9D64-63DE7B8BF0DA}.Debug|Any CPU.ActiveCfg = Debug|Any CPU
		{F5B18650-60CD-409F-9D64-63DE7B8BF0DA}.Debug|Any CPU.Build.0 = Debug|Any CPU
		{F5B18650-60CD-409F-9D64-63DE7B8BF0DA}.Debug|ARM.ActiveCfg = Debug|Any CPU
		{F5B18650-60CD-409F-9D64-63DE7B8BF0DA}.Debug|x64.ActiveCfg = Debug|Any CPU
		{F5B18650-60CD-409F-9D64-63DE7B8BF0DA}.Debug|x86.ActiveCfg = Debug|Any CPU
		{F5B18650-60CD-409F-9D64-63DE7B8BF0DA}.Release|Any CPU.ActiveCfg = Release|Any CPU
		{F5B18650-60CD-409F-9D64-63DE7B8BF0DA}.Release|Any CPU.Build.0 = Release|Any CPU
		{F5B18650-60CD-409F-9D64-63DE7B8BF0DA}.Release|ARM.ActiveCfg = Release|Any CPU
		{F5B18650-60CD-409F-9D64-63DE7B8BF0DA}.Release|x64.ActiveCfg = Release|Any CPU
		{F5B18650-60CD-409F-9D64-63DE7B8BF0DA}.Release|x86.ActiveCfg = Release|Any CPU
		{850994BC-8687-4461-AAAC-EBD3FF9866FC}.Debug|Any CPU.ActiveCfg = Debug|x86
		{850994BC-8687-4461-AAAC-EBD3FF9866FC}.Debug|Any CPU.Build.0 = Debug|x86
		{850994BC-8687-4461-AAAC-EBD3FF9866FC}.Debug|ARM.ActiveCfg = Debug|ARM
		{850994BC-8687-4461-AAAC-EBD3FF9866FC}.Debug|ARM.Build.0 = Debug|ARM
		{850994BC-8687-4461-AAAC-EBD3FF9866FC}.Debug|x64.ActiveCfg = Debug|x64
		{850994BC-8687-4461-AAAC-EBD3FF9866FC}.Debug|x64.Build.0 = Debug|x64
		{850994BC-8687-4461-AAAC-EBD3FF9866FC}.Debug|x86.ActiveCfg = Debug|x86
		{850994BC-8687-4461-AAAC-EBD3FF9866FC}.Debug|x86.Build.0 = Debug|x86
		{850994BC-8687-4461-AAAC-EBD3FF9866FC}.Release|Any CPU.ActiveCfg = Release|x86
		{850994BC-8687-4461-AAAC-EBD3FF9866FC}.Release|Any CPU.Build.0 = Release|x86
		{850994BC-8687-4461-AAAC-EBD3FF9866FC}.Release|ARM.ActiveCfg = Release|ARM
		{850994BC-8687-4461-AAAC-EBD3FF9866FC}.Release|ARM.Build.0 = Release|ARM
		{850994BC-8687-4461-AAAC-EBD3FF9866FC}.Release|x64.ActiveCfg = Release|x64
		{850994BC-8687-4461-AAAC-EBD3FF9866FC}.Release|x64.Build.0 = Release|x64
		{850994BC-8687-4461-AAAC-EBD3FF9866FC}.Release|x86.ActiveCfg = Release|x86
		{850994BC-8687-4461-AAAC-EBD3FF9866FC}.Release|x86.Build.0 = Release|x86
		{CC90CA7E-E976-4C9D-AA26-38E4787CB9A8}.Debug|Any CPU.ActiveCfg = Debug|x86
		{CC90CA7E-E976-4C9D-AA26-38E4787CB9A8}.Debug|Any CPU.Build.0 = Debug|x86
		{CC90CA7E-E976-4C9D-AA26-38E4787CB9A8}.Debug|ARM.ActiveCfg = Debug|ARM
		{CC90CA7E-E976-4C9D-AA26-38E4787CB9A8}.Debug|ARM.Build.0 = Debug|ARM
		{CC90CA7E-E976-4C9D-AA26-38E4787CB9A8}.Debug|x64.ActiveCfg = Debug|Any CPU
		{CC90CA7E-E976-4C9D-AA26-38E4787CB9A8}.Debug|x86.ActiveCfg = Debug|x86
		{CC90CA7E-E976-4C9D-AA26-38E4787CB9A8}.Debug|x86.Build.0 = Debug|x86
		{CC90CA7E-E976-4C9D-AA26-38E4787CB9A8}.Release|Any CPU.ActiveCfg = Release|x86
		{CC90CA7E-E976-4C9D-AA26-38E4787CB9A8}.Release|Any CPU.Build.0 = Release|x86
		{CC90CA7E-E976-4C9D-AA26-38E4787CB9A8}.Release|ARM.ActiveCfg = Release|ARM
		{CC90CA7E-E976-4C9D-AA26-38E4787CB9A8}.Release|ARM.Build.0 = Release|ARM
		{CC90CA7E-E976-4C9D-AA26-38E4787CB9A8}.Release|x64.ActiveCfg = Release|Any CPU
		{CC90CA7E-E976-4C9D-AA26-38E4787CB9A8}.Release|x86.ActiveCfg = Release|x86
		{CC90CA7E-E976-4C9D-AA26-38E4787CB9A8}.Release|x86.Build.0 = Release|x86
		{576887B5-A159-49F0-8DC8-CD64CCD9929E}.Debug|Any CPU.ActiveCfg = Debug|x86
		{576887B5-A159-49F0-8DC8-CD64CCD9929E}.Debug|Any CPU.Build.0 = Debug|x86
		{576887B5-A159-49F0-8DC8-CD64CCD9929E}.Debug|ARM.ActiveCfg = Debug|ARM
		{576887B5-A159-49F0-8DC8-CD64CCD9929E}.Debug|ARM.Build.0 = Debug|ARM
		{576887B5-A159-49F0-8DC8-CD64CCD9929E}.Debug|x64.ActiveCfg = Debug|x64
		{576887B5-A159-49F0-8DC8-CD64CCD9929E}.Debug|x64.Build.0 = Debug|x64
		{576887B5-A159-49F0-8DC8-CD64CCD9929E}.Debug|x86.ActiveCfg = Debug|x86
		{576887B5-A159-49F0-8DC8-CD64CCD9929E}.Debug|x86.Build.0 = Debug|x86
		{576887B5-A159-49F0-8DC8-CD64CCD9929E}.Release|Any CPU.ActiveCfg = Release|Any CPU
		{576887B5-A159-49F0-8DC8-CD64CCD9929E}.Release|Any CPU.Build.0 = Release|Any CPU
		{576887B5-A159-49F0-8DC8-CD64CCD9929E}.Release|ARM.ActiveCfg = Release|ARM
		{576887B5-A159-49F0-8DC8-CD64CCD9929E}.Release|ARM.Build.0 = Release|ARM
		{576887B5-A159-49F0-8DC8-CD64CCD9929E}.Release|x64.ActiveCfg = Release|x64
		{576887B5-A159-49F0-8DC8-CD64CCD9929E}.Release|x64.Build.0 = Release|x64
		{576887B5-A159-49F0-8DC8-CD64CCD9929E}.Release|x86.ActiveCfg = Release|x86
		{576887B5-A159-49F0-8DC8-CD64CCD9929E}.Release|x86.Build.0 = Release|x86
		{5CB6145C-87A6-4AA0-ADC6-1BE1D2344986}.Debug|Any CPU.ActiveCfg = Debug|x86
		{5CB6145C-87A6-4AA0-ADC6-1BE1D2344986}.Debug|Any CPU.Build.0 = Debug|x86
		{5CB6145C-87A6-4AA0-ADC6-1BE1D2344986}.Debug|ARM.ActiveCfg = Debug|ARM
		{5CB6145C-87A6-4AA0-ADC6-1BE1D2344986}.Debug|ARM.Build.0 = Debug|ARM
		{5CB6145C-87A6-4AA0-ADC6-1BE1D2344986}.Debug|x64.ActiveCfg = Debug|Any CPU
		{5CB6145C-87A6-4AA0-ADC6-1BE1D2344986}.Debug|x86.ActiveCfg = Debug|x86
		{5CB6145C-87A6-4AA0-ADC6-1BE1D2344986}.Debug|x86.Build.0 = Debug|x86
		{5CB6145C-87A6-4AA0-ADC6-1BE1D2344986}.Release|Any CPU.ActiveCfg = Release|Any CPU
		{5CB6145C-87A6-4AA0-ADC6-1BE1D2344986}.Release|Any CPU.Build.0 = Release|Any CPU
		{5CB6145C-87A6-4AA0-ADC6-1BE1D2344986}.Release|ARM.ActiveCfg = Release|ARM
		{5CB6145C-87A6-4AA0-ADC6-1BE1D2344986}.Release|ARM.Build.0 = Release|ARM
		{5CB6145C-87A6-4AA0-ADC6-1BE1D2344986}.Release|x64.ActiveCfg = Release|Any CPU
		{5CB6145C-87A6-4AA0-ADC6-1BE1D2344986}.Release|x86.ActiveCfg = Release|x86
		{5CB6145C-87A6-4AA0-ADC6-1BE1D2344986}.Release|x86.Build.0 = Release|x86
		{FDDA472F-3579-4DF8-830D-5EA18848DE33}.Debug|Any CPU.ActiveCfg = Debug|x86
		{FDDA472F-3579-4DF8-830D-5EA18848DE33}.Debug|Any CPU.Build.0 = Debug|x86
		{FDDA472F-3579-4DF8-830D-5EA18848DE33}.Debug|ARM.ActiveCfg = Debug|ARM
		{FDDA472F-3579-4DF8-830D-5EA18848DE33}.Debug|ARM.Build.0 = Debug|ARM
		{FDDA472F-3579-4DF8-830D-5EA18848DE33}.Debug|x64.ActiveCfg = Debug|Any CPU
		{FDDA472F-3579-4DF8-830D-5EA18848DE33}.Debug|x86.ActiveCfg = Debug|x86
		{FDDA472F-3579-4DF8-830D-5EA18848DE33}.Debug|x86.Build.0 = Debug|x86
		{FDDA472F-3579-4DF8-830D-5EA18848DE33}.Release|Any CPU.ActiveCfg = Release|x86
		{FDDA472F-3579-4DF8-830D-5EA18848DE33}.Release|Any CPU.Build.0 = Release|x86
		{FDDA472F-3579-4DF8-830D-5EA18848DE33}.Release|ARM.ActiveCfg = Release|ARM
		{FDDA472F-3579-4DF8-830D-5EA18848DE33}.Release|ARM.Build.0 = Release|ARM
		{FDDA472F-3579-4DF8-830D-5EA18848DE33}.Release|x64.ActiveCfg = Release|Any CPU
		{FDDA472F-3579-4DF8-830D-5EA18848DE33}.Release|x86.ActiveCfg = Release|x86
		{FDDA472F-3579-4DF8-830D-5EA18848DE33}.Release|x86.Build.0 = Release|x86
		{16E66944-A6AC-4777-B46C-551004E68D3B}.Debug|Any CPU.ActiveCfg = Debug|x86
		{16E66944-A6AC-4777-B46C-551004E68D3B}.Debug|Any CPU.Build.0 = Debug|x86
		{16E66944-A6AC-4777-B46C-551004E68D3B}.Debug|ARM.ActiveCfg = Debug|ARM
		{16E66944-A6AC-4777-B46C-551004E68D3B}.Debug|ARM.Build.0 = Debug|ARM
		{16E66944-A6AC-4777-B46C-551004E68D3B}.Debug|x64.ActiveCfg = Debug|x64
		{16E66944-A6AC-4777-B46C-551004E68D3B}.Debug|x64.Build.0 = Debug|x64
		{16E66944-A6AC-4777-B46C-551004E68D3B}.Debug|x86.ActiveCfg = Debug|x86
		{16E66944-A6AC-4777-B46C-551004E68D3B}.Debug|x86.Build.0 = Debug|x86
		{16E66944-A6AC-4777-B46C-551004E68D3B}.Release|Any CPU.ActiveCfg = Release|x86
		{16E66944-A6AC-4777-B46C-551004E68D3B}.Release|Any CPU.Build.0 = Release|x86
		{16E66944-A6AC-4777-B46C-551004E68D3B}.Release|ARM.ActiveCfg = Release|ARM
		{16E66944-A6AC-4777-B46C-551004E68D3B}.Release|ARM.Build.0 = Release|ARM
		{16E66944-A6AC-4777-B46C-551004E68D3B}.Release|x64.ActiveCfg = Release|x64
		{16E66944-A6AC-4777-B46C-551004E68D3B}.Release|x64.Build.0 = Release|x64
		{16E66944-A6AC-4777-B46C-551004E68D3B}.Release|x86.ActiveCfg = Release|x86
		{16E66944-A6AC-4777-B46C-551004E68D3B}.Release|x86.Build.0 = Release|x86
		{6AC6FE63-157B-4B94-A178-663A576FD349}.Debug|Any CPU.ActiveCfg = Debug|x86
		{6AC6FE63-157B-4B94-A178-663A576FD349}.Debug|Any CPU.Build.0 = Debug|x86
		{6AC6FE63-157B-4B94-A178-663A576FD349}.Debug|ARM.ActiveCfg = Debug|ARM
		{6AC6FE63-157B-4B94-A178-663A576FD349}.Debug|ARM.Build.0 = Debug|ARM
		{6AC6FE63-157B-4B94-A178-663A576FD349}.Debug|x64.ActiveCfg = Debug|Any CPU
		{6AC6FE63-157B-4B94-A178-663A576FD349}.Debug|x86.ActiveCfg = Debug|x86
		{6AC6FE63-157B-4B94-A178-663A576FD349}.Debug|x86.Build.0 = Debug|x86
		{6AC6FE63-157B-4B94-A178-663A576FD349}.Release|Any CPU.ActiveCfg = Release|x86
		{6AC6FE63-157B-4B94-A178-663A576FD349}.Release|Any CPU.Build.0 = Release|x86
		{6AC6FE63-157B-4B94-A178-663A576FD349}.Release|ARM.ActiveCfg = Release|ARM
		{6AC6FE63-157B-4B94-A178-663A576FD349}.Release|ARM.Build.0 = Release|ARM
		{6AC6FE63-157B-4B94-A178-663A576FD349}.Release|x64.ActiveCfg = Release|Any CPU
		{6AC6FE63-157B-4B94-A178-663A576FD349}.Release|x86.ActiveCfg = Release|x86
		{6AC6FE63-157B-4B94-A178-663A576FD349}.Release|x86.Build.0 = Release|x86
		{2629BEBC-8158-418B-AA7D-B0A2F47095A5}.Debug|Any CPU.ActiveCfg = Debug|x86
		{2629BEBC-8158-418B-AA7D-B0A2F47095A5}.Debug|Any CPU.Build.0 = Debug|x86
		{2629BEBC-8158-418B-AA7D-B0A2F47095A5}.Debug|ARM.ActiveCfg = Debug|ARM
		{2629BEBC-8158-418B-AA7D-B0A2F47095A5}.Debug|ARM.Build.0 = Debug|ARM
		{2629BEBC-8158-418B-AA7D-B0A2F47095A5}.Debug|x64.ActiveCfg = Debug|x64
		{2629BEBC-8158-418B-AA7D-B0A2F47095A5}.Debug|x64.Build.0 = Debug|x64
		{2629BEBC-8158-418B-AA7D-B0A2F47095A5}.Debug|x86.ActiveCfg = Debug|x86
		{2629BEBC-8158-418B-AA7D-B0A2F47095A5}.Debug|x86.Build.0 = Debug|x86
		{2629BEBC-8158-418B-AA7D-B0A2F47095A5}.Release|Any CPU.ActiveCfg = Release|x86
		{2629BEBC-8158-418B-AA7D-B0A2F47095A5}.Release|Any CPU.Build.0 = Release|x86
		{2629BEBC-8158-418B-AA7D-B0A2F47095A5}.Release|ARM.ActiveCfg = Release|ARM
		{2629BEBC-8158-418B-AA7D-B0A2F47095A5}.Release|ARM.Build.0 = Release|ARM
		{2629BEBC-8158-418B-AA7D-B0A2F47095A5}.Release|x64.ActiveCfg = Release|x64
		{2629BEBC-8158-418B-AA7D-B0A2F47095A5}.Release|x64.Build.0 = Release|x64
		{2629BEBC-8158-418B-AA7D-B0A2F47095A5}.Release|x86.ActiveCfg = Release|x86
		{2629BEBC-8158-418B-AA7D-B0A2F47095A5}.Release|x86.Build.0 = Release|x86
	EndGlobalSection
	GlobalSection(SolutionProperties) = preSolution
		HideSolutionNode = FALSE
	EndGlobalSection
	GlobalSection(NestedProjects) = preSolution
		{9FD2F5F6-096F-41E7-87D7-942ACF779071} = {EE0AA15C-8ABB-4C81-9A62-265B2AA1DC58}
		{C6CA8BA8-B753-4F55-A602-70D397B91BA4} = {EE0AA15C-8ABB-4C81-9A62-265B2AA1DC58}
		{E9361AD7-79BC-4050-A65B-DCEEDCEABDBE} = {EE0AA15C-8ABB-4C81-9A62-265B2AA1DC58}
		{F5B18650-60CD-409F-9D64-63DE7B8BF0DA} = {209E2A63-3133-45B7-8381-F52588C3B1CD}
	EndGlobalSection
EndGlobal
