
Microsoft Visual Studio Solution File, Format Version 12.00
# Visual Studio 2012
Project("{2150E333-8FDC-42A3-9474-1A3956D46DE8}") = "AudienceInsight", "AudienceInsight", "{E8C20DC1-F283-4116-B120-1DAAB48144FC}"
EndProject
Project("{FAE04EC0-301F-11D3-BF4B-00C04F79EFBC}") = "Microsoft.WP8.AudienceInsight", "..\Microsoft.WP8.AudienceInsight.csproj", "{551B3879-D971-45FB-B0CF-246533FF3084}"
EndProject
Project("{2150E333-8FDC-42A3-9474-1A3956D46DE8}") = "PlayerFramework", "PlayerFramework", "{658E7022-15B5-49D5-87B4-F2C6C3C0DCE0}"
EndProject
Project("{FAE04EC0-301F-11D3-BF4B-00C04F79EFBC}") = "Microsoft.WP8.PlayerFramework.SL", "..\..\Phone.SL\Microsoft.WP8.PlayerFramework.SL.csproj", "{7D44BE21-5E5D-4CA0-8DF1-59B16122131C}"
EndProject
Project("{FAE04EC0-301F-11D3-BF4B-00C04F79EFBC}") = "Microsoft.WP8.PlayerFramework.SL.Adaptive", "..\..\Phone.SL.Adaptive\Microsoft.WP8.PlayerFramework.SL.Adaptive.csproj", "{70867DB8-A98B-4A2F-BA47-E44F2B4AD5A5}"
EndProject
Project("{FAE04EC0-301F-11D3-BF4B-00C04F79EFBC}") = "Microsoft.WP8.PlayerFramework.SL.Adaptive.Analytics", "..\..\Phone.SL.Adaptive.Analytics\Microsoft.WP8.PlayerFramework.SL.Adaptive.Analytics.csproj", "{16E729D7-0253-4C89-A0DA-1493865827E8}"
EndProject
Project("{FAE04EC0-301F-11D3-BF4B-00C04F79EFBC}") = "Microsoft.WP8.PlayerFramework.SL.Advertising", "..\..\Phone.SL.Advertising\Microsoft.WP8.PlayerFramework.SL.Advertising.csproj", "{05A03645-D1C1-4FB1-9DE9-BCD50DB01CC3}"
EndProject
Project("{FAE04EC0-301F-11D3-BF4B-00C04F79EFBC}") = "Microsoft.WP8.PlayerFramework.SL.Analytics", "..\..\Phone.SL.Analytics\Microsoft.WP8.PlayerFramework.SL.Analytics.csproj", "{F03BC1C2-BC5C-476D-A715-09DA916F9943}"
EndProject
Project("{FAE04EC0-301F-11D3-BF4B-00C04F79EFBC}") = "Microsoft.WP8.VideoAdvertising", "..\..\Phone.VideoAdvertising\Microsoft.WP8.VideoAdvertising.csproj", "{E9964EA2-4C37-4C00-9B59-278D5F4608BB}"
EndProject
Project("{FAE04EC0-301F-11D3-BF4B-00C04F79EFBC}") = "Microsoft.WP8.VideoAnalytics", "..\..\Phone.VideoAnalytics\Microsoft.WP8.VideoAnalytics.csproj", "{C9E36E2B-62F5-41AD-883A-597B6795D702}"
EndProject
Project("{FAE04EC0-301F-11D3-BF4B-00C04F79EFBC}") = "Microsoft.WP8.VideoAnalytics.AudienceInsight", "..\..\Phone.VideoAnalytics.AudienceInsight\Microsoft.WP8.VideoAnalytics.AudienceInsight.csproj", "{ECA38FD7-D3A9-4682-BD26-D7C96D98524D}"
EndProject
Project("{FAE04EC0-301F-11D3-BF4B-00C04F79EFBC}") = "Microsoft.WP8.VideoAnalytics.VideoAdvertising", "..\..\Phone.VideoAnalytics.VideoAdvertising\Microsoft.WP8.VideoAnalytics.VideoAdvertising.csproj", "{4BA5FC44-B99F-4977-A355-D158B9396B04}"
EndProject
Project("{FAE04EC0-301F-11D3-BF4B-00C04F79EFBC}") = "PlayerFrameworkSample", "PlayerFrameworkSample\PlayerFrameworkSample.csproj", "{C4F6D8ED-76F3-4958-A67E-8C6D84561891}"
EndProject
Project("{FAE04EC0-301F-11D3-BF4B-00C04F79EFBC}") = "StandaloneSample", "StandaloneSample\StandaloneSample.csproj", "{676D236F-4336-4A97-8568-A416DD96CFCC}"
EndProject
Global
	GlobalSection(SolutionConfigurationPlatforms) = preSolution
		Debug|Any CPU = Debug|Any CPU
		Debug|ARM = Debug|ARM
		Debug|x86 = Debug|x86
		Release|Any CPU = Release|Any CPU
		Release|ARM = Release|ARM
		Release|x86 = Release|x86
	EndGlobalSection
	GlobalSection(ProjectConfigurationPlatforms) = postSolution
		{551B3879-D971-45FB-B0CF-246533FF3084}.Debug|Any CPU.ActiveCfg = Debug|Any CPU
		{551B3879-D971-45FB-B0CF-246533FF3084}.Debug|Any CPU.Build.0 = Debug|Any CPU
		{551B3879-D971-45FB-B0CF-246533FF3084}.Debug|ARM.ActiveCfg = Debug|ARM
		{551B3879-D971-45FB-B0CF-246533FF3084}.Debug|ARM.Build.0 = Debug|ARM
		{551B3879-D971-45FB-B0CF-246533FF3084}.Debug|x86.ActiveCfg = Debug|x86
		{551B3879-D971-45FB-B0CF-246533FF3084}.Debug|x86.Build.0 = Debug|x86
		{551B3879-D971-45FB-B0CF-246533FF3084}.Release|Any CPU.ActiveCfg = Release|Any CPU
		{551B3879-D971-45FB-B0CF-246533FF3084}.Release|Any CPU.Build.0 = Release|Any CPU
		{551B3879-D971-45FB-B0CF-246533FF3084}.Release|ARM.ActiveCfg = Release|ARM
		{551B3879-D971-45FB-B0CF-246533FF3084}.Release|ARM.Build.0 = Release|ARM
		{551B3879-D971-45FB-B0CF-246533FF3084}.Release|x86.ActiveCfg = Release|x86
		{551B3879-D971-45FB-B0CF-246533FF3084}.Release|x86.Build.0 = Release|x86
		{7D44BE21-5E5D-4CA0-8DF1-59B16122131C}.Debug|Any CPU.ActiveCfg = Debug|Any CPU
		{7D44BE21-5E5D-4CA0-8DF1-59B16122131C}.Debug|Any CPU.Build.0 = Debug|Any CPU
		{7D44BE21-5E5D-4CA0-8DF1-59B16122131C}.Debug|ARM.ActiveCfg = Debug|ARM
		{7D44BE21-5E5D-4CA0-8DF1-59B16122131C}.Debug|ARM.Build.0 = Debug|ARM
		{7D44BE21-5E5D-4CA0-8DF1-59B16122131C}.Debug|x86.ActiveCfg = Debug|x86
		{7D44BE21-5E5D-4CA0-8DF1-59B16122131C}.Debug|x86.Build.0 = Debug|x86
		{7D44BE21-5E5D-4CA0-8DF1-59B16122131C}.Release|Any CPU.ActiveCfg = Release|Any CPU
		{7D44BE21-5E5D-4CA0-8DF1-59B16122131C}.Release|Any CPU.Build.0 = Release|Any CPU
		{7D44BE21-5E5D-4CA0-8DF1-59B16122131C}.Release|ARM.ActiveCfg = Release|ARM
		{7D44BE21-5E5D-4CA0-8DF1-59B16122131C}.Release|ARM.Build.0 = Release|ARM
		{7D44BE21-5E5D-4CA0-8DF1-59B16122131C}.Release|x86.ActiveCfg = Release|x86
		{7D44BE21-5E5D-4CA0-8DF1-59B16122131C}.Release|x86.Build.0 = Release|x86
		{70867DB8-A98B-4A2F-BA47-E44F2B4AD5A5}.Debug|Any CPU.ActiveCfg = Debug|Any CPU
		{70867DB8-A98B-4A2F-BA47-E44F2B4AD5A5}.Debug|Any CPU.Build.0 = Debug|Any CPU
		{70867DB8-A98B-4A2F-BA47-E44F2B4AD5A5}.Debug|ARM.ActiveCfg = Debug|ARM
		{70867DB8-A98B-4A2F-BA47-E44F2B4AD5A5}.Debug|ARM.Build.0 = Debug|ARM
		{70867DB8-A98B-4A2F-BA47-E44F2B4AD5A5}.Debug|x86.ActiveCfg = Debug|x86
		{70867DB8-A98B-4A2F-BA47-E44F2B4AD5A5}.Debug|x86.Build.0 = Debug|x86
		{70867DB8-A98B-4A2F-BA47-E44F2B4AD5A5}.Release|Any CPU.ActiveCfg = Release|Any CPU
		{70867DB8-A98B-4A2F-BA47-E44F2B4AD5A5}.Release|Any CPU.Build.0 = Release|Any CPU
		{70867DB8-A98B-4A2F-BA47-E44F2B4AD5A5}.Release|ARM.ActiveCfg = Release|ARM
		{70867DB8-A98B-4A2F-BA47-E44F2B4AD5A5}.Release|ARM.Build.0 = Release|ARM
		{70867DB8-A98B-4A2F-BA47-E44F2B4AD5A5}.Release|x86.ActiveCfg = Release|x86
		{70867DB8-A98B-4A2F-BA47-E44F2B4AD5A5}.Release|x86.Build.0 = Release|x86
		{16E729D7-0253-4C89-A0DA-1493865827E8}.Debug|Any CPU.ActiveCfg = Debug|Any CPU
		{16E729D7-0253-4C89-A0DA-1493865827E8}.Debug|Any CPU.Build.0 = Debug|Any CPU
		{16E729D7-0253-4C89-A0DA-1493865827E8}.Debug|ARM.ActiveCfg = Debug|ARM
		{16E729D7-0253-4C89-A0DA-1493865827E8}.Debug|ARM.Build.0 = Debug|ARM
		{16E729D7-0253-4C89-A0DA-1493865827E8}.Debug|x86.ActiveCfg = Debug|x86
		{16E729D7-0253-4C89-A0DA-1493865827E8}.Debug|x86.Build.0 = Debug|x86
		{16E729D7-0253-4C89-A0DA-1493865827E8}.Release|Any CPU.ActiveCfg = Release|Any CPU
		{16E729D7-0253-4C89-A0DA-1493865827E8}.Release|Any CPU.Build.0 = Release|Any CPU
		{16E729D7-0253-4C89-A0DA-1493865827E8}.Release|ARM.ActiveCfg = Release|ARM
		{16E729D7-0253-4C89-A0DA-1493865827E8}.Release|ARM.Build.0 = Release|ARM
		{16E729D7-0253-4C89-A0DA-1493865827E8}.Release|x86.ActiveCfg = Release|x86
		{16E729D7-0253-4C89-A0DA-1493865827E8}.Release|x86.Build.0 = Release|x86
		{05A03645-D1C1-4FB1-9DE9-BCD50DB01CC3}.Debug|Any CPU.ActiveCfg = Debug|Any CPU
		{05A03645-D1C1-4FB1-9DE9-BCD50DB01CC3}.Debug|Any CPU.Build.0 = Debug|Any CPU
		{05A03645-D1C1-4FB1-9DE9-BCD50DB01CC3}.Debug|ARM.ActiveCfg = Debug|ARM
		{05A03645-D1C1-4FB1-9DE9-BCD50DB01CC3}.Debug|ARM.Build.0 = Debug|ARM
		{05A03645-D1C1-4FB1-9DE9-BCD50DB01CC3}.Debug|x86.ActiveCfg = Debug|x86
		{05A03645-D1C1-4FB1-9DE9-BCD50DB01CC3}.Debug|x86.Build.0 = Debug|x86
		{05A03645-D1C1-4FB1-9DE9-BCD50DB01CC3}.Release|Any CPU.ActiveCfg = Release|Any CPU
		{05A03645-D1C1-4FB1-9DE9-BCD50DB01CC3}.Release|Any CPU.Build.0 = Release|Any CPU
		{05A03645-D1C1-4FB1-9DE9-BCD50DB01CC3}.Release|ARM.ActiveCfg = Release|ARM
		{05A03645-D1C1-4FB1-9DE9-BCD50DB01CC3}.Release|ARM.Build.0 = Release|ARM
		{05A03645-D1C1-4FB1-9DE9-BCD50DB01CC3}.Release|x86.ActiveCfg = Release|x86
		{05A03645-D1C1-4FB1-9DE9-BCD50DB01CC3}.Release|x86.Build.0 = Release|x86
		{F03BC1C2-BC5C-476D-A715-09DA916F9943}.Debug|Any CPU.ActiveCfg = Debug|Any CPU
		{F03BC1C2-BC5C-476D-A715-09DA916F9943}.Debug|Any CPU.Build.0 = Debug|Any CPU
		{F03BC1C2-BC5C-476D-A715-09DA916F9943}.Debug|ARM.ActiveCfg = Debug|ARM
		{F03BC1C2-BC5C-476D-A715-09DA916F9943}.Debug|ARM.Build.0 = Debug|ARM
		{F03BC1C2-BC5C-476D-A715-09DA916F9943}.Debug|x86.ActiveCfg = Debug|x86
		{F03BC1C2-BC5C-476D-A715-09DA916F9943}.Debug|x86.Build.0 = Debug|x86
		{F03BC1C2-BC5C-476D-A715-09DA916F9943}.Release|Any CPU.ActiveCfg = Release|Any CPU
		{F03BC1C2-BC5C-476D-A715-09DA916F9943}.Release|Any CPU.Build.0 = Release|Any CPU
		{F03BC1C2-BC5C-476D-A715-09DA916F9943}.Release|ARM.ActiveCfg = Release|ARM
		{F03BC1C2-BC5C-476D-A715-09DA916F9943}.Release|ARM.Build.0 = Release|ARM
		{F03BC1C2-BC5C-476D-A715-09DA916F9943}.Release|x86.ActiveCfg = Release|x86
		{F03BC1C2-BC5C-476D-A715-09DA916F9943}.Release|x86.Build.0 = Release|x86
		{E9964EA2-4C37-4C00-9B59-278D5F4608BB}.Debug|Any CPU.ActiveCfg = Debug|Any CPU
		{E9964EA2-4C37-4C00-9B59-278D5F4608BB}.Debug|Any CPU.Build.0 = Debug|Any CPU
		{E9964EA2-4C37-4C00-9B59-278D5F4608BB}.Debug|ARM.ActiveCfg = Debug|ARM
		{E9964EA2-4C37-4C00-9B59-278D5F4608BB}.Debug|ARM.Build.0 = Debug|ARM
		{E9964EA2-4C37-4C00-9B59-278D5F4608BB}.Debug|x86.ActiveCfg = Debug|x86
		{E9964EA2-4C37-4C00-9B59-278D5F4608BB}.Debug|x86.Build.0 = Debug|x86
		{E9964EA2-4C37-4C00-9B59-278D5F4608BB}.Release|Any CPU.ActiveCfg = Release|Any CPU
		{E9964EA2-4C37-4C00-9B59-278D5F4608BB}.Release|Any CPU.Build.0 = Release|Any CPU
		{E9964EA2-4C37-4C00-9B59-278D5F4608BB}.Release|ARM.ActiveCfg = Release|ARM
		{E9964EA2-4C37-4C00-9B59-278D5F4608BB}.Release|ARM.Build.0 = Release|ARM
		{E9964EA2-4C37-4C00-9B59-278D5F4608BB}.Release|x86.ActiveCfg = Release|x86
		{E9964EA2-4C37-4C00-9B59-278D5F4608BB}.Release|x86.Build.0 = Release|x86
		{C9E36E2B-62F5-41AD-883A-597B6795D702}.Debug|Any CPU.ActiveCfg = Debug|Any CPU
		{C9E36E2B-62F5-41AD-883A-597B6795D702}.Debug|Any CPU.Build.0 = Debug|Any CPU
		{C9E36E2B-62F5-41AD-883A-597B6795D702}.Debug|ARM.ActiveCfg = Debug|ARM
		{C9E36E2B-62F5-41AD-883A-597B6795D702}.Debug|ARM.Build.0 = Debug|ARM
		{C9E36E2B-62F5-41AD-883A-597B6795D702}.Debug|x86.ActiveCfg = Debug|x86
		{C9E36E2B-62F5-41AD-883A-597B6795D702}.Debug|x86.Build.0 = Debug|x86
		{C9E36E2B-62F5-41AD-883A-597B6795D702}.Release|Any CPU.ActiveCfg = Release|Any CPU
		{C9E36E2B-62F5-41AD-883A-597B6795D702}.Release|Any CPU.Build.0 = Release|Any CPU
		{C9E36E2B-62F5-41AD-883A-597B6795D702}.Release|ARM.ActiveCfg = Release|ARM
		{C9E36E2B-62F5-41AD-883A-597B6795D702}.Release|ARM.Build.0 = Release|ARM
		{C9E36E2B-62F5-41AD-883A-597B6795D702}.Release|x86.ActiveCfg = Release|x86
		{C9E36E2B-62F5-41AD-883A-597B6795D702}.Release|x86.Build.0 = Release|x86
		{ECA38FD7-D3A9-4682-BD26-D7C96D98524D}.Debug|Any CPU.ActiveCfg = Debug|Any CPU
		{ECA38FD7-D3A9-4682-BD26-D7C96D98524D}.Debug|Any CPU.Build.0 = Debug|Any CPU
		{ECA38FD7-D3A9-4682-BD26-D7C96D98524D}.Debug|ARM.ActiveCfg = Debug|ARM
		{ECA38FD7-D3A9-4682-BD26-D7C96D98524D}.Debug|ARM.Build.0 = Debug|ARM
		{ECA38FD7-D3A9-4682-BD26-D7C96D98524D}.Debug|x86.ActiveCfg = Debug|x86
		{ECA38FD7-D3A9-4682-BD26-D7C96D98524D}.Debug|x86.Build.0 = Debug|x86
		{ECA38FD7-D3A9-4682-BD26-D7C96D98524D}.Release|Any CPU.ActiveCfg = Release|Any CPU
		{ECA38FD7-D3A9-4682-BD26-D7C96D98524D}.Release|Any CPU.Build.0 = Release|Any CPU
		{ECA38FD7-D3A9-4682-BD26-D7C96D98524D}.Release|ARM.ActiveCfg = Release|ARM
		{ECA38FD7-D3A9-4682-BD26-D7C96D98524D}.Release|ARM.Build.0 = Release|ARM
		{ECA38FD7-D3A9-4682-BD26-D7C96D98524D}.Release|x86.ActiveCfg = Release|x86
		{ECA38FD7-D3A9-4682-BD26-D7C96D98524D}.Release|x86.Build.0 = Release|x86
		{4BA5FC44-B99F-4977-A355-D158B9396B04}.Debug|Any CPU.ActiveCfg = Debug|Any CPU
		{4BA5FC44-B99F-4977-A355-D158B9396B04}.Debug|Any CPU.Build.0 = Debug|Any CPU
		{4BA5FC44-B99F-4977-A355-D158B9396B04}.Debug|ARM.ActiveCfg = Debug|ARM
		{4BA5FC44-B99F-4977-A355-D158B9396B04}.Debug|ARM.Build.0 = Debug|ARM
		{4BA5FC44-B99F-4977-A355-D158B9396B04}.Debug|x86.ActiveCfg = Debug|x86
		{4BA5FC44-B99F-4977-A355-D158B9396B04}.Debug|x86.Build.0 = Debug|x86
		{4BA5FC44-B99F-4977-A355-D158B9396B04}.Release|Any CPU.ActiveCfg = Release|Any CPU
		{4BA5FC44-B99F-4977-A355-D158B9396B04}.Release|Any CPU.Build.0 = Release|Any CPU
		{4BA5FC44-B99F-4977-A355-D158B9396B04}.Release|ARM.ActiveCfg = Release|ARM
		{4BA5FC44-B99F-4977-A355-D158B9396B04}.Release|ARM.Build.0 = Release|ARM
		{4BA5FC44-B99F-4977-A355-D158B9396B04}.Release|x86.ActiveCfg = Release|x86
		{4BA5FC44-B99F-4977-A355-D158B9396B04}.Release|x86.Build.0 = Release|x86
		{C4F6D8ED-76F3-4958-A67E-8C6D84561891}.Debug|Any CPU.ActiveCfg = Debug|Any CPU
		{C4F6D8ED-76F3-4958-A67E-8C6D84561891}.Debug|Any CPU.Build.0 = Debug|Any CPU
		{C4F6D8ED-76F3-4958-A67E-8C6D84561891}.Debug|Any CPU.Deploy.0 = Debug|Any CPU
		{C4F6D8ED-76F3-4958-A67E-8C6D84561891}.Debug|ARM.ActiveCfg = Debug|ARM
		{C4F6D8ED-76F3-4958-A67E-8C6D84561891}.Debug|ARM.Build.0 = Debug|ARM
		{C4F6D8ED-76F3-4958-A67E-8C6D84561891}.Debug|ARM.Deploy.0 = Debug|ARM
		{C4F6D8ED-76F3-4958-A67E-8C6D84561891}.Debug|x86.ActiveCfg = Debug|x86
		{C4F6D8ED-76F3-4958-A67E-8C6D84561891}.Debug|x86.Build.0 = Debug|x86
		{C4F6D8ED-76F3-4958-A67E-8C6D84561891}.Debug|x86.Deploy.0 = Debug|x86
		{C4F6D8ED-76F3-4958-A67E-8C6D84561891}.Release|Any CPU.ActiveCfg = Release|Any CPU
		{C4F6D8ED-76F3-4958-A67E-8C6D84561891}.Release|Any CPU.Build.0 = Release|Any CPU
		{C4F6D8ED-76F3-4958-A67E-8C6D84561891}.Release|Any CPU.Deploy.0 = Release|Any CPU
		{C4F6D8ED-76F3-4958-A67E-8C6D84561891}.Release|ARM.ActiveCfg = Release|ARM
		{C4F6D8ED-76F3-4958-A67E-8C6D84561891}.Release|ARM.Build.0 = Release|ARM
		{C4F6D8ED-76F3-4958-A67E-8C6D84561891}.Release|ARM.Deploy.0 = Release|ARM
		{C4F6D8ED-76F3-4958-A67E-8C6D84561891}.Release|x86.ActiveCfg = Release|x86
		{C4F6D8ED-76F3-4958-A67E-8C6D84561891}.Release|x86.Build.0 = Release|x86
		{C4F6D8ED-76F3-4958-A67E-8C6D84561891}.Release|x86.Deploy.0 = Release|x86
		{676D236F-4336-4A97-8568-A416DD96CFCC}.Debug|Any CPU.ActiveCfg = Debug|Any CPU
		{676D236F-4336-4A97-8568-A416DD96CFCC}.Debug|Any CPU.Build.0 = Debug|Any CPU
		{676D236F-4336-4A97-8568-A416DD96CFCC}.Debug|Any CPU.Deploy.0 = Debug|Any CPU
		{676D236F-4336-4A97-8568-A416DD96CFCC}.Debug|ARM.ActiveCfg = Debug|ARM
		{676D236F-4336-4A97-8568-A416DD96CFCC}.Debug|ARM.Build.0 = Debug|ARM
		{676D236F-4336-4A97-8568-A416DD96CFCC}.Debug|ARM.Deploy.0 = Debug|ARM
		{676D236F-4336-4A97-8568-A416DD96CFCC}.Debug|x86.ActiveCfg = Debug|x86
		{676D236F-4336-4A97-8568-A416DD96CFCC}.Debug|x86.Build.0 = Debug|x86
		{676D236F-4336-4A97-8568-A416DD96CFCC}.Debug|x86.Deploy.0 = Debug|x86
		{676D236F-4336-4A97-8568-A416DD96CFCC}.Release|Any CPU.ActiveCfg = Release|Any CPU
		{676D236F-4336-4A97-8568-A416DD96CFCC}.Release|Any CPU.Build.0 = Release|Any CPU
		{676D236F-4336-4A97-8568-A416DD96CFCC}.Release|Any CPU.Deploy.0 = Release|Any CPU
		{676D236F-4336-4A97-8568-A416DD96CFCC}.Release|ARM.ActiveCfg = Release|ARM
		{676D236F-4336-4A97-8568-A416DD96CFCC}.Release|ARM.Build.0 = Release|ARM
		{676D236F-4336-4A97-8568-A416DD96CFCC}.Release|ARM.Deploy.0 = Release|ARM
		{676D236F-4336-4A97-8568-A416DD96CFCC}.Release|x86.ActiveCfg = Release|x86
		{676D236F-4336-4A97-8568-A416DD96CFCC}.Release|x86.Build.0 = Release|x86
		{676D236F-4336-4A97-8568-A416DD96CFCC}.Release|x86.Deploy.0 = Release|x86
	EndGlobalSection
	GlobalSection(SolutionProperties) = preSolution
		HideSolutionNode = FALSE
	EndGlobalSection
	GlobalSection(NestedProjects) = preSolution
		{551B3879-D971-45FB-B0CF-246533FF3084} = {E8C20DC1-F283-4116-B120-1DAAB48144FC}
		{7D44BE21-5E5D-4CA0-8DF1-59B16122131C} = {658E7022-15B5-49D5-87B4-F2C6C3C0DCE0}
		{70867DB8-A98B-4A2F-BA47-E44F2B4AD5A5} = {658E7022-15B5-49D5-87B4-F2C6C3C0DCE0}
		{16E729D7-0253-4C89-A0DA-1493865827E8} = {658E7022-15B5-49D5-87B4-F2C6C3C0DCE0}
		{05A03645-D1C1-4FB1-9DE9-BCD50DB01CC3} = {658E7022-15B5-49D5-87B4-F2C6C3C0DCE0}
		{F03BC1C2-BC5C-476D-A715-09DA916F9943} = {658E7022-15B5-49D5-87B4-F2C6C3C0DCE0}
		{E9964EA2-4C37-4C00-9B59-278D5F4608BB} = {658E7022-15B5-49D5-87B4-F2C6C3C0DCE0}
		{C9E36E2B-62F5-41AD-883A-597B6795D702} = {658E7022-15B5-49D5-87B4-F2C6C3C0DCE0}
		{ECA38FD7-D3A9-4682-BD26-D7C96D98524D} = {658E7022-15B5-49D5-87B4-F2C6C3C0DCE0}
		{4BA5FC44-B99F-4977-A355-D158B9396B04} = {658E7022-15B5-49D5-87B4-F2C6C3C0DCE0}
	EndGlobalSection
EndGlobal
